{
  "version": 4,
  "terraform_version": "1.10.0",
  "serial": 113,
  "lineage": "656238a0-8b43-187d-accd-64b374eb15bd",
  "outputs": {
    "kubeconfig": {
      "value": "apiVersion: v1\nclusters:\n- cluster:\n    certificate-authority-data: LS0tLS1CRUdJTiBDRVJUSUZJQ0FURS0tLS0tCk1JSUJlRENDQVIyZ0F3SUJBZ0lCQURBS0JnZ3Foa2pPUFFRREFqQWpNU0V3SHdZRFZRUUREQmhyTTNNdGMyVnkKZG1WeUxXTmhRREUzTXpNME5EUXpOall3SGhjTk1qUXhNakEyTURBeE9USTJXaGNOTXpReE1qQTBNREF4T1RJMgpXakFqTVNFd0h3WURWUVFEREJock0zTXRjMlZ5ZG1WeUxXTmhRREUzTXpNME5EUXpOall3V1RBVEJnY3Foa2pPClBRSUJCZ2dxaGtqT1BRTUJCd05DQUFUWks4UytQQ1d2RXQxRXJ5a0ZHZ2Z5YktKeHJsNEtqUmJZUm1CNjVTU1gKRFFSb1lpcVdvaVkzY1p5bzBXUnFIT1FGZGRHREpZcjU0aDNlM1RLUXVuUC9vMEl3UURBT0JnTlZIUThCQWY4RQpCQU1DQXFRd0R3WURWUjBUQVFIL0JBVXdBd0VCL3pBZEJnTlZIUTRFRmdRVWErd2VQWEk5Sm1BUkNneStENEhQCkZEVWdFTFF3Q2dZSUtvWkl6ajBFQXdJRFNRQXdSZ0loQU52eFIwU2ZjWHpuZnBKbXlmUXlaaTZRV2FtUmNiR1AKcUpOOGtkQkQzeXp0QWlFQW8rVWZ4ZnBoYU12MFQ2ai9hMld2Vm5GODBNaDVSbnhhM29nTWlXNmFFdzQ9Ci0tLS0tRU5EIENFUlRJRklDQVRFLS0tLS0K\n    server: https://49.13.128.189:6443\n  name: k3s\ncontexts:\n- context:\n    cluster: k3s\n    user: k3s\n  name: k3s\ncurrent-context: k3s\nkind: Config\npreferences: {}\nusers:\n- name: k3s\n  user:\n    client-certificate-data: LS0tLS1CRUdJTiBDRVJUSUZJQ0FURS0tLS0tCk1JSUJrakNDQVRlZ0F3SUJBZ0lJTkYwbGU3RjBvVXN3Q2dZSUtvWkl6ajBFQXdJd0l6RWhNQjhHQTFVRUF3d1kKYXpOekxXTnNhV1Z1ZEMxallVQXhOek16TkRRME16WTJNQjRYRFRJME1USXdOakF3TVRreU5sb1hEVEkxTVRJdwpOakF3TVRreU5sb3dNREVYTUJVR0ExVUVDaE1PYzNsemRHVnRPbTFoYzNSbGNuTXhGVEFUQmdOVkJBTVRESE41CmMzUmxiVHBoWkcxcGJqQlpNQk1HQnlxR1NNNDlBZ0VHQ0NxR1NNNDlBd0VIQTBJQUJMWjE1R0hrdWw1R3lPczgKMTlIelJEMzR5WDJ3MkZyK212cU5ud0xlWlQvZC8vcmo5aE5JK2k4RU13cjh5QWVIRXlvQXFjQXJVWWVyVm8rNQo3ekl2eHRpalNEQkdNQTRHQTFVZER3RUIvd1FFQXdJRm9EQVRCZ05WSFNVRUREQUtCZ2dyQmdFRkJRY0RBakFmCkJnTlZIU01FR0RBV2dCU3RZV00zVGc2MzVxS3FIMTBhSkxGeWNGaTR1REFLQmdncWhrak9QUVFEQWdOSkFEQkcKQWlFQS9iUDB6SnNJdjlpQVhNTC9rdVAxL1pGZG16M0dab0hnSG8yUk8wcVJaclFDSVFDY1hHSS9wUnQ3WVhhaApJRmQ3Z2pBNW9uZmdNcXVKRXVqMmhxZ3FYZ1BhOWc9PQotLS0tLUVORCBDRVJUSUZJQ0FURS0tLS0tCi0tLS0tQkVHSU4gQ0VSVElGSUNBVEUtLS0tLQpNSUlCZGpDQ0FSMmdBd0lCQWdJQkFEQUtCZ2dxaGtqT1BRUURBakFqTVNFd0h3WURWUVFEREJock0zTXRZMnhwClpXNTBMV05oUURFM016TTBORFF6TmpZd0hoY05NalF4TWpBMk1EQXhPVEkyV2hjTk16UXhNakEwTURBeE9USTIKV2pBak1TRXdId1lEVlFRRERCaHJNM010WTJ4cFpXNTBMV05oUURFM016TTBORFF6TmpZd1dUQVRCZ2NxaGtqTwpQUUlCQmdncWhrak9QUU1CQndOQ0FBUy9FNVJEWUNBc3hJd0tWWVF0M1lHTTFVcUtYaVQ3RStLN3pVZnN4OHJ1Ck0rWWxtbVM5b3BCVktpdXppaFhhN1ArZkR0NzF1RkovdnpZeEdRQjRYdXhKbzBJd1FEQU9CZ05WSFE4QkFmOEUKQkFNQ0FxUXdEd1lEVlIwVEFRSC9CQVV3QXdFQi96QWRCZ05WSFE0RUZnUVVyV0ZqTjA0T3QrYWlxaDlkR2lTeApjbkJZdUxnd0NnWUlLb1pJemowRUF3SURSd0F3UkFJZ1ZnRS80WDVaNEJlOGFacWVvSHlPZ3hoWFhEeWY0M1JqCjJoc3NZbXR4RkQwQ0lFemdobVlTdk9maUsyZDFXUE5MVFhPQWl0NDJQQnBraEVKMmtkTnRvdGc3Ci0tLS0tRU5EIENFUlRJRklDQVRFLS0tLS0K\n    client-key-data: LS0tLS1CRUdJTiBFQyBQUklWQVRFIEtFWS0tLS0tCk1IY0NBUUVFSURnUWdNYXQzNWJEWEhOYnBXS3FTTEFJckxJbCtWYS96NUliM1Axb2QyQ3JvQW9HQ0NxR1NNNDkKQXdFSG9VUURRZ0FFdG5Ya1llUzZYa2JJNnp6WDBmTkVQZmpKZmJEWVd2NmErbzJmQXQ1bFA5My8rdVAyRTBqNgpMd1F6Q3Z6SUI0Y1RLZ0Nwd0N0Umg2dFdqN252TWkvRzJBPT0KLS0tLS1FTkQgRUMgUFJJVkFURSBLRVktLS0tLQo=\n",
      "type": "string",
      "sensitive": true
    }
  },
  "resources": [
    {
      "module": "module.kube-hetzner",
      "mode": "data",
      "type": "github_release",
      "name": "hetzner_ccm",
      "provider": "provider[\"registry.terraform.io/integrations/github\"]",
      "instances": [
        {
          "index_key": 0,
          "schema_version": 0,
          "attributes": {
            "asserts_url": "https://api.github.com/repos/hetznercloud/hcloud-cloud-controller-manager/releases/187501177/assets",
            "assets": [
              {
                "browser_download_url": "https://github.com/hetznercloud/hcloud-cloud-controller-manager/releases/download/v1.21.0/ccm-networks.yaml",
                "content_type": "application/x-yaml",
                "created_at": "2024-11-26 10:31:48 +0000 UTC",
                "id": 209149684,
                "label": "",
                "name": "ccm-networks.yaml",
                "node_id": "RA_kwDOBxR_Mc4Md170",
                "size": 3133,
                "updated_at": "2024-11-26 10:31:48 +0000 UTC",
                "url": "https://api.github.com/repos/hetznercloud/hcloud-cloud-controller-manager/releases/assets/209149684"
              },
              {
                "browser_download_url": "https://github.com/hetznercloud/hcloud-cloud-controller-manager/releases/download/v1.21.0/ccm.yaml",
                "content_type": "application/x-yaml",
                "created_at": "2024-11-26 10:31:48 +0000 UTC",
                "id": 209149683,
                "label": "",
                "name": "ccm.yaml",
                "node_id": "RA_kwDOBxR_Mc4Md17z",
                "size": 2869,
                "updated_at": "2024-11-26 10:31:48 +0000 UTC",
                "url": "https://api.github.com/repos/hetznercloud/hcloud-cloud-controller-manager/releases/assets/209149683"
              },
              {
                "browser_download_url": "https://github.com/hetznercloud/hcloud-cloud-controller-manager/releases/download/v1.21.0/hcloud-cloud-controller-manager-1.21.0.tgz",
                "content_type": "application/x-compressed-tar",
                "created_at": "2024-11-26 10:31:48 +0000 UTC",
                "id": 209149681,
                "label": "",
                "name": "hcloud-cloud-controller-manager-1.21.0.tgz",
                "node_id": "RA_kwDOBxR_Mc4Md17x",
                "size": 5350,
                "updated_at": "2024-11-26 10:31:48 +0000 UTC",
                "url": "https://api.github.com/repos/hetznercloud/hcloud-cloud-controller-manager/releases/assets/209149681"
              },
              {
                "browser_download_url": "https://github.com/hetznercloud/hcloud-cloud-controller-manager/releases/download/v1.21.0/hcloud-cloud-controller-manager_1.21.0_checksums.txt",
                "content_type": "text/plain; charset=utf-8",
                "created_at": "2024-11-26 10:31:48 +0000 UTC",
                "id": 209149682,
                "label": "",
                "name": "hcloud-cloud-controller-manager_1.21.0_checksums.txt",
                "node_id": "RA_kwDOBxR_Mc4Md17y",
                "size": 372,
                "updated_at": "2024-11-26 10:31:48 +0000 UTC",
                "url": "https://api.github.com/repos/hetznercloud/hcloud-cloud-controller-manager/releases/assets/209149682"
              }
            ],
            "assets_url": "https://api.github.com/repos/hetznercloud/hcloud-cloud-controller-manager/releases/187501177/assets",
            "body": "### Feature Highlights \u0026amp; Upgrade Notes\n\n#### Load Balancer IPs set to Private IPs\n\nIf networking support is enabled, the load balancer IPs are now populated with the private IPs, unless the `load-balancer.hetzner.cloud/disable-private-ingress` annotation is set to `true`. Please make sure that you configured the annotation according to your needs, for example if you are using `external-dns`.\n\n#### Provided-By Label\n\nWe introduced a the label `instance.hetzner.cloud/provided-by`, which will be automatically added to all **new** nodes. This label can have the values `cloud` or `robot` to distinguish between our products. We use this label in the csi-driver to ensure the daemonset is only running on cloud nodes. We recommend to add this label to your existing nodes with the appropriate value.\n\n- `kubectl label node $CLOUD_NODE_NAME instance.hetzner.cloud/provided-by=cloud`\n- `kubectl label node $ROBOT_NODE_NAME instance.hetzner.cloud/provided-by=robot`\n\n#### Load Balancer IPMode Proxy\n\nKubernetes KEP-1860 added a new field to the Load Balancer Service Status that allows us to mark if the IP address we add should be considered as a Proxy (always send traffic here) and VIP (allow optimization by keeping the traffic in the cluster).\n\nPreviously Kubernetes considered all IPs as VIP, which caused issues when when the PROXY protocol was in use. We have previously recommended to use the annotation `load-balancer.hetzner.cloud/hostname` to workaround this problem.\n\nWe now set the new field to `Proxy` if the PROXY protocol is active so the issue should no longer appear. If you  only added the `load-balancer.hetzner.cloud/hostname` annotation for this problem, you can remove it after upgrading.\n\nFurther information:\n\n- https://github.com/kubernetes/enhancements/issues/1860\n- https://github.com/hetznercloud/hcloud-cloud-controller-manager/issues/160#issuecomment-788638132\n\n### Features\n\n- **service**: Specify private ip for loadbalancer (#724)\n- add support \u0026amp; tests for Kubernetes 1.31 (#747)\n- **helm**: allow setting extra pod volumes via chart values  (#744)\n- **instance**: add label to distinguish servers from Cloud and Robot (#764)\n- emit event when robot server name and node name mismatch (#773)\n- **load-balancer**: Set IPMode to \u0026#34;Proxy\u0026#34; if load balancer is configured to use proxy protocol (#727) (#783)\n- **routes**: emit warning if cluster cidr is misconfigured (#793)\n- **load-balancer**: ignore nodes that don\u0026#39;t use known provider IDs (#780)\n- drop tests for kubernetes v1.27 and v1.28\n\n### Bug Fixes\n\n- populate ingress private ip when disable-private-ingress is false (#715)\n- wrong version logged on startup (#729)\n- invalid characters in label instance-type of robot servers (#770)\n- no events are emitted as broadcaster has no sink configured (#774)\n\n### Kubernetes Support\n\nThis version was tested with Kubernetes 1.29 - 1.31. Furthermore, we dropped v1.27 and v1.28 support.\n",
            "created_at": "2024-11-26 10:26:15 +0000 UTC",
            "draft": false,
            "html_url": "https://github.com/hetznercloud/hcloud-cloud-controller-manager/releases/tag/v1.21.0",
            "id": "187501177",
            "name": "v1.21.0",
            "owner": "hetznercloud",
            "prerelease": false,
            "published_at": "2024-11-26 10:26:51 +0000 UTC",
            "release_id": null,
            "release_tag": "v1.21.0",
            "repository": "hcloud-cloud-controller-manager",
            "retrieve_by": "latest",
            "tarball_url": "https://api.github.com/repos/hetznercloud/hcloud-cloud-controller-manager/tarball/v1.21.0",
            "target_commitish": "23167695206461143c07a29288f2c6812133c5f4",
            "upload_url": "https://uploads.github.com/repos/hetznercloud/hcloud-cloud-controller-manager/releases/187501177/assets{?name,label}",
            "url": "https://api.github.com/repos/hetznercloud/hcloud-cloud-controller-manager/releases/187501177",
            "zipball_url": "https://api.github.com/repos/hetznercloud/hcloud-cloud-controller-manager/zipball/v1.21.0"
          },
          "sensitive_attributes": []
        }
      ]
    },
    {
      "module": "module.kube-hetzner",
      "mode": "data",
      "type": "github_release",
      "name": "hetzner_csi",
      "provider": "provider[\"registry.terraform.io/integrations/github\"]",
      "instances": [
        {
          "index_key": 0,
          "schema_version": 0,
          "attributes": {
            "asserts_url": "https://api.github.com/repos/hetznercloud/csi-driver/releases/187506791/assets",
            "assets": [
              {
                "browser_download_url": "https://github.com/hetznercloud/csi-driver/releases/download/v2.11.0/csi-driver_2.11.0_checksums.txt",
                "content_type": "text/plain; charset=utf-8",
                "created_at": "2024-11-26 11:03:34 +0000 UTC",
                "id": 209155062,
                "label": "",
                "name": "csi-driver_2.11.0_checksums.txt",
                "node_id": "RA_kwDOCa6nks4Md3P2",
                "size": 309,
                "updated_at": "2024-11-26 11:03:35 +0000 UTC",
                "url": "https://api.github.com/repos/hetznercloud/csi-driver/releases/assets/209155062"
              },
              {
                "browser_download_url": "https://github.com/hetznercloud/csi-driver/releases/download/v2.11.0/hcloud-csi-2.11.0.tgz",
                "content_type": "application/x-compressed-tar",
                "created_at": "2024-11-26 11:03:35 +0000 UTC",
                "id": 209155063,
                "label": "",
                "name": "hcloud-csi-2.11.0.tgz",
                "node_id": "RA_kwDOCa6nks4Md3P3",
                "size": 13290,
                "updated_at": "2024-11-26 11:03:35 +0000 UTC",
                "url": "https://api.github.com/repos/hetznercloud/csi-driver/releases/assets/209155063"
              }
            ],
            "assets_url": "https://api.github.com/repos/hetznercloud/csi-driver/releases/187506791/assets",
            "body": "### Features\n\n- Added new option enableProvidedByTopology (#780)\n- drop tests for kubernetes v1.28 (#796)\n\n### Bug Fixes\n\n- prefer scheduling the csi controller on cloud nodes (#786)\n\n### Kubernetes Support\n\nThis version was tested with Kubernetes 1.29 - 1.31. Furthermore, we dropped v1.28 support.\n",
            "created_at": "2024-11-26 10:55:33 +0000 UTC",
            "draft": false,
            "html_url": "https://github.com/hetznercloud/csi-driver/releases/tag/v2.11.0",
            "id": "187506791",
            "name": "v2.11.0",
            "owner": "hetznercloud",
            "prerelease": false,
            "published_at": "2024-11-26 10:56:19 +0000 UTC",
            "release_id": null,
            "release_tag": "v2.11.0",
            "repository": "csi-driver",
            "retrieve_by": "latest",
            "tarball_url": "https://api.github.com/repos/hetznercloud/csi-driver/tarball/v2.11.0",
            "target_commitish": "afa8768d32a461bd39fdbb091bbbfa24be5441f8",
            "upload_url": "https://uploads.github.com/repos/hetznercloud/csi-driver/releases/187506791/assets{?name,label}",
            "url": "https://api.github.com/repos/hetznercloud/csi-driver/releases/187506791",
            "zipball_url": "https://api.github.com/repos/hetznercloud/csi-driver/zipball/v2.11.0"
          },
          "sensitive_attributes": []
        }
      ]
    },
    {
      "module": "module.kube-hetzner",
      "mode": "data",
      "type": "github_release",
      "name": "kured",
      "provider": "provider[\"registry.terraform.io/integrations/github\"]",
      "instances": [
        {
          "index_key": 0,
          "schema_version": 0,
          "attributes": {
            "asserts_url": "https://api.github.com/repos/kubereboot/kured/releases/184242094/assets",
            "assets": [
              {
                "browser_download_url": "https://github.com/kubereboot/kured/releases/download/1.16.2/kured-1.16.2-dockerhub.yaml",
                "content_type": "application/yaml",
                "created_at": "2024-11-07 21:11:00 +0000 UTC",
                "id": 204886567,
                "label": "",
                "name": "kured-1.16.2-dockerhub.yaml",
                "node_id": "RA_kwDOBUgOWc4MNlIn",
                "size": 5021,
                "updated_at": "2024-11-07 21:11:01 +0000 UTC",
                "url": "https://api.github.com/repos/kubereboot/kured/releases/assets/204886567"
              }
            ],
            "assets_url": "https://api.github.com/repos/kubereboot/kured/releases/184242094/assets",
            "body": "## What's Changed\r\n* Improve release documentation by @evrardjp in https://github.com/kubereboot/kured/pull/1002\r\n* Clarify features for e2e test by @evrardjp in https://github.com/kubereboot/kured/pull/995\r\n* Cleanup dockerfile by @evrardjp in https://github.com/kubereboot/kured/pull/996\r\n* build(deps): bump github.com/prometheus/common from 0.60.0 to 0.60.1 by @dependabot in https://github.com/kubereboot/kured/pull/1003\r\n* Cleanup Part 1 - First refactors by @evrardjp in https://github.com/kubereboot/kured/pull/990\r\n* Cleanup gomod by @evrardjp in https://github.com/kubereboot/kured/pull/997\r\n* Update email address for Hidde Beydals by @hiddeco in https://github.com/kubereboot/kured/pull/1009\r\n* Remove security exception by @evrardjp in https://github.com/kubereboot/kured/pull/1005\r\n* Be explicit about toolchain version by @evrardjp in https://github.com/kubereboot/kured/pull/1006\r\n* Create scorecard.yml by @evrardjp in https://github.com/kubereboot/kured/pull/1007\r\n* build(deps): bump actions/upload-artifact from 97a0fba1372883ab732affbe8f94b823f91727db to c24449f33cd45d4826c6702db7e49f7cdb9b551d by @dependabot in https://github.com/kubereboot/kured/pull/1010\r\n* build(deps): bump ossf/scorecard-action from 2.3.1 to 2.4.0 by @dependabot in https://github.com/kubereboot/kured/pull/1011\r\n* build(deps): bump actions/upload-artifact from 3.2.1.pre.node20 to 4.4.3 by @dependabot in https://github.com/kubereboot/kured/pull/1012\r\n* bootstrap-tools are required for kured bin by @evrardjp in https://github.com/kubereboot/kured/pull/1014\r\n* Fix goroutine leak by @evrardjp in https://github.com/kubereboot/kured/pull/1015\r\n* Cleanup blockCheckers by @evrardjp in https://github.com/kubereboot/kured/pull/1016\r\n* build(deps): bump lycheeverse/lychee-action from 2.0.2 to 2.1.0 by @dependabot in https://github.com/kubereboot/kured/pull/1018\r\n* chore: update release by @evrardjp in https://github.com/kubereboot/kured/pull/1019\r\n\r\n\r\n**Full Changelog**: https://github.com/kubereboot/kured/compare/1.16.1...1.16.2",
            "created_at": "2024-11-07 21:03:43 +0000 UTC",
            "draft": false,
            "html_url": "https://github.com/kubereboot/kured/releases/tag/1.16.2",
            "id": "184242094",
            "name": "Kured 1.16.2",
            "owner": "kubereboot",
            "prerelease": false,
            "published_at": "2024-11-07 21:11:12 +0000 UTC",
            "release_id": null,
            "release_tag": "1.16.2",
            "repository": "kured",
            "retrieve_by": "latest",
            "tarball_url": "https://api.github.com/repos/kubereboot/kured/tarball/1.16.2",
            "target_commitish": "main",
            "upload_url": "https://uploads.github.com/repos/kubereboot/kured/releases/184242094/assets{?name,label}",
            "url": "https://api.github.com/repos/kubereboot/kured/releases/184242094",
            "zipball_url": "https://api.github.com/repos/kubereboot/kured/zipball/1.16.2"
          },
          "sensitive_attributes": []
        }
      ]
    },
    {
      "module": "module.kube-hetzner",
      "mode": "data",
      "type": "hcloud_image",
      "name": "microos_arm_snapshot",
      "provider": "provider[\"registry.terraform.io/hetznercloud/hcloud\"]",
      "instances": [
        {
          "schema_version": 0,
          "attributes": {
            "architecture": "arm",
            "created": "2024-12-06T00:03:34Z",
            "deprecated": null,
            "description": "OpenSUSE MicroOS ARM by Kube-Hetzner",
            "id": 203372353,
            "include_deprecated": false,
            "labels": {
              "creator": "kube-hetzner",
              "microos-snapshot": "yes"
            },
            "most_recent": true,
            "name": "",
            "os_flavor": "ubuntu",
            "os_version": "",
            "rapid_deploy": false,
            "selector": null,
            "type": "snapshot",
            "with_architecture": "arm",
            "with_selector": "microos-snapshot=yes",
            "with_status": null
          },
          "sensitive_attributes": []
        }
      ]
    },
    {
      "module": "module.kube-hetzner",
      "mode": "data",
      "type": "hcloud_image",
      "name": "microos_x86_snapshot",
      "provider": "provider[\"registry.terraform.io/hetznercloud/hcloud\"]",
      "instances": [
        {
          "schema_version": 0,
          "attributes": {
            "architecture": "x86",
            "created": "2024-12-06T00:03:31Z",
            "deprecated": null,
            "description": "OpenSUSE MicroOS x86 by Kube-Hetzner",
            "id": 203372335,
            "include_deprecated": false,
            "labels": {
              "creator": "kube-hetzner",
              "microos-snapshot": "yes"
            },
            "most_recent": true,
            "name": "",
            "os_flavor": "ubuntu",
            "os_version": "",
            "rapid_deploy": false,
            "selector": null,
            "type": "snapshot",
            "with_architecture": "x86",
            "with_selector": "microos-snapshot=yes",
            "with_status": null
          },
          "sensitive_attributes": []
        }
      ]
    },
    {
      "module": "module.kube-hetzner",
      "mode": "data",
      "type": "hcloud_network",
      "name": "k3s",
      "provider": "provider[\"registry.terraform.io/hetznercloud/hcloud\"]",
      "instances": [
        {
          "schema_version": 0,
          "attributes": {
            "delete_protection": false,
            "expose_routes_to_vswitch": false,
            "id": 10427186,
            "ip_range": "10.0.0.0/8",
            "labels": {
              "cluster": "k3s",
              "engine": "k3s",
              "provisioner": "terraform"
            },
            "most_recent": null,
            "name": "k3s",
            "with_selector": null
          },
          "sensitive_attributes": []
        }
      ]
    },
    {
      "module": "module.kube-hetzner",
      "mode": "data",
      "type": "remote_file",
      "name": "kubeconfig",
      "provider": "provider[\"registry.terraform.io/tenstad/remote\"]",
      "instances": [
        {
          "schema_version": 0,
          "attributes": {
            "conn": [
              {
                "agent": false,
                "host": "49.13.128.189",
                "password": "",
                "port": 22,
                "private_key": "-----BEGIN OPENSSH PRIVATE KEY-----\nb3BlbnNzaC1rZXktdjEAAAAABG5vbmUAAAAEbm9uZQAAAAAAAAABAAAAMwAAAAtzc2gtZW\nQyNTUxOQAAACBeKAGD+ou6AufUaSW5jVb5b32uaCMzmFwr5UrkTVCMnAAAAIjgZkyP4GZM\njwAAAAtzc2gtZWQyNTUxOQAAACBeKAGD+ou6AufUaSW5jVb5b32uaCMzmFwr5UrkTVCMnA\nAAAEDrL+i2WJZrwbjczPntnc6lL0M+sXTJ4GCLYX6X/eMGYl4oAYP6i7oC59RpJbmNVvlv\nfa5oIzOYXCvlSuRNUIycAAAAAAECAwQF\n-----END OPENSSH PRIVATE KEY-----\n",
                "private_key_env_var": "",
                "private_key_path": "",
                "sudo": false,
                "timeout": 0,
                "user": "root"
              }
            ],
            "content": "apiVersion: v1\nclusters:\n- cluster:\n    certificate-authority-data: LS0tLS1CRUdJTiBDRVJUSUZJQ0FURS0tLS0tCk1JSUJlRENDQVIyZ0F3SUJBZ0lCQURBS0JnZ3Foa2pPUFFRREFqQWpNU0V3SHdZRFZRUUREQmhyTTNNdGMyVnkKZG1WeUxXTmhRREUzTXpNME5EUXpOall3SGhjTk1qUXhNakEyTURBeE9USTJXaGNOTXpReE1qQTBNREF4T1RJMgpXakFqTVNFd0h3WURWUVFEREJock0zTXRjMlZ5ZG1WeUxXTmhRREUzTXpNME5EUXpOall3V1RBVEJnY3Foa2pPClBRSUJCZ2dxaGtqT1BRTUJCd05DQUFUWks4UytQQ1d2RXQxRXJ5a0ZHZ2Z5YktKeHJsNEtqUmJZUm1CNjVTU1gKRFFSb1lpcVdvaVkzY1p5bzBXUnFIT1FGZGRHREpZcjU0aDNlM1RLUXVuUC9vMEl3UURBT0JnTlZIUThCQWY4RQpCQU1DQXFRd0R3WURWUjBUQVFIL0JBVXdBd0VCL3pBZEJnTlZIUTRFRmdRVWErd2VQWEk5Sm1BUkNneStENEhQCkZEVWdFTFF3Q2dZSUtvWkl6ajBFQXdJRFNRQXdSZ0loQU52eFIwU2ZjWHpuZnBKbXlmUXlaaTZRV2FtUmNiR1AKcUpOOGtkQkQzeXp0QWlFQW8rVWZ4ZnBoYU12MFQ2ai9hMld2Vm5GODBNaDVSbnhhM29nTWlXNmFFdzQ9Ci0tLS0tRU5EIENFUlRJRklDQVRFLS0tLS0K\n    server: https://127.0.0.1:6443\n  name: default\ncontexts:\n- context:\n    cluster: default\n    user: default\n  name: default\ncurrent-context: default\nkind: Config\npreferences: {}\nusers:\n- name: default\n  user:\n    client-certificate-data: LS0tLS1CRUdJTiBDRVJUSUZJQ0FURS0tLS0tCk1JSUJrakNDQVRlZ0F3SUJBZ0lJTkYwbGU3RjBvVXN3Q2dZSUtvWkl6ajBFQXdJd0l6RWhNQjhHQTFVRUF3d1kKYXpOekxXTnNhV1Z1ZEMxallVQXhOek16TkRRME16WTJNQjRYRFRJME1USXdOakF3TVRreU5sb1hEVEkxTVRJdwpOakF3TVRreU5sb3dNREVYTUJVR0ExVUVDaE1PYzNsemRHVnRPbTFoYzNSbGNuTXhGVEFUQmdOVkJBTVRESE41CmMzUmxiVHBoWkcxcGJqQlpNQk1HQnlxR1NNNDlBZ0VHQ0NxR1NNNDlBd0VIQTBJQUJMWjE1R0hrdWw1R3lPczgKMTlIelJEMzR5WDJ3MkZyK212cU5ud0xlWlQvZC8vcmo5aE5JK2k4RU13cjh5QWVIRXlvQXFjQXJVWWVyVm8rNQo3ekl2eHRpalNEQkdNQTRHQTFVZER3RUIvd1FFQXdJRm9EQVRCZ05WSFNVRUREQUtCZ2dyQmdFRkJRY0RBakFmCkJnTlZIU01FR0RBV2dCU3RZV00zVGc2MzVxS3FIMTBhSkxGeWNGaTR1REFLQmdncWhrak9QUVFEQWdOSkFEQkcKQWlFQS9iUDB6SnNJdjlpQVhNTC9rdVAxL1pGZG16M0dab0hnSG8yUk8wcVJaclFDSVFDY1hHSS9wUnQ3WVhhaApJRmQ3Z2pBNW9uZmdNcXVKRXVqMmhxZ3FYZ1BhOWc9PQotLS0tLUVORCBDRVJUSUZJQ0FURS0tLS0tCi0tLS0tQkVHSU4gQ0VSVElGSUNBVEUtLS0tLQpNSUlCZGpDQ0FSMmdBd0lCQWdJQkFEQUtCZ2dxaGtqT1BRUURBakFqTVNFd0h3WURWUVFEREJock0zTXRZMnhwClpXNTBMV05oUURFM016TTBORFF6TmpZd0hoY05NalF4TWpBMk1EQXhPVEkyV2hjTk16UXhNakEwTURBeE9USTIKV2pBak1TRXdId1lEVlFRRERCaHJNM010WTJ4cFpXNTBMV05oUURFM016TTBORFF6TmpZd1dUQVRCZ2NxaGtqTwpQUUlCQmdncWhrak9QUU1CQndOQ0FBUy9FNVJEWUNBc3hJd0tWWVF0M1lHTTFVcUtYaVQ3RStLN3pVZnN4OHJ1Ck0rWWxtbVM5b3BCVktpdXppaFhhN1ArZkR0NzF1RkovdnpZeEdRQjRYdXhKbzBJd1FEQU9CZ05WSFE4QkFmOEUKQkFNQ0FxUXdEd1lEVlIwVEFRSC9CQVV3QXdFQi96QWRCZ05WSFE0RUZnUVVyV0ZqTjA0T3QrYWlxaDlkR2lTeApjbkJZdUxnd0NnWUlLb1pJemowRUF3SURSd0F3UkFJZ1ZnRS80WDVaNEJlOGFacWVvSHlPZ3hoWFhEeWY0M1JqCjJoc3NZbXR4RkQwQ0lFemdobVlTdk9maUsyZDFXUE5MVFhPQWl0NDJQQnBraEVKMmtkTnRvdGc3Ci0tLS0tRU5EIENFUlRJRklDQVRFLS0tLS0K\n    client-key-data: LS0tLS1CRUdJTiBFQyBQUklWQVRFIEtFWS0tLS0tCk1IY0NBUUVFSURnUWdNYXQzNWJEWEhOYnBXS3FTTEFJckxJbCtWYS96NUliM1Axb2QyQ3JvQW9HQ0NxR1NNNDkKQXdFSG9VUURRZ0FFdG5Ya1llUzZYa2JJNnp6WDBmTkVQZmpKZmJEWVd2NmErbzJmQXQ1bFA5My8rdVAyRTBqNgpMd1F6Q3Z6SUI0Y1RLZ0Nwd0N0Umg2dFdqN252TWkvRzJBPT0KLS0tLS1FTkQgRUMgUFJJVkFURSBLRVktLS0tLQo=\n",
            "group": "0",
            "group_name": "root",
            "id": "49.13.128.189:22:/etc/rancher/k3s/k3s.yaml",
            "owner": "0",
            "owner_name": "root",
            "path": "/etc/rancher/k3s/k3s.yaml",
            "permissions": "0644"
          },
          "sensitive_attributes": [
            [
              {
                "type": "get_attr",
                "value": "conn"
              },
              {
                "type": "index",
                "value": {
                  "value": 0,
                  "type": "number"
                }
              },
              {
                "type": "get_attr",
                "value": "agent"
              }
            ],
            [
              {
                "type": "get_attr",
                "value": "conn"
              },
              {
                "type": "index",
                "value": {
                  "value": 0,
                  "type": "number"
                }
              },
              {
                "type": "get_attr",
                "value": "password"
              }
            ],
            [
              {
                "type": "get_attr",
                "value": "conn"
              },
              {
                "type": "index",
                "value": {
                  "value": 0,
                  "type": "number"
                }
              },
              {
                "type": "get_attr",
                "value": "private_key"
              }
            ]
          ]
        }
      ]
    },
    {
      "module": "module.kube-hetzner",
      "mode": "managed",
      "type": "hcloud_firewall",
      "name": "k3s",
      "provider": "provider[\"registry.terraform.io/hetznercloud/hcloud\"]",
      "instances": [
        {
          "schema_version": 0,
          "attributes": {
            "apply_to": [
              {
                "label_selector": "",
                "server": 57216879
              },
              {
                "label_selector": "",
                "server": 57216882
              },
              {
                "label_selector": "",
                "server": 57216883
              },
              {
                "label_selector": "",
                "server": 57216884
              },
              {
                "label_selector": "",
                "server": 57217045
              }
            ],
            "id": "1779415",
            "labels": {
              "cluster": "k3s",
              "engine": "k3s",
              "provisioner": "terraform"
            },
            "name": "k3s",
            "rule": [
              {
                "description": "Allow Incoming ICMP Ping Requests",
                "destination_ips": [],
                "direction": "in",
                "port": "",
                "protocol": "icmp",
                "source_ips": [
                  "0.0.0.0/0",
                  "::/0"
                ]
              },
              {
                "description": "Allow Incoming Requests to Kube API Server",
                "destination_ips": [],
                "direction": "in",
                "port": "6443",
                "protocol": "tcp",
                "source_ips": [
                  "0.0.0.0/0",
                  "203.12.0.4/32",
                  "::/0"
                ]
              },
              {
                "description": "Allow Incoming SSH Traffic",
                "destination_ips": [],
                "direction": "in",
                "port": "22",
                "protocol": "tcp",
                "source_ips": [
                  "0.0.0.0/0",
                  "203.12.0.4/32",
                  "::/0"
                ]
              },
              {
                "description": "Allow Outbound HTTP Requests",
                "destination_ips": [
                  "0.0.0.0/0",
                  "::/0"
                ],
                "direction": "out",
                "port": "80",
                "protocol": "tcp",
                "source_ips": []
              },
              {
                "description": "Allow Outbound HTTPS Requests",
                "destination_ips": [
                  "0.0.0.0/0",
                  "::/0"
                ],
                "direction": "out",
                "port": "443",
                "protocol": "tcp",
                "source_ips": []
              },
              {
                "description": "Allow Outbound ICMP Ping Requests",
                "destination_ips": [
                  "0.0.0.0/0",
                  "::/0"
                ],
                "direction": "out",
                "port": "",
                "protocol": "icmp",
                "source_ips": []
              },
              {
                "description": "Allow Outbound TCP DNS Requests",
                "destination_ips": [
                  "0.0.0.0/0",
                  "::/0"
                ],
                "direction": "out",
                "port": "53",
                "protocol": "tcp",
                "source_ips": []
              },
              {
                "description": "Allow Outbound UDP DNS Requests",
                "destination_ips": [
                  "0.0.0.0/0",
                  "::/0"
                ],
                "direction": "out",
                "port": "53",
                "protocol": "udp",
                "source_ips": []
              },
              {
                "description": "Allow Outbound UDP NTP Requests",
                "destination_ips": [
                  "0.0.0.0/0",
                  "::/0"
                ],
                "direction": "out",
                "port": "123",
                "protocol": "udp",
                "source_ips": []
              }
            ]
          },
          "sensitive_attributes": [],
          "private": "bnVsbA=="
        }
      ]
    },
    {
      "module": "module.kube-hetzner",
      "mode": "managed",
      "type": "hcloud_floating_ip",
      "name": "agents",
      "provider": "provider[\"registry.terraform.io/hetznercloud/hcloud\"]",
      "instances": [
        {
          "index_key": "1-0-egress",
          "schema_version": 0,
          "attributes": {
            "delete_protection": false,
            "description": "",
            "home_location": "fsn1",
            "id": "76290985",
            "ip_address": "88.198.108.23",
            "ip_network": null,
            "labels": {
              "cluster": "k3s",
              "engine": "k3s",
              "provisioner": "terraform"
            },
            "name": "floating_ip-76290985",
            "server_id": null,
            "type": "ipv4"
          },
          "sensitive_attributes": [],
          "private": "bnVsbA=="
        }
      ]
    },
    {
      "module": "module.kube-hetzner",
      "mode": "managed",
      "type": "hcloud_floating_ip_assignment",
      "name": "agents",
      "provider": "provider[\"registry.terraform.io/hetznercloud/hcloud\"]",
      "instances": [
        {
          "index_key": "1-0-egress",
          "schema_version": 0,
          "attributes": {
            "floating_ip_id": 76290985,
            "id": "76290985",
            "server_id": 57217160
          },
          "sensitive_attributes": [],
          "private": "bnVsbA==",
          "dependencies": [
            "module.kube-hetzner.data.hcloud_image.microos_arm_snapshot",
            "module.kube-hetzner.data.hcloud_image.microos_x86_snapshot",
            "module.kube-hetzner.data.hcloud_network.k3s",
            "module.kube-hetzner.data.hcloud_ssh_keys.keys_by_selector",
            "module.kube-hetzner.hcloud_firewall.k3s",
            "module.kube-hetzner.hcloud_floating_ip.agents",
            "module.kube-hetzner.hcloud_load_balancer.control_plane",
            "module.kube-hetzner.hcloud_load_balancer_network.control_plane",
            "module.kube-hetzner.hcloud_network.k3s",
            "module.kube-hetzner.hcloud_network_subnet.agent",
            "module.kube-hetzner.hcloud_network_subnet.control_plane",
            "module.kube-hetzner.hcloud_placement_group.agent",
            "module.kube-hetzner.hcloud_placement_group.agent_named",
            "module.kube-hetzner.hcloud_placement_group.control_plane",
            "module.kube-hetzner.hcloud_placement_group.control_plane_named",
            "module.kube-hetzner.hcloud_ssh_key.k3s",
            "module.kube-hetzner.module.agents.data.cloudinit_config.config",
            "module.kube-hetzner.module.agents.hcloud_rdns.server",
            "module.kube-hetzner.module.agents.hcloud_server.server",
            "module.kube-hetzner.module.agents.hcloud_server_network.server",
            "module.kube-hetzner.module.agents.null_resource.registries",
            "module.kube-hetzner.module.agents.null_resource.zram",
            "module.kube-hetzner.module.agents.random_string.identity_file",
            "module.kube-hetzner.module.agents.random_string.server",
            "module.kube-hetzner.module.control_planes.data.cloudinit_config.config",
            "module.kube-hetzner.module.control_planes.hcloud_rdns.server",
            "module.kube-hetzner.module.control_planes.hcloud_server.server",
            "module.kube-hetzner.module.control_planes.hcloud_server_network.server",
            "module.kube-hetzner.module.control_planes.null_resource.registries",
            "module.kube-hetzner.module.control_planes.null_resource.zram",
            "module.kube-hetzner.module.control_planes.random_string.identity_file",
            "module.kube-hetzner.module.control_planes.random_string.server",
            "module.kube-hetzner.null_resource.agent_config",
            "module.kube-hetzner.null_resource.agents",
            "module.kube-hetzner.null_resource.first_control_plane",
            "module.kube-hetzner.random_password.k3s_token"
          ]
        }
      ]
    },
    {
      "module": "module.kube-hetzner",
      "mode": "managed",
      "type": "hcloud_load_balancer",
      "name": "cluster",
      "provider": "provider[\"registry.terraform.io/hetznercloud/hcloud\"]",
      "instances": [
        {
          "index_key": 0,
          "schema_version": 0,
          "attributes": {
            "algorithm": [
              {
                "type": "round_robin"
              }
            ],
            "delete_protection": false,
            "id": "2204147",
            "ipv4": "138.199.128.164",
            "ipv6": "2a01:4f8:c01e:7ad::1",
            "labels": {
              "cluster": "k3s",
              "engine": "k3s",
              "provisioner": "terraform"
            },
            "load_balancer_type": "lb11",
            "location": "fsn1",
            "name": "k3s-traefik",
            "network_id": null,
            "network_ip": null,
            "network_zone": "eu-central",
            "target": []
          },
          "sensitive_attributes": [],
          "private": "bnVsbA=="
        }
      ]
    },
    {
      "module": "module.kube-hetzner",
      "mode": "managed",
      "type": "hcloud_network",
      "name": "k3s",
      "provider": "provider[\"registry.terraform.io/hetznercloud/hcloud\"]",
      "instances": [
        {
          "index_key": 0,
          "schema_version": 0,
          "attributes": {
            "delete_protection": false,
            "expose_routes_to_vswitch": false,
            "id": "10427186",
            "ip_range": "10.0.0.0/8",
            "labels": {
              "cluster": "k3s",
              "engine": "k3s",
              "provisioner": "terraform"
            },
            "name": "k3s"
          },
          "sensitive_attributes": [],
          "private": "bnVsbA=="
        }
      ]
    },
    {
      "module": "module.kube-hetzner",
      "mode": "managed",
      "type": "hcloud_network_subnet",
      "name": "agent",
      "provider": "provider[\"registry.terraform.io/hetznercloud/hcloud\"]",
      "instances": [
        {
          "index_key": 0,
          "schema_version": 0,
          "attributes": {
            "gateway": "10.0.0.1",
            "id": "10427186-10.0.0.0/16",
            "ip_range": "10.0.0.0/16",
            "network_id": 10427186,
            "network_zone": "eu-central",
            "type": "cloud",
            "vswitch_id": null
          },
          "sensitive_attributes": [],
          "private": "bnVsbA==",
          "dependencies": [
            "module.kube-hetzner.data.hcloud_network.k3s",
            "module.kube-hetzner.hcloud_network.k3s"
          ]
        },
        {
          "index_key": 1,
          "schema_version": 0,
          "attributes": {
            "gateway": "10.0.0.1",
            "id": "10427186-10.1.0.0/16",
            "ip_range": "10.1.0.0/16",
            "network_id": 10427186,
            "network_zone": "eu-central",
            "type": "cloud",
            "vswitch_id": null
          },
          "sensitive_attributes": [],
          "private": "bnVsbA==",
          "dependencies": [
            "module.kube-hetzner.data.hcloud_network.k3s",
            "module.kube-hetzner.hcloud_network.k3s"
          ]
        }
      ]
    },
    {
      "module": "module.kube-hetzner",
      "mode": "managed",
      "type": "hcloud_network_subnet",
      "name": "control_plane",
      "provider": "provider[\"registry.terraform.io/hetznercloud/hcloud\"]",
      "instances": [
        {
          "index_key": 0,
          "schema_version": 0,
          "attributes": {
            "gateway": "10.0.0.1",
            "id": "10427186-10.255.0.0/16",
            "ip_range": "10.255.0.0/16",
            "network_id": 10427186,
            "network_zone": "eu-central",
            "type": "cloud",
            "vswitch_id": null
          },
          "sensitive_attributes": [],
          "private": "bnVsbA==",
          "dependencies": [
            "module.kube-hetzner.data.hcloud_network.k3s",
            "module.kube-hetzner.hcloud_network.k3s"
          ]
        },
        {
          "index_key": 1,
          "schema_version": 0,
          "attributes": {
            "gateway": "10.0.0.1",
            "id": "10427186-10.254.0.0/16",
            "ip_range": "10.254.0.0/16",
            "network_id": 10427186,
            "network_zone": "eu-central",
            "type": "cloud",
            "vswitch_id": null
          },
          "sensitive_attributes": [],
          "private": "bnVsbA==",
          "dependencies": [
            "module.kube-hetzner.data.hcloud_network.k3s",
            "module.kube-hetzner.hcloud_network.k3s"
          ]
        },
        {
          "index_key": 2,
          "schema_version": 0,
          "attributes": {
            "gateway": "10.0.0.1",
            "id": "10427186-10.253.0.0/16",
            "ip_range": "10.253.0.0/16",
            "network_id": 10427186,
            "network_zone": "eu-central",
            "type": "cloud",
            "vswitch_id": null
          },
          "sensitive_attributes": [],
          "private": "bnVsbA==",
          "dependencies": [
            "module.kube-hetzner.data.hcloud_network.k3s",
            "module.kube-hetzner.hcloud_network.k3s"
          ]
        }
      ]
    },
    {
      "module": "module.kube-hetzner",
      "mode": "managed",
      "type": "hcloud_placement_group",
      "name": "agent",
      "provider": "provider[\"registry.terraform.io/hetznercloud/hcloud\"]",
      "instances": [
        {
          "index_key": 0,
          "schema_version": 0,
          "attributes": {
            "id": "432232",
            "labels": {
              "cluster": "k3s",
              "engine": "k3s",
              "provisioner": "terraform"
            },
            "name": "k3s-agent-1",
            "servers": [
              57216883,
              57217045
            ],
            "type": "spread"
          },
          "sensitive_attributes": [],
          "private": "bnVsbA=="
        }
      ]
    },
    {
      "module": "module.kube-hetzner",
      "mode": "managed",
      "type": "hcloud_placement_group",
      "name": "control_plane",
      "provider": "provider[\"registry.terraform.io/hetznercloud/hcloud\"]",
      "instances": [
        {
          "index_key": 0,
          "schema_version": 0,
          "attributes": {
            "id": "432233",
            "labels": {
              "cluster": "k3s",
              "engine": "k3s",
              "provisioner": "terraform"
            },
            "name": "k3s-control-plane-1",
            "servers": [
              57216879,
              57216882,
              57216884
            ],
            "type": "spread"
          },
          "sensitive_attributes": [],
          "private": "bnVsbA=="
        }
      ]
    },
    {
      "module": "module.kube-hetzner",
      "mode": "managed",
      "type": "hcloud_ssh_key",
      "name": "k3s",
      "provider": "provider[\"registry.terraform.io/hetznercloud/hcloud\"]",
      "instances": [
        {
          "index_key": 0,
          "schema_version": 0,
          "attributes": {
            "fingerprint": "47:23:3a:0f:f1:41:96:2c:66:c9:77:26:67:eb:49:27",
            "id": "25270162",
            "labels": {
              "cluster": "k3s",
              "engine": "k3s",
              "provisioner": "terraform"
            },
            "name": "k3s",
            "public_key": "ssh-ed25519 AAAAC3NzaC1lZDI1NTE5AAAAIF4oAYP6i7oC59RpJbmNVvlvfa5oIzOYXCvlSuRNUIyc"
          },
          "sensitive_attributes": []
        }
      ]
    },
    {
      "module": "module.kube-hetzner",
      "mode": "managed",
      "type": "local_file",
      "name": "kustomization_backup",
      "provider": "provider[\"registry.terraform.io/hashicorp/local\"]",
      "instances": [
        {
          "index_key": 0,
          "schema_version": 0,
          "attributes": {
            "content": "\"apiVersion\": \"kustomize.config.k8s.io/v1beta1\"\n\"kind\": \"Kustomization\"\n\"patches\":\n- \"patch\": |\n    apiVersion: apps/v1\n    kind: Deployment\n    metadata:\n      name: system-upgrade-controller\n      namespace: system-upgrade\n    spec:\n      template:\n        spec:\n          containers:\n            - name: system-upgrade-controller\n              volumeMounts:\n                - name: ca-certificates\n                  mountPath: /var/lib/ca-certificates\n          volumes:\n            - name: ca-certificates\n              hostPath:\n                path: /var/lib/ca-certificates\n                type: Directory\n  \"target\":\n    \"group\": \"apps\"\n    \"kind\": \"Deployment\"\n    \"name\": \"system-upgrade-controller\"\n    \"namespace\": \"system-upgrade\"\n    \"version\": \"v1\"\n- \"path\": \"kured.yaml\"\n- \"path\": \"ccm.yaml\"\n\"resources\":\n- \"https://github.com/hetznercloud/hcloud-cloud-controller-manager/releases/download/v1.21.0/ccm-networks.yaml\"\n- \"https://github.com/kubereboot/kured/releases/download/1.16.2/kured-1.16.2-dockerhub.yaml\"\n- \"https://github.com/rancher/system-upgrade-controller/releases/download/v0.14.2/system-upgrade-controller.yaml\"\n- \"https://github.com/rancher/system-upgrade-controller/releases/download/v0.14.2/crd.yaml\"\n- \"hcloud-csi.yaml\"\n- \"traefik_ingress.yaml\"\n- \"cert_manager.yaml\"\n",
            "content_base64": null,
            "content_base64sha256": "Wser8BsFDmhFJ1xoHWLYUN6/u079DkQCbCRhgerrrIw=",
            "content_base64sha512": "PgVzM1+OicQwgc6CjDpsDGUR/t9wmgwE4SIS+uVFIDj6UgEhX7L1CKwp4A4WKYsi/JFTWVGnU14xIqDO+yK92A==",
            "content_md5": "5eeee3e142dfa01124e9707c581110fb",
            "content_sha1": "90de2c3f82e9c944ab6274876aba2a3acdb33780",
            "content_sha256": "5ac7abf01b050e6845275c681d62d850debfbb4efd0e44026c246181eaebac8c",
            "content_sha512": "3e0573335f8e89c43081ce828c3a6c0c6511fedf709a0c04e12212fae5452038fa5201215fb2f508ac29e00e16298b22fc91535951a7535e3122a0cefb22bdd8",
            "directory_permission": "0777",
            "file_permission": "600",
            "filename": "k3s_kustomization_backup.yaml",
            "id": "90de2c3f82e9c944ab6274876aba2a3acdb33780",
            "sensitive_content": null,
            "source": null
          },
          "sensitive_attributes": [
            [
              {
                "type": "get_attr",
                "value": "sensitive_content"
              }
            ],
            [
              {
                "type": "get_attr",
                "value": "content"
              }
            ]
          ],
          "dependencies": [
            "module.kube-hetzner.data.github_release.calico",
            "module.kube-hetzner.data.github_release.hetzner_ccm",
            "module.kube-hetzner.data.github_release.kured"
          ]
        }
      ]
    },
    {
      "module": "module.kube-hetzner",
      "mode": "managed",
      "type": "local_sensitive_file",
      "name": "kubeconfig",
      "provider": "provider[\"registry.terraform.io/hashicorp/local\"]",
      "instances": [
        {
          "index_key": 0,
          "schema_version": 0,
          "attributes": {
            "content": "apiVersion: v1\nclusters:\n- cluster:\n    certificate-authority-data: LS0tLS1CRUdJTiBDRVJUSUZJQ0FURS0tLS0tCk1JSUJlRENDQVIyZ0F3SUJBZ0lCQURBS0JnZ3Foa2pPUFFRREFqQWpNU0V3SHdZRFZRUUREQmhyTTNNdGMyVnkKZG1WeUxXTmhRREUzTXpNME5EUXpOall3SGhjTk1qUXhNakEyTURBeE9USTJXaGNOTXpReE1qQTBNREF4T1RJMgpXakFqTVNFd0h3WURWUVFEREJock0zTXRjMlZ5ZG1WeUxXTmhRREUzTXpNME5EUXpOall3V1RBVEJnY3Foa2pPClBRSUJCZ2dxaGtqT1BRTUJCd05DQUFUWks4UytQQ1d2RXQxRXJ5a0ZHZ2Z5YktKeHJsNEtqUmJZUm1CNjVTU1gKRFFSb1lpcVdvaVkzY1p5bzBXUnFIT1FGZGRHREpZcjU0aDNlM1RLUXVuUC9vMEl3UURBT0JnTlZIUThCQWY4RQpCQU1DQXFRd0R3WURWUjBUQVFIL0JBVXdBd0VCL3pBZEJnTlZIUTRFRmdRVWErd2VQWEk5Sm1BUkNneStENEhQCkZEVWdFTFF3Q2dZSUtvWkl6ajBFQXdJRFNRQXdSZ0loQU52eFIwU2ZjWHpuZnBKbXlmUXlaaTZRV2FtUmNiR1AKcUpOOGtkQkQzeXp0QWlFQW8rVWZ4ZnBoYU12MFQ2ai9hMld2Vm5GODBNaDVSbnhhM29nTWlXNmFFdzQ9Ci0tLS0tRU5EIENFUlRJRklDQVRFLS0tLS0K\n    server: https://49.13.128.189:6443\n  name: k3s\ncontexts:\n- context:\n    cluster: k3s\n    user: k3s\n  name: k3s\ncurrent-context: k3s\nkind: Config\npreferences: {}\nusers:\n- name: k3s\n  user:\n    client-certificate-data: LS0tLS1CRUdJTiBDRVJUSUZJQ0FURS0tLS0tCk1JSUJrakNDQVRlZ0F3SUJBZ0lJTkYwbGU3RjBvVXN3Q2dZSUtvWkl6ajBFQXdJd0l6RWhNQjhHQTFVRUF3d1kKYXpOekxXTnNhV1Z1ZEMxallVQXhOek16TkRRME16WTJNQjRYRFRJME1USXdOakF3TVRreU5sb1hEVEkxTVRJdwpOakF3TVRreU5sb3dNREVYTUJVR0ExVUVDaE1PYzNsemRHVnRPbTFoYzNSbGNuTXhGVEFUQmdOVkJBTVRESE41CmMzUmxiVHBoWkcxcGJqQlpNQk1HQnlxR1NNNDlBZ0VHQ0NxR1NNNDlBd0VIQTBJQUJMWjE1R0hrdWw1R3lPczgKMTlIelJEMzR5WDJ3MkZyK212cU5ud0xlWlQvZC8vcmo5aE5JK2k4RU13cjh5QWVIRXlvQXFjQXJVWWVyVm8rNQo3ekl2eHRpalNEQkdNQTRHQTFVZER3RUIvd1FFQXdJRm9EQVRCZ05WSFNVRUREQUtCZ2dyQmdFRkJRY0RBakFmCkJnTlZIU01FR0RBV2dCU3RZV00zVGc2MzVxS3FIMTBhSkxGeWNGaTR1REFLQmdncWhrak9QUVFEQWdOSkFEQkcKQWlFQS9iUDB6SnNJdjlpQVhNTC9rdVAxL1pGZG16M0dab0hnSG8yUk8wcVJaclFDSVFDY1hHSS9wUnQ3WVhhaApJRmQ3Z2pBNW9uZmdNcXVKRXVqMmhxZ3FYZ1BhOWc9PQotLS0tLUVORCBDRVJUSUZJQ0FURS0tLS0tCi0tLS0tQkVHSU4gQ0VSVElGSUNBVEUtLS0tLQpNSUlCZGpDQ0FSMmdBd0lCQWdJQkFEQUtCZ2dxaGtqT1BRUURBakFqTVNFd0h3WURWUVFEREJock0zTXRZMnhwClpXNTBMV05oUURFM016TTBORFF6TmpZd0hoY05NalF4TWpBMk1EQXhPVEkyV2hjTk16UXhNakEwTURBeE9USTIKV2pBak1TRXdId1lEVlFRRERCaHJNM010WTJ4cFpXNTBMV05oUURFM016TTBORFF6TmpZd1dUQVRCZ2NxaGtqTwpQUUlCQmdncWhrak9QUU1CQndOQ0FBUy9FNVJEWUNBc3hJd0tWWVF0M1lHTTFVcUtYaVQ3RStLN3pVZnN4OHJ1Ck0rWWxtbVM5b3BCVktpdXppaFhhN1ArZkR0NzF1RkovdnpZeEdRQjRYdXhKbzBJd1FEQU9CZ05WSFE4QkFmOEUKQkFNQ0FxUXdEd1lEVlIwVEFRSC9CQVV3QXdFQi96QWRCZ05WSFE0RUZnUVVyV0ZqTjA0T3QrYWlxaDlkR2lTeApjbkJZdUxnd0NnWUlLb1pJemowRUF3SURSd0F3UkFJZ1ZnRS80WDVaNEJlOGFacWVvSHlPZ3hoWFhEeWY0M1JqCjJoc3NZbXR4RkQwQ0lFemdobVlTdk9maUsyZDFXUE5MVFhPQWl0NDJQQnBraEVKMmtkTnRvdGc3Ci0tLS0tRU5EIENFUlRJRklDQVRFLS0tLS0K\n    client-key-data: LS0tLS1CRUdJTiBFQyBQUklWQVRFIEtFWS0tLS0tCk1IY0NBUUVFSURnUWdNYXQzNWJEWEhOYnBXS3FTTEFJckxJbCtWYS96NUliM1Axb2QyQ3JvQW9HQ0NxR1NNNDkKQXdFSG9VUURRZ0FFdG5Ya1llUzZYa2JJNnp6WDBmTkVQZmpKZmJEWVd2NmErbzJmQXQ1bFA5My8rdVAyRTBqNgpMd1F6Q3Z6SUI0Y1RLZ0Nwd0N0Umg2dFdqN252TWkvRzJBPT0KLS0tLS1FTkQgRUMgUFJJVkFURSBLRVktLS0tLQo=\n",
            "content_base64": null,
            "content_base64sha256": "pZbE4Hjb1VeAJ9KvGyIGn/13+E7+eZCHQqtbGOd5mSg=",
            "content_base64sha512": "zzwSJXTsiprq3TDfnzKXSX3dnQskZ/4W7j/ut3wEer8LaV2s5FNKEdo9xrnl9OGkdWmw2BojK9oLwmKJyCBB9Q==",
            "content_md5": "64cedfdd1ce20b0ed26b451d7d268d04",
            "content_sha1": "1493f68f4247c38b4b99f7541adf30c24fb35514",
            "content_sha256": "a596c4e078dbd5578027d2af1b22069ffd77f84efe79908742ab5b18e7799928",
            "content_sha512": "cf3c122574ec8a9aeadd30df9f3297497ddd9d0b2467fe16ee3feeb77c047abf0b695dace4534a11da3dc6b9e5f4e1a47569b0d81a232bda0bc26289c82041f5",
            "directory_permission": "0700",
            "file_permission": "600",
            "filename": "k3s_kubeconfig.yaml",
            "id": "1493f68f4247c38b4b99f7541adf30c24fb35514",
            "source": null
          },
          "sensitive_attributes": [
            [
              {
                "type": "get_attr",
                "value": "content"
              }
            ],
            [
              {
                "type": "get_attr",
                "value": "content_base64"
              }
            ]
          ],
          "dependencies": [
            "module.kube-hetzner.data.hcloud_image.microos_arm_snapshot",
            "module.kube-hetzner.data.hcloud_image.microos_x86_snapshot",
            "module.kube-hetzner.data.hcloud_network.k3s",
            "module.kube-hetzner.data.hcloud_ssh_keys.keys_by_selector",
            "module.kube-hetzner.data.remote_file.kubeconfig",
            "module.kube-hetzner.hcloud_firewall.k3s",
            "module.kube-hetzner.hcloud_load_balancer.control_plane",
            "module.kube-hetzner.hcloud_load_balancer_network.control_plane",
            "module.kube-hetzner.hcloud_network.k3s",
            "module.kube-hetzner.hcloud_network_subnet.control_plane",
            "module.kube-hetzner.hcloud_placement_group.control_plane",
            "module.kube-hetzner.hcloud_placement_group.control_plane_named",
            "module.kube-hetzner.hcloud_ssh_key.k3s",
            "module.kube-hetzner.module.control_planes.data.cloudinit_config.config",
            "module.kube-hetzner.module.control_planes.hcloud_rdns.server",
            "module.kube-hetzner.module.control_planes.hcloud_server.server",
            "module.kube-hetzner.module.control_planes.hcloud_server_network.server",
            "module.kube-hetzner.module.control_planes.null_resource.registries",
            "module.kube-hetzner.module.control_planes.null_resource.zram",
            "module.kube-hetzner.module.control_planes.random_string.identity_file",
            "module.kube-hetzner.module.control_planes.random_string.server",
            "module.kube-hetzner.null_resource.authentication_config",
            "module.kube-hetzner.null_resource.control_plane_config",
            "module.kube-hetzner.null_resource.control_planes",
            "module.kube-hetzner.null_resource.first_control_plane",
            "module.kube-hetzner.random_password.k3s_token"
          ]
        }
      ]
    },
    {
      "module": "module.kube-hetzner",
      "mode": "managed",
      "type": "null_resource",
      "name": "agent_config",
      "provider": "provider[\"registry.terraform.io/hashicorp/null\"]",
      "instances": [
        {
          "index_key": "0-0-agent-small-1",
          "schema_version": 0,
          "attributes": {
            "id": "6173643456543138410",
            "triggers": {
              "agent_id": "57216883",
              "config": "c17f992c4e0c654c9d0dd8c3514765f0024141da"
            }
          },
          "sensitive_attributes": [
            [
              {
                "type": "get_attr",
                "value": "triggers"
              },
              {
                "type": "index",
                "value": {
                  "value": "config",
                  "type": "string"
                }
              }
            ]
          ],
          "dependencies": [
            "module.kube-hetzner.data.hcloud_image.microos_arm_snapshot",
            "module.kube-hetzner.data.hcloud_image.microos_x86_snapshot",
            "module.kube-hetzner.data.hcloud_network.k3s",
            "module.kube-hetzner.data.hcloud_ssh_keys.keys_by_selector",
            "module.kube-hetzner.hcloud_firewall.k3s",
            "module.kube-hetzner.hcloud_load_balancer.control_plane",
            "module.kube-hetzner.hcloud_load_balancer_network.control_plane",
            "module.kube-hetzner.hcloud_network.k3s",
            "module.kube-hetzner.hcloud_network_subnet.agent",
            "module.kube-hetzner.hcloud_network_subnet.control_plane",
            "module.kube-hetzner.hcloud_placement_group.agent",
            "module.kube-hetzner.hcloud_placement_group.agent_named",
            "module.kube-hetzner.hcloud_placement_group.control_plane",
            "module.kube-hetzner.hcloud_placement_group.control_plane_named",
            "module.kube-hetzner.hcloud_ssh_key.k3s",
            "module.kube-hetzner.module.agents.data.cloudinit_config.config",
            "module.kube-hetzner.module.agents.hcloud_rdns.server",
            "module.kube-hetzner.module.agents.hcloud_server.server",
            "module.kube-hetzner.module.agents.hcloud_server_network.server",
            "module.kube-hetzner.module.agents.null_resource.registries",
            "module.kube-hetzner.module.agents.null_resource.zram",
            "module.kube-hetzner.module.agents.random_string.identity_file",
            "module.kube-hetzner.module.agents.random_string.server",
            "module.kube-hetzner.module.control_planes.data.cloudinit_config.config",
            "module.kube-hetzner.module.control_planes.hcloud_rdns.server",
            "module.kube-hetzner.module.control_planes.hcloud_server.server",
            "module.kube-hetzner.module.control_planes.hcloud_server_network.server",
            "module.kube-hetzner.module.control_planes.null_resource.registries",
            "module.kube-hetzner.module.control_planes.null_resource.zram",
            "module.kube-hetzner.module.control_planes.random_string.identity_file",
            "module.kube-hetzner.module.control_planes.random_string.server",
            "module.kube-hetzner.random_password.k3s_token"
          ]
        },
        {
          "index_key": "1-0-egress",
          "schema_version": 0,
          "attributes": {
            "id": "5242140893948619577",
            "triggers": {
              "agent_id": "57217160",
              "config": "f47bc3a2e88ff5a34b99af9c89d303ec37c7dcc4"
            }
          },
          "sensitive_attributes": [
            [
              {
                "type": "get_attr",
                "value": "triggers"
              },
              {
                "type": "index",
                "value": {
                  "value": "config",
                  "type": "string"
                }
              }
            ]
          ],
          "dependencies": [
            "module.kube-hetzner.data.hcloud_image.microos_arm_snapshot",
            "module.kube-hetzner.data.hcloud_image.microos_x86_snapshot",
            "module.kube-hetzner.data.hcloud_network.k3s",
            "module.kube-hetzner.data.hcloud_ssh_keys.keys_by_selector",
            "module.kube-hetzner.hcloud_firewall.k3s",
            "module.kube-hetzner.hcloud_load_balancer.control_plane",
            "module.kube-hetzner.hcloud_load_balancer_network.control_plane",
            "module.kube-hetzner.hcloud_network.k3s",
            "module.kube-hetzner.hcloud_network_subnet.agent",
            "module.kube-hetzner.hcloud_network_subnet.control_plane",
            "module.kube-hetzner.hcloud_placement_group.agent",
            "module.kube-hetzner.hcloud_placement_group.agent_named",
            "module.kube-hetzner.hcloud_placement_group.control_plane",
            "module.kube-hetzner.hcloud_placement_group.control_plane_named",
            "module.kube-hetzner.hcloud_ssh_key.k3s",
            "module.kube-hetzner.module.agents.data.cloudinit_config.config",
            "module.kube-hetzner.module.agents.hcloud_rdns.server",
            "module.kube-hetzner.module.agents.hcloud_server.server",
            "module.kube-hetzner.module.agents.hcloud_server_network.server",
            "module.kube-hetzner.module.agents.null_resource.registries",
            "module.kube-hetzner.module.agents.null_resource.zram",
            "module.kube-hetzner.module.agents.random_string.identity_file",
            "module.kube-hetzner.module.agents.random_string.server",
            "module.kube-hetzner.module.control_planes.data.cloudinit_config.config",
            "module.kube-hetzner.module.control_planes.hcloud_rdns.server",
            "module.kube-hetzner.module.control_planes.hcloud_server.server",
            "module.kube-hetzner.module.control_planes.hcloud_server_network.server",
            "module.kube-hetzner.module.control_planes.null_resource.registries",
            "module.kube-hetzner.module.control_planes.null_resource.zram",
            "module.kube-hetzner.module.control_planes.random_string.identity_file",
            "module.kube-hetzner.module.control_planes.random_string.server",
            "module.kube-hetzner.random_password.k3s_token"
          ]
        }
      ]
    },
    {
      "module": "module.kube-hetzner",
      "mode": "managed",
      "type": "null_resource",
      "name": "agents",
      "provider": "provider[\"registry.terraform.io/hashicorp/null\"]",
      "instances": [
        {
          "index_key": "0-0-agent-small-1",
          "schema_version": 0,
          "attributes": {
            "id": "2551336328082375208",
            "triggers": {
              "agent_id": "57216883"
            }
          },
          "sensitive_attributes": [],
          "dependencies": [
            "module.kube-hetzner.data.hcloud_image.microos_arm_snapshot",
            "module.kube-hetzner.data.hcloud_image.microos_x86_snapshot",
            "module.kube-hetzner.data.hcloud_network.k3s",
            "module.kube-hetzner.data.hcloud_ssh_keys.keys_by_selector",
            "module.kube-hetzner.hcloud_firewall.k3s",
            "module.kube-hetzner.hcloud_load_balancer.control_plane",
            "module.kube-hetzner.hcloud_load_balancer_network.control_plane",
            "module.kube-hetzner.hcloud_network.k3s",
            "module.kube-hetzner.hcloud_network_subnet.agent",
            "module.kube-hetzner.hcloud_network_subnet.control_plane",
            "module.kube-hetzner.hcloud_placement_group.agent",
            "module.kube-hetzner.hcloud_placement_group.agent_named",
            "module.kube-hetzner.hcloud_placement_group.control_plane",
            "module.kube-hetzner.hcloud_placement_group.control_plane_named",
            "module.kube-hetzner.hcloud_ssh_key.k3s",
            "module.kube-hetzner.module.agents.data.cloudinit_config.config",
            "module.kube-hetzner.module.agents.hcloud_rdns.server",
            "module.kube-hetzner.module.agents.hcloud_server.server",
            "module.kube-hetzner.module.agents.hcloud_server_network.server",
            "module.kube-hetzner.module.agents.null_resource.registries",
            "module.kube-hetzner.module.agents.null_resource.zram",
            "module.kube-hetzner.module.agents.random_string.identity_file",
            "module.kube-hetzner.module.agents.random_string.server",
            "module.kube-hetzner.module.control_planes.data.cloudinit_config.config",
            "module.kube-hetzner.module.control_planes.hcloud_rdns.server",
            "module.kube-hetzner.module.control_planes.hcloud_server.server",
            "module.kube-hetzner.module.control_planes.hcloud_server_network.server",
            "module.kube-hetzner.module.control_planes.null_resource.registries",
            "module.kube-hetzner.module.control_planes.null_resource.zram",
            "module.kube-hetzner.module.control_planes.random_string.identity_file",
            "module.kube-hetzner.module.control_planes.random_string.server",
            "module.kube-hetzner.null_resource.agent_config",
            "module.kube-hetzner.null_resource.first_control_plane",
            "module.kube-hetzner.random_password.k3s_token"
          ]
        },
        {
          "index_key": "1-0-egress",
          "schema_version": 0,
          "attributes": {
            "id": "7036890421185602324",
            "triggers": {
              "agent_id": "57217160"
            }
          },
          "sensitive_attributes": [],
          "dependencies": [
            "module.kube-hetzner.data.hcloud_image.microos_arm_snapshot",
            "module.kube-hetzner.data.hcloud_image.microos_x86_snapshot",
            "module.kube-hetzner.data.hcloud_network.k3s",
            "module.kube-hetzner.data.hcloud_ssh_keys.keys_by_selector",
            "module.kube-hetzner.hcloud_firewall.k3s",
            "module.kube-hetzner.hcloud_load_balancer.control_plane",
            "module.kube-hetzner.hcloud_load_balancer_network.control_plane",
            "module.kube-hetzner.hcloud_network.k3s",
            "module.kube-hetzner.hcloud_network_subnet.agent",
            "module.kube-hetzner.hcloud_network_subnet.control_plane",
            "module.kube-hetzner.hcloud_placement_group.agent",
            "module.kube-hetzner.hcloud_placement_group.agent_named",
            "module.kube-hetzner.hcloud_placement_group.control_plane",
            "module.kube-hetzner.hcloud_placement_group.control_plane_named",
            "module.kube-hetzner.hcloud_ssh_key.k3s",
            "module.kube-hetzner.module.agents.data.cloudinit_config.config",
            "module.kube-hetzner.module.agents.hcloud_rdns.server",
            "module.kube-hetzner.module.agents.hcloud_server.server",
            "module.kube-hetzner.module.agents.hcloud_server_network.server",
            "module.kube-hetzner.module.agents.null_resource.registries",
            "module.kube-hetzner.module.agents.null_resource.zram",
            "module.kube-hetzner.module.agents.random_string.identity_file",
            "module.kube-hetzner.module.agents.random_string.server",
            "module.kube-hetzner.module.control_planes.data.cloudinit_config.config",
            "module.kube-hetzner.module.control_planes.hcloud_rdns.server",
            "module.kube-hetzner.module.control_planes.hcloud_server.server",
            "module.kube-hetzner.module.control_planes.hcloud_server_network.server",
            "module.kube-hetzner.module.control_planes.null_resource.registries",
            "module.kube-hetzner.module.control_planes.null_resource.zram",
            "module.kube-hetzner.module.control_planes.random_string.identity_file",
            "module.kube-hetzner.module.control_planes.random_string.server",
            "module.kube-hetzner.null_resource.agent_config",
            "module.kube-hetzner.null_resource.first_control_plane",
            "module.kube-hetzner.random_password.k3s_token"
          ]
        }
      ]
    },
    {
      "module": "module.kube-hetzner",
      "mode": "managed",
      "type": "null_resource",
      "name": "authentication_config",
      "provider": "provider[\"registry.terraform.io/hashicorp/null\"]",
      "instances": [
        {
          "index_key": "0-0-control-plane-fsn1",
          "schema_version": 0,
          "attributes": {
            "id": "9170497844258538022",
            "triggers": {
              "authentication_config": "da39a3ee5e6b4b0d3255bfef95601890afd80709",
              "control_plane_id": "57216884"
            }
          },
          "sensitive_attributes": [],
          "dependencies": [
            "module.kube-hetzner.data.hcloud_image.microos_arm_snapshot",
            "module.kube-hetzner.data.hcloud_image.microos_x86_snapshot",
            "module.kube-hetzner.data.hcloud_network.k3s",
            "module.kube-hetzner.data.hcloud_ssh_keys.keys_by_selector",
            "module.kube-hetzner.hcloud_firewall.k3s",
            "module.kube-hetzner.hcloud_load_balancer.control_plane",
            "module.kube-hetzner.hcloud_load_balancer_network.control_plane",
            "module.kube-hetzner.hcloud_network.k3s",
            "module.kube-hetzner.hcloud_network_subnet.control_plane",
            "module.kube-hetzner.hcloud_placement_group.control_plane",
            "module.kube-hetzner.hcloud_placement_group.control_plane_named",
            "module.kube-hetzner.hcloud_ssh_key.k3s",
            "module.kube-hetzner.module.control_planes.data.cloudinit_config.config",
            "module.kube-hetzner.module.control_planes.hcloud_rdns.server",
            "module.kube-hetzner.module.control_planes.hcloud_server.server",
            "module.kube-hetzner.module.control_planes.hcloud_server_network.server",
            "module.kube-hetzner.module.control_planes.null_resource.registries",
            "module.kube-hetzner.module.control_planes.null_resource.zram",
            "module.kube-hetzner.module.control_planes.random_string.identity_file",
            "module.kube-hetzner.module.control_planes.random_string.server",
            "module.kube-hetzner.null_resource.first_control_plane",
            "module.kube-hetzner.random_password.k3s_token"
          ]
        },
        {
          "index_key": "1-0-control-plane-nbg1",
          "schema_version": 0,
          "attributes": {
            "id": "9208873428204834555",
            "triggers": {
              "authentication_config": "da39a3ee5e6b4b0d3255bfef95601890afd80709",
              "control_plane_id": "57216879"
            }
          },
          "sensitive_attributes": [],
          "dependencies": [
            "module.kube-hetzner.data.hcloud_image.microos_arm_snapshot",
            "module.kube-hetzner.data.hcloud_image.microos_x86_snapshot",
            "module.kube-hetzner.data.hcloud_network.k3s",
            "module.kube-hetzner.data.hcloud_ssh_keys.keys_by_selector",
            "module.kube-hetzner.hcloud_firewall.k3s",
            "module.kube-hetzner.hcloud_load_balancer.control_plane",
            "module.kube-hetzner.hcloud_load_balancer_network.control_plane",
            "module.kube-hetzner.hcloud_network.k3s",
            "module.kube-hetzner.hcloud_network_subnet.control_plane",
            "module.kube-hetzner.hcloud_placement_group.control_plane",
            "module.kube-hetzner.hcloud_placement_group.control_plane_named",
            "module.kube-hetzner.hcloud_ssh_key.k3s",
            "module.kube-hetzner.module.control_planes.data.cloudinit_config.config",
            "module.kube-hetzner.module.control_planes.hcloud_rdns.server",
            "module.kube-hetzner.module.control_planes.hcloud_server.server",
            "module.kube-hetzner.module.control_planes.hcloud_server_network.server",
            "module.kube-hetzner.module.control_planes.null_resource.registries",
            "module.kube-hetzner.module.control_planes.null_resource.zram",
            "module.kube-hetzner.module.control_planes.random_string.identity_file",
            "module.kube-hetzner.module.control_planes.random_string.server",
            "module.kube-hetzner.null_resource.first_control_plane",
            "module.kube-hetzner.random_password.k3s_token"
          ]
        },
        {
          "index_key": "2-0-control-plane-hel1",
          "schema_version": 0,
          "attributes": {
            "id": "4938088536175947756",
            "triggers": {
              "authentication_config": "da39a3ee5e6b4b0d3255bfef95601890afd80709",
              "control_plane_id": "57216882"
            }
          },
          "sensitive_attributes": [],
          "dependencies": [
            "module.kube-hetzner.data.hcloud_image.microos_arm_snapshot",
            "module.kube-hetzner.data.hcloud_image.microos_x86_snapshot",
            "module.kube-hetzner.data.hcloud_network.k3s",
            "module.kube-hetzner.data.hcloud_ssh_keys.keys_by_selector",
            "module.kube-hetzner.hcloud_firewall.k3s",
            "module.kube-hetzner.hcloud_load_balancer.control_plane",
            "module.kube-hetzner.hcloud_load_balancer_network.control_plane",
            "module.kube-hetzner.hcloud_network.k3s",
            "module.kube-hetzner.hcloud_network_subnet.control_plane",
            "module.kube-hetzner.hcloud_placement_group.control_plane",
            "module.kube-hetzner.hcloud_placement_group.control_plane_named",
            "module.kube-hetzner.hcloud_ssh_key.k3s",
            "module.kube-hetzner.module.control_planes.data.cloudinit_config.config",
            "module.kube-hetzner.module.control_planes.hcloud_rdns.server",
            "module.kube-hetzner.module.control_planes.hcloud_server.server",
            "module.kube-hetzner.module.control_planes.hcloud_server_network.server",
            "module.kube-hetzner.module.control_planes.null_resource.registries",
            "module.kube-hetzner.module.control_planes.null_resource.zram",
            "module.kube-hetzner.module.control_planes.random_string.identity_file",
            "module.kube-hetzner.module.control_planes.random_string.server",
            "module.kube-hetzner.null_resource.first_control_plane",
            "module.kube-hetzner.random_password.k3s_token"
          ]
        }
      ]
    },
    {
      "module": "module.kube-hetzner",
      "mode": "managed",
      "type": "null_resource",
      "name": "configure_floating_ip",
      "provider": "provider[\"registry.terraform.io/hashicorp/null\"]",
      "instances": [
        {
          "index_key": "1-0-egress",
          "schema_version": 0,
          "attributes": {
            "id": "339689626068764081",
            "triggers": {
              "agent_id": "57217160",
              "floating_ip_id": "76290985"
            }
          },
          "sensitive_attributes": [],
          "dependencies": [
            "module.kube-hetzner.data.hcloud_image.microos_arm_snapshot",
            "module.kube-hetzner.data.hcloud_image.microos_x86_snapshot",
            "module.kube-hetzner.data.hcloud_network.k3s",
            "module.kube-hetzner.data.hcloud_ssh_keys.keys_by_selector",
            "module.kube-hetzner.hcloud_firewall.k3s",
            "module.kube-hetzner.hcloud_floating_ip.agents",
            "module.kube-hetzner.hcloud_floating_ip_assignment.agents",
            "module.kube-hetzner.hcloud_load_balancer.control_plane",
            "module.kube-hetzner.hcloud_load_balancer_network.control_plane",
            "module.kube-hetzner.hcloud_network.k3s",
            "module.kube-hetzner.hcloud_network_subnet.agent",
            "module.kube-hetzner.hcloud_network_subnet.control_plane",
            "module.kube-hetzner.hcloud_placement_group.agent",
            "module.kube-hetzner.hcloud_placement_group.agent_named",
            "module.kube-hetzner.hcloud_placement_group.control_plane",
            "module.kube-hetzner.hcloud_placement_group.control_plane_named",
            "module.kube-hetzner.hcloud_ssh_key.k3s",
            "module.kube-hetzner.module.agents.data.cloudinit_config.config",
            "module.kube-hetzner.module.agents.hcloud_rdns.server",
            "module.kube-hetzner.module.agents.hcloud_server.server",
            "module.kube-hetzner.module.agents.hcloud_server_network.server",
            "module.kube-hetzner.module.agents.null_resource.registries",
            "module.kube-hetzner.module.agents.null_resource.zram",
            "module.kube-hetzner.module.agents.random_string.identity_file",
            "module.kube-hetzner.module.agents.random_string.server",
            "module.kube-hetzner.module.control_planes.data.cloudinit_config.config",
            "module.kube-hetzner.module.control_planes.hcloud_rdns.server",
            "module.kube-hetzner.module.control_planes.hcloud_server.server",
            "module.kube-hetzner.module.control_planes.hcloud_server_network.server",
            "module.kube-hetzner.module.control_planes.null_resource.registries",
            "module.kube-hetzner.module.control_planes.null_resource.zram",
            "module.kube-hetzner.module.control_planes.random_string.identity_file",
            "module.kube-hetzner.module.control_planes.random_string.server",
            "module.kube-hetzner.null_resource.agent_config",
            "module.kube-hetzner.null_resource.agents",
            "module.kube-hetzner.null_resource.first_control_plane",
            "module.kube-hetzner.random_password.k3s_token"
          ]
        }
      ]
    },
    {
      "module": "module.kube-hetzner",
      "mode": "managed",
      "type": "null_resource",
      "name": "control_plane_config",
      "provider": "provider[\"registry.terraform.io/hashicorp/null\"]",
      "instances": [
        {
          "index_key": "0-0-control-plane-fsn1",
          "schema_version": 0,
          "attributes": {
            "id": "6625218915899630864",
            "triggers": {
              "config": "abbefdf9f5584b63c4e3d00380d5257095b9bd18",
              "control_plane_id": "57216884"
            }
          },
          "sensitive_attributes": [
            [
              {
                "type": "get_attr",
                "value": "triggers"
              },
              {
                "type": "index",
                "value": {
                  "value": "config",
                  "type": "string"
                }
              }
            ]
          ],
          "dependencies": [
            "module.kube-hetzner.data.hcloud_image.microos_arm_snapshot",
            "module.kube-hetzner.data.hcloud_image.microos_x86_snapshot",
            "module.kube-hetzner.data.hcloud_network.k3s",
            "module.kube-hetzner.data.hcloud_ssh_keys.keys_by_selector",
            "module.kube-hetzner.hcloud_firewall.k3s",
            "module.kube-hetzner.hcloud_load_balancer.control_plane",
            "module.kube-hetzner.hcloud_load_balancer_network.control_plane",
            "module.kube-hetzner.hcloud_network.k3s",
            "module.kube-hetzner.hcloud_network_subnet.control_plane",
            "module.kube-hetzner.hcloud_placement_group.control_plane",
            "module.kube-hetzner.hcloud_placement_group.control_plane_named",
            "module.kube-hetzner.hcloud_ssh_key.k3s",
            "module.kube-hetzner.module.control_planes.data.cloudinit_config.config",
            "module.kube-hetzner.module.control_planes.hcloud_rdns.server",
            "module.kube-hetzner.module.control_planes.hcloud_server.server",
            "module.kube-hetzner.module.control_planes.hcloud_server_network.server",
            "module.kube-hetzner.module.control_planes.null_resource.registries",
            "module.kube-hetzner.module.control_planes.null_resource.zram",
            "module.kube-hetzner.module.control_planes.random_string.identity_file",
            "module.kube-hetzner.module.control_planes.random_string.server",
            "module.kube-hetzner.null_resource.first_control_plane",
            "module.kube-hetzner.random_password.k3s_token"
          ]
        },
        {
          "index_key": "1-0-control-plane-nbg1",
          "schema_version": 0,
          "attributes": {
            "id": "7897440938623329290",
            "triggers": {
              "config": "ebf062935e8965e09ea160e4cfcea2f531c44d38",
              "control_plane_id": "57216879"
            }
          },
          "sensitive_attributes": [
            [
              {
                "type": "get_attr",
                "value": "triggers"
              },
              {
                "type": "index",
                "value": {
                  "value": "config",
                  "type": "string"
                }
              }
            ]
          ],
          "dependencies": [
            "module.kube-hetzner.data.hcloud_image.microos_arm_snapshot",
            "module.kube-hetzner.data.hcloud_image.microos_x86_snapshot",
            "module.kube-hetzner.data.hcloud_network.k3s",
            "module.kube-hetzner.data.hcloud_ssh_keys.keys_by_selector",
            "module.kube-hetzner.hcloud_firewall.k3s",
            "module.kube-hetzner.hcloud_load_balancer.control_plane",
            "module.kube-hetzner.hcloud_load_balancer_network.control_plane",
            "module.kube-hetzner.hcloud_network.k3s",
            "module.kube-hetzner.hcloud_network_subnet.control_plane",
            "module.kube-hetzner.hcloud_placement_group.control_plane",
            "module.kube-hetzner.hcloud_placement_group.control_plane_named",
            "module.kube-hetzner.hcloud_ssh_key.k3s",
            "module.kube-hetzner.module.control_planes.data.cloudinit_config.config",
            "module.kube-hetzner.module.control_planes.hcloud_rdns.server",
            "module.kube-hetzner.module.control_planes.hcloud_server.server",
            "module.kube-hetzner.module.control_planes.hcloud_server_network.server",
            "module.kube-hetzner.module.control_planes.null_resource.registries",
            "module.kube-hetzner.module.control_planes.null_resource.zram",
            "module.kube-hetzner.module.control_planes.random_string.identity_file",
            "module.kube-hetzner.module.control_planes.random_string.server",
            "module.kube-hetzner.null_resource.first_control_plane",
            "module.kube-hetzner.random_password.k3s_token"
          ]
        },
        {
          "index_key": "2-0-control-plane-hel1",
          "schema_version": 0,
          "attributes": {
            "id": "1716847623100684784",
            "triggers": {
              "config": "1d5bd14264e43e18ce4d762df2d4e5fc87213310",
              "control_plane_id": "57216882"
            }
          },
          "sensitive_attributes": [
            [
              {
                "type": "get_attr",
                "value": "triggers"
              },
              {
                "type": "index",
                "value": {
                  "value": "config",
                  "type": "string"
                }
              }
            ]
          ],
          "dependencies": [
            "module.kube-hetzner.data.hcloud_image.microos_arm_snapshot",
            "module.kube-hetzner.data.hcloud_image.microos_x86_snapshot",
            "module.kube-hetzner.data.hcloud_network.k3s",
            "module.kube-hetzner.data.hcloud_ssh_keys.keys_by_selector",
            "module.kube-hetzner.hcloud_firewall.k3s",
            "module.kube-hetzner.hcloud_load_balancer.control_plane",
            "module.kube-hetzner.hcloud_load_balancer_network.control_plane",
            "module.kube-hetzner.hcloud_network.k3s",
            "module.kube-hetzner.hcloud_network_subnet.control_plane",
            "module.kube-hetzner.hcloud_placement_group.control_plane",
            "module.kube-hetzner.hcloud_placement_group.control_plane_named",
            "module.kube-hetzner.hcloud_ssh_key.k3s",
            "module.kube-hetzner.module.control_planes.data.cloudinit_config.config",
            "module.kube-hetzner.module.control_planes.hcloud_rdns.server",
            "module.kube-hetzner.module.control_planes.hcloud_server.server",
            "module.kube-hetzner.module.control_planes.hcloud_server_network.server",
            "module.kube-hetzner.module.control_planes.null_resource.registries",
            "module.kube-hetzner.module.control_planes.null_resource.zram",
            "module.kube-hetzner.module.control_planes.random_string.identity_file",
            "module.kube-hetzner.module.control_planes.random_string.server",
            "module.kube-hetzner.null_resource.first_control_plane",
            "module.kube-hetzner.random_password.k3s_token"
          ]
        }
      ]
    },
    {
      "module": "module.kube-hetzner",
      "mode": "managed",
      "type": "null_resource",
      "name": "control_planes",
      "provider": "provider[\"registry.terraform.io/hashicorp/null\"]",
      "instances": [
        {
          "index_key": "0-0-control-plane-fsn1",
          "schema_version": 0,
          "attributes": {
            "id": "6317326456909070323",
            "triggers": {
              "control_plane_id": "57216884"
            }
          },
          "sensitive_attributes": [],
          "dependencies": [
            "module.kube-hetzner.data.hcloud_image.microos_arm_snapshot",
            "module.kube-hetzner.data.hcloud_image.microos_x86_snapshot",
            "module.kube-hetzner.data.hcloud_network.k3s",
            "module.kube-hetzner.data.hcloud_ssh_keys.keys_by_selector",
            "module.kube-hetzner.hcloud_firewall.k3s",
            "module.kube-hetzner.hcloud_load_balancer.control_plane",
            "module.kube-hetzner.hcloud_load_balancer_network.control_plane",
            "module.kube-hetzner.hcloud_network.k3s",
            "module.kube-hetzner.hcloud_network_subnet.control_plane",
            "module.kube-hetzner.hcloud_placement_group.control_plane",
            "module.kube-hetzner.hcloud_placement_group.control_plane_named",
            "module.kube-hetzner.hcloud_ssh_key.k3s",
            "module.kube-hetzner.module.control_planes.data.cloudinit_config.config",
            "module.kube-hetzner.module.control_planes.hcloud_rdns.server",
            "module.kube-hetzner.module.control_planes.hcloud_server.server",
            "module.kube-hetzner.module.control_planes.hcloud_server_network.server",
            "module.kube-hetzner.module.control_planes.null_resource.registries",
            "module.kube-hetzner.module.control_planes.null_resource.zram",
            "module.kube-hetzner.module.control_planes.random_string.identity_file",
            "module.kube-hetzner.module.control_planes.random_string.server",
            "module.kube-hetzner.null_resource.authentication_config",
            "module.kube-hetzner.null_resource.control_plane_config",
            "module.kube-hetzner.null_resource.first_control_plane",
            "module.kube-hetzner.random_password.k3s_token"
          ]
        },
        {
          "index_key": "1-0-control-plane-nbg1",
          "schema_version": 0,
          "attributes": {
            "id": "8801480489449077132",
            "triggers": {
              "control_plane_id": "57216879"
            }
          },
          "sensitive_attributes": [],
          "dependencies": [
            "module.kube-hetzner.data.hcloud_image.microos_arm_snapshot",
            "module.kube-hetzner.data.hcloud_image.microos_x86_snapshot",
            "module.kube-hetzner.data.hcloud_network.k3s",
            "module.kube-hetzner.data.hcloud_ssh_keys.keys_by_selector",
            "module.kube-hetzner.hcloud_firewall.k3s",
            "module.kube-hetzner.hcloud_load_balancer.control_plane",
            "module.kube-hetzner.hcloud_load_balancer_network.control_plane",
            "module.kube-hetzner.hcloud_network.k3s",
            "module.kube-hetzner.hcloud_network_subnet.control_plane",
            "module.kube-hetzner.hcloud_placement_group.control_plane",
            "module.kube-hetzner.hcloud_placement_group.control_plane_named",
            "module.kube-hetzner.hcloud_ssh_key.k3s",
            "module.kube-hetzner.module.control_planes.data.cloudinit_config.config",
            "module.kube-hetzner.module.control_planes.hcloud_rdns.server",
            "module.kube-hetzner.module.control_planes.hcloud_server.server",
            "module.kube-hetzner.module.control_planes.hcloud_server_network.server",
            "module.kube-hetzner.module.control_planes.null_resource.registries",
            "module.kube-hetzner.module.control_planes.null_resource.zram",
            "module.kube-hetzner.module.control_planes.random_string.identity_file",
            "module.kube-hetzner.module.control_planes.random_string.server",
            "module.kube-hetzner.null_resource.authentication_config",
            "module.kube-hetzner.null_resource.control_plane_config",
            "module.kube-hetzner.null_resource.first_control_plane",
            "module.kube-hetzner.random_password.k3s_token"
          ]
        },
        {
          "index_key": "2-0-control-plane-hel1",
          "schema_version": 0,
          "attributes": {
            "id": "8267581541496703533",
            "triggers": {
              "control_plane_id": "57216882"
            }
          },
          "sensitive_attributes": [],
          "dependencies": [
            "module.kube-hetzner.data.hcloud_image.microos_arm_snapshot",
            "module.kube-hetzner.data.hcloud_image.microos_x86_snapshot",
            "module.kube-hetzner.data.hcloud_network.k3s",
            "module.kube-hetzner.data.hcloud_ssh_keys.keys_by_selector",
            "module.kube-hetzner.hcloud_firewall.k3s",
            "module.kube-hetzner.hcloud_load_balancer.control_plane",
            "module.kube-hetzner.hcloud_load_balancer_network.control_plane",
            "module.kube-hetzner.hcloud_network.k3s",
            "module.kube-hetzner.hcloud_network_subnet.control_plane",
            "module.kube-hetzner.hcloud_placement_group.control_plane",
            "module.kube-hetzner.hcloud_placement_group.control_plane_named",
            "module.kube-hetzner.hcloud_ssh_key.k3s",
            "module.kube-hetzner.module.control_planes.data.cloudinit_config.config",
            "module.kube-hetzner.module.control_planes.hcloud_rdns.server",
            "module.kube-hetzner.module.control_planes.hcloud_server.server",
            "module.kube-hetzner.module.control_planes.hcloud_server_network.server",
            "module.kube-hetzner.module.control_planes.null_resource.registries",
            "module.kube-hetzner.module.control_planes.null_resource.zram",
            "module.kube-hetzner.module.control_planes.random_string.identity_file",
            "module.kube-hetzner.module.control_planes.random_string.server",
            "module.kube-hetzner.null_resource.authentication_config",
            "module.kube-hetzner.null_resource.control_plane_config",
            "module.kube-hetzner.null_resource.first_control_plane",
            "module.kube-hetzner.random_password.k3s_token"
          ]
        }
      ]
    },
    {
      "module": "module.kube-hetzner",
      "mode": "managed",
      "type": "null_resource",
      "name": "first_control_plane",
      "provider": "provider[\"registry.terraform.io/hashicorp/null\"]",
      "instances": [
        {
          "schema_version": 0,
          "attributes": {
            "id": "1236439066892331231",
            "triggers": null
          },
          "sensitive_attributes": [],
          "dependencies": [
            "module.kube-hetzner.data.hcloud_image.microos_arm_snapshot",
            "module.kube-hetzner.data.hcloud_image.microos_x86_snapshot",
            "module.kube-hetzner.data.hcloud_network.k3s",
            "module.kube-hetzner.data.hcloud_ssh_keys.keys_by_selector",
            "module.kube-hetzner.hcloud_firewall.k3s",
            "module.kube-hetzner.hcloud_load_balancer.control_plane",
            "module.kube-hetzner.hcloud_load_balancer_network.control_plane",
            "module.kube-hetzner.hcloud_network.k3s",
            "module.kube-hetzner.hcloud_network_subnet.control_plane",
            "module.kube-hetzner.hcloud_placement_group.control_plane",
            "module.kube-hetzner.hcloud_placement_group.control_plane_named",
            "module.kube-hetzner.hcloud_ssh_key.k3s",
            "module.kube-hetzner.module.control_planes.data.cloudinit_config.config",
            "module.kube-hetzner.module.control_planes.hcloud_rdns.server",
            "module.kube-hetzner.module.control_planes.hcloud_server.server",
            "module.kube-hetzner.module.control_planes.hcloud_server_network.server",
            "module.kube-hetzner.module.control_planes.null_resource.registries",
            "module.kube-hetzner.module.control_planes.null_resource.zram",
            "module.kube-hetzner.module.control_planes.random_string.identity_file",
            "module.kube-hetzner.module.control_planes.random_string.server",
            "module.kube-hetzner.random_password.k3s_token"
          ]
        }
      ]
    },
    {
      "module": "module.kube-hetzner",
      "mode": "managed",
      "type": "null_resource",
      "name": "kustomization",
      "provider": "provider[\"registry.terraform.io/hashicorp/null\"]",
      "instances": [
        {
          "schema_version": 0,
          "attributes": {
            "id": "2297758543999392781",
            "triggers": {
              "helm_values_yaml": "image:\n  tag: \ndeployment:\n  replicas: 2\nglobalArguments: []\nservice:\n  enabled: true\n  type: LoadBalancer\n  annotations:\n    \"load-balancer.hetzner.cloud/name\": \"k3s-traefik\"\n    \"load-balancer.hetzner.cloud/use-private-ip\": \"true\"\n    \"load-balancer.hetzner.cloud/disable-private-ingress\": \"true\"\n    \"load-balancer.hetzner.cloud/disable-public-network\": \"false\"\n    \"load-balancer.hetzner.cloud/ipv6-disabled\": \"false\"\n    \"load-balancer.hetzner.cloud/location\": \"fsn1\"\n    \"load-balancer.hetzner.cloud/type\": \"lb11\"\n    \"load-balancer.hetzner.cloud/uses-proxyprotocol\": \"true\"\n    \"load-balancer.hetzner.cloud/algorithm-type\": \"round_robin\"\n    \"load-balancer.hetzner.cloud/health-check-interval\": \"15s\"\n    \"load-balancer.hetzner.cloud/health-check-timeout\": \"10s\"\n    \"load-balancer.hetzner.cloud/health-check-retries\": \"3\"\nports:\n  web:\n    redirectTo:\n      port: websecure\n    proxyProtocol:\n      trustedIPs:\n        - 127.0.0.1/32\n        - 10.0.0.0/8\n        - \"173.245.48.0/20\"\n        - \"103.21.244.0/22\"\n        - \"103.22.200.0/22\"\n        - \"103.31.4.0/22\"\n        - \"141.101.64.0/18\"\n        - \"108.162.192.0/18\"\n        - \"190.93.240.0/20\"\n        - \"188.114.96.0/20\"\n        - \"197.234.240.0/22\"\n        - \"198.41.128.0/17\"\n        - \"162.158.0.0/15\"\n        - \"104.16.0.0/13\"\n        - \"104.24.0.0/14\"\n        - \"172.64.0.0/13\"\n        - \"131.0.72.0/22\"\n        - \"2400:cb00::/32\"\n        - \"2606:4700::/32\"\n        - \"2803:f800::/32\"\n        - \"2405:b500::/32\"\n        - \"2405:8100::/32\"\n        - \"2a06:98c0::/29\"\n        - \"2c0f:f248::/32\"\n    forwardedHeaders:\n      trustedIPs:\n        - 127.0.0.1/32\n        - 10.0.0.0/8\n        - \"173.245.48.0/20\"\n        - \"103.21.244.0/22\"\n        - \"103.22.200.0/22\"\n        - \"103.31.4.0/22\"\n        - \"141.101.64.0/18\"\n        - \"108.162.192.0/18\"\n        - \"190.93.240.0/20\"\n        - \"188.114.96.0/20\"\n        - \"197.234.240.0/22\"\n        - \"198.41.128.0/17\"\n        - \"162.158.0.0/15\"\n        - \"104.16.0.0/13\"\n        - \"104.24.0.0/14\"\n        - \"172.64.0.0/13\"\n        - \"131.0.72.0/22\"\n        - \"2400:cb00::/32\"\n        - \"2606:4700::/32\"\n        - \"2803:f800::/32\"\n        - \"2405:b500::/32\"\n        - \"2405:8100::/32\"\n        - \"2a06:98c0::/29\"\n        - \"2c0f:f248::/32\"\n  websecure:\n    proxyProtocol:\n      trustedIPs:\n        - 127.0.0.1/32\n        - 10.0.0.0/8\n        - \"173.245.48.0/20\"\n        - \"103.21.244.0/22\"\n        - \"103.22.200.0/22\"\n        - \"103.31.4.0/22\"\n        - \"141.101.64.0/18\"\n        - \"108.162.192.0/18\"\n        - \"190.93.240.0/20\"\n        - \"188.114.96.0/20\"\n        - \"197.234.240.0/22\"\n        - \"198.41.128.0/17\"\n        - \"162.158.0.0/15\"\n        - \"104.16.0.0/13\"\n        - \"104.24.0.0/14\"\n        - \"172.64.0.0/13\"\n        - \"131.0.72.0/22\"\n        - \"2400:cb00::/32\"\n        - \"2606:4700::/32\"\n        - \"2803:f800::/32\"\n        - \"2405:b500::/32\"\n        - \"2405:8100::/32\"\n        - \"2a06:98c0::/29\"\n        - \"2c0f:f248::/32\"\n    forwardedHeaders:\n      trustedIPs:\n        - 127.0.0.1/32\n        - 10.0.0.0/8\n        - \"173.245.48.0/20\"\n        - \"103.21.244.0/22\"\n        - \"103.22.200.0/22\"\n        - \"103.31.4.0/22\"\n        - \"141.101.64.0/18\"\n        - \"108.162.192.0/18\"\n        - \"190.93.240.0/20\"\n        - \"188.114.96.0/20\"\n        - \"197.234.240.0/22\"\n        - \"198.41.128.0/17\"\n        - \"162.158.0.0/15\"\n        - \"104.16.0.0/13\"\n        - \"104.24.0.0/14\"\n        - \"172.64.0.0/13\"\n        - \"131.0.72.0/22\"\n        - \"2400:cb00::/32\"\n        - \"2606:4700::/32\"\n        - \"2803:f800::/32\"\n        - \"2405:b500::/32\"\n        - \"2405:8100::/32\"\n        - \"2a06:98c0::/29\"\n        - \"2c0f:f248::/32\"\npodDisruptionBudget:\n  enabled: true\n  maxUnavailable: 33%\nadditionalArguments:\n  - \"--providers.kubernetesingress.ingressendpoint.publishedservice=traefik/traefik\"\nresources:\n  requests:\n    cpu: \"100m\"\n    memory: \"50Mi\"\n  limits:\n    cpu: \"300m\"\n    memory: \"150Mi\"\nautoscaling:\n  enabled: true\n  minReplicas: 2\n  maxReplicas: 10\n---\ncontroller:\n  watchIngressWithoutClass: \"true\"\n  kind: \"Deployment\"\n  replicaCount: 2\n  config:\n    \"use-forwarded-headers\": \"true\"\n    \"compute-full-forwarded-for\": \"true\"\n    \"use-proxy-protocol\": \"true\"\n  service:\n    annotations:\n      \"load-balancer.hetzner.cloud/name\": \"k3s-traefik\"\n      \"load-balancer.hetzner.cloud/use-private-ip\": \"true\"\n      \"load-balancer.hetzner.cloud/disable-private-ingress\": \"true\"\n      \"load-balancer.hetzner.cloud/disable-public-network\": \"false\"\n      \"load-balancer.hetzner.cloud/ipv6-disabled\": \"false\"\n      \"load-balancer.hetzner.cloud/location\": \"fsn1\"\n      \"load-balancer.hetzner.cloud/type\": \"lb11\"\n      \"load-balancer.hetzner.cloud/uses-proxyprotocol\": \"true\"\n      \"load-balancer.hetzner.cloud/algorithm-type\": \"round_robin\"\n      \"load-balancer.hetzner.cloud/health-check-interval\": \"15s\"\n      \"load-balancer.hetzner.cloud/health-check-timeout\": \"10s\"\n      \"load-balancer.hetzner.cloud/health-check-retries\": \"3\"\n---\ncontroller:\n  kind: \"Deployment\"\n  replicaCount: 2\n  ingressClass: null\n  resources:\n    requests:\n      cpu: \"250m\"\n      memory: \"400Mi\"\n  config:\n    ssl-redirect: \"false\"\n    forwarded-for: \"true\"\n    proxy-protocol: \"127.0.0.1/32, 10.0.0.0/8\"\n  service:\n    type: LoadBalancer\n    enablePorts:\n      quic: false\n      stat: false\n      prometheus: false\n    annotations:\n      \"load-balancer.hetzner.cloud/name\": \"k3s-traefik\"\n      \"load-balancer.hetzner.cloud/use-private-ip\": \"true\"\n      \"load-balancer.hetzner.cloud/disable-private-ingress\": \"true\"\n      \"load-balancer.hetzner.cloud/disable-public-network\": \"false\"\n      \"load-balancer.hetzner.cloud/ipv6-disabled\": \"false\"\n      \"load-balancer.hetzner.cloud/location\": \"fsn1\"\n      \"load-balancer.hetzner.cloud/type\": \"lb11\"\n      \"load-balancer.hetzner.cloud/uses-proxyprotocol\": \"true\"\n      \"load-balancer.hetzner.cloud/algorithm-type\": \"round_robin\"\n      \"load-balancer.hetzner.cloud/health-check-interval\": \"15s\"\n      \"load-balancer.hetzner.cloud/health-check-timeout\": \"10s\"\n      \"load-balancer.hetzner.cloud/health-check-retries\": \"3\"\n---\nkind: DaemonSet\napiVersion: apps/v1\nmetadata:\n  name: calico-node\n  namespace: kube-system\n  labels:\n    k8s-app: calico-node\nspec:\n  template:\n    spec:\n      volumes:\n        - name: flexvol-driver-host\n          hostPath:\n            type: DirectoryOrCreate\n            path: /var/lib/kubelet/volumeplugins/nodeagent~uds\n      containers:\n        - name: calico-node\n          env:\n            - name: CALICO_IPV4POOL_CIDR\n              value: \"10.42.0.0/16\"\n            - name: FELIX_WIREGUARDENABLED\n              value: \"false\"\n\n---\n# Enable Kubernetes host-scope IPAM mode (required for K3s + Hetzner CCM)\nipam:\n  mode: kubernetes\nk8s:\n  requireIPv4PodCIDR: true\n\n# Replace kube-proxy with Cilium\nkubeProxyReplacement: true\n\n# Access to Kube API Server (mandatory if kube-proxy is disabled)\nk8sServiceHost: \"127.0.0.1\"\nk8sServicePort: \"6444\"\n\n# Set Tunnel Mode or Native Routing Mode (supported by Hetzner CCM Route Controller)\nroutingMode: \"tunnel\"\n\nendpointRoutes:\n  # Enable use of per endpoint routes instead of routing via the cilium_host interface.\n  enabled: true\n\nloadBalancer:\n  # Enable LoadBalancer \u0026 NodePort XDP Acceleration (direct routing (routingMode=native) is recommended to achieve optimal performance)\n  acceleration: native\n\nbpf:\n  # Enable eBPF-based Masquerading (\"The eBPF-based implementation is the most efficient implementation\")\n  masquerade: true\n\n\nMTU: 1450\n---\ndefaultSettings:\n  defaultDataPath: /var/longhorn\npersistence:\n  defaultFsType: ext4\n  defaultClassReplicaCount: 3\n  defaultClass: false---\n---\ninstallCRDs: true\n---\nhostname: \"\"\nreplicas: 3\nbootstrapPassword: \"954SInGjpyz7Yme38iXVbMkmJRs3e9inYphDc1WprDEqxAZm\"\nglobal:\n  cattle:\n    psp:\n      enabled: false\n---\n",
              "options": "end-time=6am\nlock-ttl=30m\nperiod=5m\npost-reboot-node-labels=kured=done\npre-reboot-node-labels=kured=rebooting\nreboot-command=/usr/bin/systemctl reboot\nreboot-days=su\nreboot-sentinel=/sentinel/reboot-required\nstart-time=3am\ntime-zone=Brisbane/Australia",
              "versions": "v1.30\nN/A\nv1.30.3\nN/A\nN/A\nN/A\nN/A\n1.15.1\nN/A\nN/A\nN/A"
            }
          },
          "sensitive_attributes": [
            [
              {
                "type": "get_attr",
                "value": "triggers"
              },
              {
                "type": "index",
                "value": {
                  "value": "helm_values_yaml",
                  "type": "string"
                }
              }
            ]
          ],
          "dependencies": [
            "module.kube-hetzner.data.github_release.calico",
            "module.kube-hetzner.data.github_release.hetzner_ccm",
            "module.kube-hetzner.data.github_release.hetzner_csi",
            "module.kube-hetzner.data.github_release.kured",
            "module.kube-hetzner.data.hcloud_image.microos_arm_snapshot",
            "module.kube-hetzner.data.hcloud_image.microos_x86_snapshot",
            "module.kube-hetzner.data.hcloud_network.k3s",
            "module.kube-hetzner.data.hcloud_ssh_keys.keys_by_selector",
            "module.kube-hetzner.hcloud_firewall.k3s",
            "module.kube-hetzner.hcloud_load_balancer.cluster",
            "module.kube-hetzner.hcloud_load_balancer.control_plane",
            "module.kube-hetzner.hcloud_load_balancer_network.control_plane",
            "module.kube-hetzner.hcloud_network.k3s",
            "module.kube-hetzner.hcloud_network_subnet.agent",
            "module.kube-hetzner.hcloud_network_subnet.control_plane",
            "module.kube-hetzner.hcloud_placement_group.agent",
            "module.kube-hetzner.hcloud_placement_group.agent_named",
            "module.kube-hetzner.hcloud_placement_group.control_plane",
            "module.kube-hetzner.hcloud_placement_group.control_plane_named",
            "module.kube-hetzner.hcloud_ssh_key.k3s",
            "module.kube-hetzner.hcloud_volume.longhorn_volume",
            "module.kube-hetzner.module.agents.data.cloudinit_config.config",
            "module.kube-hetzner.module.agents.hcloud_rdns.server",
            "module.kube-hetzner.module.agents.hcloud_server.server",
            "module.kube-hetzner.module.agents.hcloud_server_network.server",
            "module.kube-hetzner.module.agents.null_resource.registries",
            "module.kube-hetzner.module.agents.null_resource.zram",
            "module.kube-hetzner.module.agents.random_string.identity_file",
            "module.kube-hetzner.module.agents.random_string.server",
            "module.kube-hetzner.module.control_planes.data.cloudinit_config.config",
            "module.kube-hetzner.module.control_planes.hcloud_rdns.server",
            "module.kube-hetzner.module.control_planes.hcloud_server.server",
            "module.kube-hetzner.module.control_planes.hcloud_server_network.server",
            "module.kube-hetzner.module.control_planes.null_resource.registries",
            "module.kube-hetzner.module.control_planes.null_resource.zram",
            "module.kube-hetzner.module.control_planes.random_string.identity_file",
            "module.kube-hetzner.module.control_planes.random_string.server",
            "module.kube-hetzner.null_resource.authentication_config",
            "module.kube-hetzner.null_resource.control_plane_config",
            "module.kube-hetzner.null_resource.control_planes",
            "module.kube-hetzner.null_resource.first_control_plane",
            "module.kube-hetzner.random_password.k3s_token",
            "module.kube-hetzner.random_password.rancher_bootstrap"
          ]
        }
      ]
    },
    {
      "module": "module.kube-hetzner",
      "mode": "managed",
      "type": "random_password",
      "name": "k3s_token",
      "provider": "provider[\"registry.terraform.io/hashicorp/random\"]",
      "instances": [
        {
          "schema_version": 3,
          "attributes": {
            "bcrypt_hash": "$2a$10$H6DibJwz15IfjvvCXHsAK.V15cAkwnBemkcNekgRHu.zmNN2xZAjy",
            "id": "none",
            "keepers": null,
            "length": 48,
            "lower": true,
            "min_lower": 0,
            "min_numeric": 0,
            "min_special": 0,
            "min_upper": 0,
            "number": true,
            "numeric": true,
            "override_special": null,
            "result": "wKPh1IYjjGRMiVHmGlVZae4xxrDxj9OhE6YDJSTXcVeQ0Ymk",
            "special": false,
            "upper": true
          },
          "sensitive_attributes": [
            [
              {
                "type": "get_attr",
                "value": "bcrypt_hash"
              }
            ],
            [
              {
                "type": "get_attr",
                "value": "result"
              }
            ]
          ]
        }
      ]
    },
    {
      "module": "module.kube-hetzner",
      "mode": "managed",
      "type": "random_password",
      "name": "rancher_bootstrap",
      "provider": "provider[\"registry.terraform.io/hashicorp/random\"]",
      "instances": [
        {
          "index_key": 0,
          "schema_version": 3,
          "attributes": {
            "bcrypt_hash": "$2a$10$IiWnWig6DzXptmjOiLTtkOgCJtIWNaIy6wT3oM6HHVo61Kx07gFzm",
            "id": "none",
            "keepers": null,
            "length": 48,
            "lower": true,
            "min_lower": 0,
            "min_numeric": 0,
            "min_special": 0,
            "min_upper": 0,
            "number": true,
            "numeric": true,
            "override_special": null,
            "result": "954SInGjpyz7Yme38iXVbMkmJRs3e9inYphDc1WprDEqxAZm",
            "special": false,
            "upper": true
          },
          "sensitive_attributes": [
            [
              {
                "type": "get_attr",
                "value": "result"
              }
            ],
            [
              {
                "type": "get_attr",
                "value": "bcrypt_hash"
              }
            ]
          ]
        }
      ]
    },
    {
      "module": "module.kube-hetzner.module.agents[\"0-0-agent-small-1\"]",
      "mode": "data",
      "type": "cloudinit_config",
      "name": "config",
      "provider": "provider[\"registry.terraform.io/hashicorp/cloudinit\"]",
      "instances": [
        {
          "schema_version": 0,
          "attributes": {
            "base64_encode": true,
            "boundary": "MIMEBOUNDARY",
            "gzip": true,
            "id": "2341585264",
            "part": [
              {
                "content": "#cloud-config\n\ndebug: True\n\nwrite_files:\n\n# Script to rename the private interface to eth1 and unify NetworkManager connection naming\n- path: /etc/cloud/rename_interface.sh\n  content: |\n    #!/bin/bash\n    set -euo pipefail\n\n    sleep 11\n\n    INTERFACE=$(ip link show | awk '/^3:/{print $2}' | sed 's/://g')\n    MAC=$(cat /sys/class/net/$INTERFACE/address)\n\n    cat \u003c\u003cEOF \u003e /etc/udev/rules.d/70-persistent-net.rules\n    SUBSYSTEM==\"net\", ACTION==\"add\", DRIVERS==\"?*\", ATTR{address}==\"$MAC\", NAME=\"eth1\"\n    EOF\n\n    ip link set $INTERFACE down\n    ip link set $INTERFACE name eth1\n    ip link set eth1 up\n\n    eth0_connection=$(nmcli -g GENERAL.CONNECTION device show eth0)\n    nmcli connection modify \"$eth0_connection\" \\\n      con-name eth0 \\\n      connection.interface-name eth0\n\n    eth1_connection=$(nmcli -g GENERAL.CONNECTION device show eth1)\n    nmcli connection modify \"$eth1_connection\" \\\n      con-name eth1 \\\n      connection.interface-name eth1\n\n    systemctl restart NetworkManager\n  permissions: \"0744\"\n\n# Disable ssh password authentication\n- content: |\n    Port 22\n    PasswordAuthentication no\n    X11Forwarding no\n    MaxAuthTries 2\n    AllowTcpForwarding no\n    AllowAgentForwarding no\n    AuthorizedKeysFile .ssh/authorized_keys\n  path: /etc/ssh/sshd_config.d/kube-hetzner.conf\n\n# Set reboot method as \"kured\"\n- content: |\n    REBOOT_METHOD=kured\n  path: /etc/transactional-update.conf\n\n# Create Rancher repo config\n- content: |\n    [rancher-k3s-common-stable]\n    name=Rancher K3s Common (stable)\n    baseurl=https://rpm.rancher.io/k3s/stable/common/microos/noarch\n    enabled=1\n    gpgcheck=1\n    repo_gpgcheck=0\n    gpgkey=https://rpm.rancher.io/public.key\n  path: /etc/zypp/repos.d/rancher-k3s-common.repo\n\n# Create the kube_hetzner_selinux.te file, that allows in SELinux to not interfere with various needed services\n- path: /root/kube_hetzner_selinux.te\n  content: |\n    module kube_hetzner_selinux 1.0;\n\n    require {\n        type kernel_t, bin_t, kernel_generic_helper_t, iscsid_t, iscsid_exec_t, var_run_t, var_lib_t,\n            init_t, unlabeled_t, systemd_logind_t, systemd_hostnamed_t, container_t,\n            cert_t, container_var_lib_t, etc_t, usr_t, container_file_t, container_log_t,\n            container_share_t, container_runtime_exec_t, container_runtime_t, var_log_t, proc_t, io_uring_t, fuse_device_t, http_port_t,\n            container_var_run_t;\n        class key { read view };\n        class file { open read execute execute_no_trans create link lock rename write append setattr unlink getattr watch };\n        class sock_file { watch write create unlink };\n        class unix_dgram_socket create;\n        class unix_stream_socket { connectto read write };\n        class dir { add_name create getattr link lock read rename remove_name reparent rmdir setattr unlink search write watch };\n        class lnk_file { read create };\n        class system module_request;\n        class filesystem associate;\n        class bpf map_create;\n        class io_uring sqpoll;\n        class anon_inode { create map read write };\n        class tcp_socket name_connect;\n        class chr_file { open read write };\n    }\n\n    #============= kernel_generic_helper_t ==============\n    allow kernel_generic_helper_t bin_t:file execute_no_trans;\n    allow kernel_generic_helper_t kernel_t:key { read view };\n    allow kernel_generic_helper_t self:unix_dgram_socket create;\n\n    #============= iscsid_t ==============\n    allow iscsid_t iscsid_exec_t:file execute;\n    allow iscsid_t var_run_t:sock_file write;\n    allow iscsid_t var_run_t:unix_stream_socket connectto;\n\n    #============= init_t ==============\n    allow init_t unlabeled_t:dir { add_name remove_name rmdir search };\n    allow init_t unlabeled_t:lnk_file create;\n    allow init_t container_t:file { open read };\n    allow init_t container_file_t:file { execute execute_no_trans };\n    allow init_t fuse_device_t:chr_file { open read write };\n    allow init_t http_port_t:tcp_socket name_connect;\n\n    #============= systemd_logind_t ==============\n    allow systemd_logind_t unlabeled_t:dir search;\n\n    #============= systemd_hostnamed_t ==============\n    allow systemd_hostnamed_t unlabeled_t:dir search;\n\n    #============= container_t ==============\n    allow container_t { cert_t container_log_t }:dir read;\n    allow container_t { cert_t container_log_t }:lnk_file read;\n    allow container_t cert_t:file { read open };\n    allow container_t container_var_lib_t:file { create open read write rename lock setattr getattr unlink };\n    allow container_t etc_t:dir { add_name remove_name write create setattr watch };\n    allow container_t etc_t:file { create setattr unlink write };\n    allow container_t etc_t:sock_file { create unlink };\n    allow container_t usr_t:dir { add_name create getattr link lock read rename remove_name reparent rmdir setattr unlink search write };\n    allow container_t usr_t:file { append create execute getattr link lock read rename setattr unlink write };\n    allow container_t container_file_t:file { open read write append getattr setattr lock };\n    allow container_t container_file_t:sock_file watch;\n    allow container_t container_log_t:file { open read write append getattr setattr watch };\n    allow container_t container_share_t:dir { read write add_name remove_name };\n    allow container_t container_share_t:file { read write create unlink };\n    allow container_t container_runtime_exec_t:file { read execute execute_no_trans open };\n    allow container_t container_runtime_t:unix_stream_socket { connectto read write };\n    allow container_t kernel_t:system module_request;\n    allow container_t var_log_t:dir { add_name write remove_name watch read };\n    allow container_t var_log_t:file { create lock open read setattr write unlink getattr };\n    allow container_t var_lib_t:dir { add_name write read };\n    allow container_t var_lib_t:file { create lock open read setattr write getattr };\n    allow container_t proc_t:filesystem associate;\n    allow container_t self:bpf map_create;\n    allow container_t self:io_uring sqpoll;\n    allow container_t io_uring_t:anon_inode { create map read write };\n    allow container_t container_var_run_t:dir { add_name remove_name write };\n    allow container_t container_var_run_t:file { create open read rename unlink write };\n\n# Create the k3s registries file if needed\n\n# Create k3s registries file\n- content: IA==\n  encoding: base64\n  path: /etc/rancher/k3s/registries.yaml\n\n\n# Apply new DNS config\n\n# Set prepare for manual dns config\n- content: |\n    [main]\n    dns=none\n  path: /etc/NetworkManager/conf.d/dns.conf\n\n- content: |\n        nameserver 1.1.1.1\n        nameserver 8.8.8.8\n        nameserver 2606:4700:4700::1111\n    \n  path: /etc/resolv.conf\n  permissions: '0644'\n\n\n\n# Add ssh authorized keys\nssh_authorized_keys:\n  - ssh-ed25519 AAAAC3NzaC1lZDI1NTE5AAAAIF4oAYP6i7oC59RpJbmNVvlvfa5oIzOYXCvlSuRNUIyc\n\n# Resize /var, not /, as that's the last partition in MicroOS image.\ngrowpart:\n    devices: [\"/var\"]\n\n# Make sure the hostname is set correctly\nhostname: k3s-agent-small-1-ior\npreserve_hostname: true\n\nruncmd:\n\n# ensure that /var uses full available disk size, thanks to btrfs this is easy\n- [btrfs, 'filesystem', 'resize', 'max', '/var']\n\n# SELinux permission for the SSH alternative port\n\n\n# Create and apply the necessary SELinux module for kube-hetzner\n- [checkmodule, '-M', '-m', '-o', '/root/kube_hetzner_selinux.mod', '/root/kube_hetzner_selinux.te']\n- ['semodule_package', '-o', '/root/kube_hetzner_selinux.pp', '-m', '/root/kube_hetzner_selinux.mod']\n- [semodule, '-i', '/root/kube_hetzner_selinux.pp']\n- [setsebool, '-P', 'virt_use_samba', '1']\n- [setsebool, '-P', 'domain_kernel_load_modules', '1']\n\n# Disable rebootmgr service as we use kured instead\n- [systemctl, disable, '--now', 'rebootmgr.service']\n\n\n# Set the dns manually\n- [systemctl, 'reload', 'NetworkManager']\n\n\n# Bounds the amount of logs that can survive on the system\n- [sed, '-i', 's/#SystemMaxUse=/SystemMaxUse=3G/g', /etc/systemd/journald.conf]\n- [sed, '-i', 's/#MaxRetentionSec=/MaxRetentionSec=1week/g', /etc/systemd/journald.conf]\n\n# Reduces the default number of snapshots from 2-10 number limit, to 4 and from 4-10 number limit important, to 2\n- [sed, '-i', 's/NUMBER_LIMIT=\"2-10\"/NUMBER_LIMIT=\"4\"/g', /etc/snapper/configs/root]\n- [sed, '-i', 's/NUMBER_LIMIT_IMPORTANT=\"4-10\"/NUMBER_LIMIT_IMPORTANT=\"3\"/g', /etc/snapper/configs/root]\n\n# Allow network interface\n- [chmod, '+x', '/etc/cloud/rename_interface.sh']\n\n# Restart the sshd service to apply the new config\n- [systemctl, 'restart', 'sshd']\n\n# Make sure the network is up\n- [systemctl, restart, NetworkManager]\n- [systemctl, status, NetworkManager]\n- [ip, route, add, default, via, '172.31.1.1', dev, 'eth0']\n\n# Cleanup some logs\n- [truncate, '-s', '0', '/var/log/audit/audit.log']\n\n\n",
                "content_type": "text/cloud-config",
                "filename": "init.cfg",
                "merge_type": null
              }
            ],
            "rendered": "H4sIAAAAAAAA/7Ra/2/bOLL/3UD/h3luAXffs6w4Sdu37voOburu5nadFIm72N5eT6DFscSzRGpJyo6b7f9+ICnZsuQv7QHXAolNznxmOJxvGuVKcI1ce9N1hgNI80SzjEjtp+wB6WuYiZxTItfD9uR6Mn5z++Hm7ejuY7tlvnm/olRM8AH0e2dPWk9anlcletIqsd8ylQnFtKUlWpMwTpHr1zBnCXKS4rDNONO9cB61t1xTSbiao/TGPBSU8WgAr2ZMVwisyhoftB8mIqdeKPicRU9aE5ZiQ7mnVZpWi+IsjwYwlTm2WivJNAZGGzVotZ7CfShZpkELkFY/0DFCJtmSaATGNco5CdHso477QDiFnLP5Gm5Qr4RcTAgnEUoIBecYmnMDJynjUcuDjOh4AD7q0GntOxHBBran4hYYVnPIAfzZAgB4+j/+jHF/RuwmgEINHuYCMpbhnLCk5ZYTxAz6ffft+mY6vns3uhoPnz1nGSSML0DFYgV/AlktoOP/82LgP2aScQ3Pzr904E9QSKGj/IHvR53vLMhkdDV89jwkGny1Vn6YEKV8jtp/toH3CaUSlfrOiTW0P/wwvn0Hf3HnzCkufZknqHrUf3XmZeZqlL1Djrpndyzn/Yc39x/vp+PJcNjmqNtdGF1Nr29vhsM2obTdhbd317+O7+6Hw/Zf/9fsTqd3j4XwL8Nh+9lkdNXuws1oMh62zdW0Lez49p3TbGME1LBVH6hY8WP71gUMXIPIXn+eOXTU8VmwvfLhs+c8DRMGXgQ/jm/Gd6Nfele3NzdjeySguGQhuvswnM7ajqPiN6mgxrHaz2robfiHZbCe4pUanlVXC8rexrO2ZBuF+/+xwv2vULh/UuH+1ylcOLRaK41pqBOQqDSRuhZwLYAMZcqUiXw1gPbZq8vLtonot0yRWYKgVAwZUWolJAWS6xi5ZiExYltePejeC6nh/Nx9LphGOzzAhd39rd9/J+SKSJOnysUJeTDUU8lQgUMZJYlYTcOsSWx3RhFyvWcv17GQ7DPSn3Gt3rEEoadU7JPNerDAtQmhSnIxBErFNHAZr0f9RT5DL0b9maPsmVWb6lCDxJkQGlLUsaBAFLQXuUTablrkbvzm9nYaTMbTn27fDi3VrlRtkjax10gSL88o0biRdSXRJNA7wsMYJUjMBBT5uCHpd+movMWF8kKRpoJ7Sps7/OT8zpSNEunnCwVXlgaeOyLnnDOiMJfJMNY6UwPfl1naK3B7TPiLC+U7ct9J8FMWSiGUzwWRocu0yA0BHbrgj7IojDFcFF/NEYLN2llJssD1IZlZPktY2Fvgetdwn9dZ5hs4kyObZ++ZrYoNTUEy9xkU9xkoTBjPH3oabVXtgo6JBmK8SgHjcD/+xeybmsWFLooYSoQV0zEsiWQiV8ARKVJQKE2sq225kkJo/4DAZrVKBc2T/Qqacvy6VRjvj5xJhMciAwDodYawQMkxCXQXZoybX8VChBwlC4MYkwyl2WAqVIxWPuEDhubrkshA5rz8mLBZoLsbKTaJc6bNds4TMsMELYpLLzRIRMT4zkoslDYeZxfNYQnjVocd0BCl3iXYSgfUVrVcyV0Sc1u7K4mIGsibTRUTWaOXOdcsxc3pmzulHSwwZFJYOiaCXDJu1+a5wsBlePPVOG+QCXucA4psbPx6Q2B7A1jgGh5BIqGwZLiCL3UCc2J4BJEhd2RG8Vxj+TvgIrB5BELn7LbcJiJclO2Y7deAZBly46yaaC3NVRq6qPi6IjqMm8KVCBdBoYEjcWCFqAKkwZZz9hDQSJI0MAioC4a9dEpL3BI+lqXNtpOEFgIbIiiT8AiE0sCesVCoPE7VBoSWhpCYiiUGxeeMSOQaZGqgamZRaDJaIfuAbRK+MY0VUqjQtKGNiiLKAxPGqBpuYLtpR0iUEiHbY61ZNoeUZMF+W5b+CeqPTCRJfZtwwQPGBTX6FqqmJDtqYx1m5bXYpru4mTpZGMug4aU7kF9cCns6rP47lKlgh2poOW1mPshgM9/AqlAPitdfwV6m0MGBWDzOrTCZDw47/L6Dl5n48Ek3FDupeueIr/eRb9LMYBu59iZOUO8JxE0YHjiDLQlHTuD2KxVjUAvZnWgsgtBG3Y7Z9+BsAq8aCDvUlZozaHjmPvh6gSm5DubafSA7VWFwOip2mCs1ZHAw7vZdRL0MH76SBmX9cpz9j4up1PbTkqrE3yKscn+HhVSJHotuot4XwBcry9j+9bezbhztGL/jHlQrgb3vLwcZmv1OyV3k5bq/FOXL1rOyUEW7BeugNNtIHQu9nYKu9rUDh0B3la5V0D2e3kSothd7W4omo+0I6+f5b1b/E5oU2hfdVaFImTaOK/RtFjuUourOUmhSii6FWOlfD14pH8YVTvPZmPlGnU54WaONL669CrzPo78BsBq1RzrbY1C7zxM7iAerx9cmiM0Tyb4CfbxTbsJu2pwjDWmTa/MkVI+5MjVVMom9zmaN3Q+3G/bWPbdus/EQK6T2rHIc3ObTA7qe1GxPMj6q2UmV3NPj4HB732SxDeW+Xv8A6d7Gv0m7fX4dfP2zwKnq5brHk9Xlm9AO1cIia9azZW3Kc6FAYsSUtnNEi8XmxaSmQruHrjpVux7ZVgM371JmROHLy90hVDF3soOxLVZvTdKkZUSNsixZA8cVvL25L0d3xRAxcxUI5kJCSnhOEqDmEf7QfC8ljLtRHuVqyAXHXV12J7u+welRn3JVjBMbiFBMBRXKJUro9+z/fVv/37P/922dvzx7Obh8dXbmfgz6/b6DqBkKlUiWTpPazLlz9vLystNy9qLUTpy3g1qwg1ql4qA2vB20ADxD7CE9f/Gi/z2MRqPR1cXNZ3LVT/7+9rp/Mx2/MGvX7y7F6OP7l+yVuHrx/V32t1l68+syWc7JC3H9+fbjb1fL5D6/u/lwvQ6NEneo2GcEf0lk187+/C4QZeeDHWVdLCFKQ0aktq/ogHGYsFCK23tgKYmw14qkWJn9gbsv+0CgBvB724C2PxkpE7JAULl0Tlu2ycCUfU8SCikx1Mm6Ve4MjMN6JEKuPZWSJPH6HhOylUl3FcGWUNt3dDLnYUrt6znkhSCi7bEgV8bj8yQBsiQssZN+ytQCzMntKJQvFGgBMy3n5sxMGc2QqHXLg9/tahc625zW6UJHWruZTyl5ML+MqI49bDlM3V68dXtz8vv7n4AkGiUnmi0RzANQqxKmhFPTPCRrS80xRKWIXG8gi9GpgavO642adsjs9rvQ8SZGJ8+q6gmr3+EhbSroCQqNnU9GSEdhUUYzEi5IhF+Fn2VbZU6oYaWUQgwTO41d8GiFMyESw/TeMC2Z1IF5RFUknRGz0j9ESoXJN0HRMSSC0MBpoEq2yksi9z4kjWQ5CDfxskLjZmDfeQDjSiOhVlb5TqprXM7wG6EeFyvnRAVUr4AykoqMaRzApEiXLZN1Da0j0ehpUHZzYQHxRuScugAmqci5BjGHREQutCEk3MTj0jih4JbMgTsD0Y3plf/03m5MyMMHhUN/59vFj37U6RavlNxDsP8vkUtOEmrz36c9eBPycIcmNzPB7zEc+vWF/gpxcRLYJi+ah+hOSXFO8kQDz9MZSnNaxUmmYqEVzKVI4dzrn5W7CUuZ7pqYv7QxZwku6wTAUhOghDvS8+ZZbj5M3ozvgl+uJ9fTYdtIaNfWLtuVg3DzYOCqFYuU9eo9BqoCBNeT97d309GNgWrAV3cvTgoyJcd2JNw5zPZvFVz+SIXR4v9cNjv6FwidwvruLat1HhVvXgwZW1WT2Gpb5msebPntoVVMO3sqxUZTBXlW4y/Yu7W3vJ9qZEoTnau9VCzrghS5xq5p5rqlC3VhyYiJ+1fnvQvbJnTM3rILHdTxmdPzKkHC8wyUsJOKSBlAbcoQ0TbGbeo4KyuDn4jIJzll2v3sJSKykVr/uxjPe9L6dwAAAP//SYKlfHYjAAA="
          },
          "sensitive_attributes": []
        }
      ]
    },
    {
      "module": "module.kube-hetzner.module.agents[\"0-0-agent-small-1\"]",
      "mode": "managed",
      "type": "hcloud_server",
      "name": "server",
      "provider": "provider[\"registry.terraform.io/hetznercloud/hcloud\"]",
      "instances": [
        {
          "schema_version": 0,
          "attributes": {
            "allow_deprecated_images": false,
            "backup_window": "",
            "backups": false,
            "datacenter": "fsn1-dc14",
            "delete_protection": false,
            "firewall_ids": [
              1779415
            ],
            "id": "57216883",
            "ignore_remote_firewall_ids": false,
            "image": "203372335",
            "ipv4_address": "188.245.232.201",
            "ipv6_address": "2a01:4f8:c013:9014::1",
            "ipv6_network": "2a01:4f8:c013:9014::/64",
            "iso": null,
            "keep_disk": false,
            "labels": {
              "cluster": "k3s",
              "engine": "k3s",
              "provisioner": "terraform",
              "role": "agent_node"
            },
            "location": "fsn1",
            "name": "k3s-agent-small-1-ior",
            "network": [],
            "placement_group_id": 432232,
            "primary_disk_size": 40,
            "public_net": [],
            "rebuild_protection": false,
            "rescue": null,
            "server_type": "cx22",
            "shutdown_before_deletion": false,
            "ssh_keys": [
              "25270162"
            ],
            "status": "running",
            "timeouts": null,
            "user_data": "09ivMqHdkP4RiPhV+MkSSSqTvKE="
          },
          "sensitive_attributes": [],
          "private": "eyJlMmJmYjczMC1lY2FhLTExZTYtOGY4OC0zNDM2M2JjN2M0YzAiOnsiY3JlYXRlIjo1NDAwMDAwMDAwMDAwfX0=",
          "dependencies": [
            "module.kube-hetzner.data.hcloud_image.microos_arm_snapshot",
            "module.kube-hetzner.data.hcloud_image.microos_x86_snapshot",
            "module.kube-hetzner.data.hcloud_network.k3s",
            "module.kube-hetzner.data.hcloud_ssh_keys.keys_by_selector",
            "module.kube-hetzner.hcloud_firewall.k3s",
            "module.kube-hetzner.hcloud_network.k3s",
            "module.kube-hetzner.hcloud_network_subnet.agent",
            "module.kube-hetzner.hcloud_placement_group.agent",
            "module.kube-hetzner.hcloud_placement_group.agent_named",
            "module.kube-hetzner.hcloud_ssh_key.k3s",
            "module.kube-hetzner.module.agents.data.cloudinit_config.config",
            "module.kube-hetzner.module.agents.random_string.identity_file",
            "module.kube-hetzner.module.agents.random_string.server"
          ]
        }
      ]
    },
    {
      "module": "module.kube-hetzner.module.agents[\"0-0-agent-small-1\"]",
      "mode": "managed",
      "type": "hcloud_server_network",
      "name": "server",
      "provider": "provider[\"registry.terraform.io/hetznercloud/hcloud\"]",
      "instances": [
        {
          "schema_version": 0,
          "attributes": {
            "alias_ips": null,
            "id": "57216883-10427186",
            "ip": "10.0.0.101",
            "mac_address": "86:00:00:e6:90:75",
            "network_id": null,
            "server_id": 57216883,
            "subnet_id": "10427186-10.0.0.0/16"
          },
          "sensitive_attributes": [],
          "private": "bnVsbA==",
          "dependencies": [
            "module.kube-hetzner.data.hcloud_image.microos_arm_snapshot",
            "module.kube-hetzner.data.hcloud_image.microos_x86_snapshot",
            "module.kube-hetzner.data.hcloud_network.k3s",
            "module.kube-hetzner.data.hcloud_ssh_keys.keys_by_selector",
            "module.kube-hetzner.hcloud_firewall.k3s",
            "module.kube-hetzner.hcloud_network.k3s",
            "module.kube-hetzner.hcloud_network_subnet.agent",
            "module.kube-hetzner.hcloud_placement_group.agent",
            "module.kube-hetzner.hcloud_placement_group.agent_named",
            "module.kube-hetzner.hcloud_ssh_key.k3s",
            "module.kube-hetzner.module.agents.data.cloudinit_config.config",
            "module.kube-hetzner.module.agents.hcloud_server.server",
            "module.kube-hetzner.module.agents.random_string.identity_file",
            "module.kube-hetzner.module.agents.random_string.server"
          ]
        }
      ]
    },
    {
      "module": "module.kube-hetzner.module.agents[\"0-0-agent-small-1\"]",
      "mode": "managed",
      "type": "null_resource",
      "name": "registries",
      "provider": "provider[\"registry.terraform.io/hashicorp/null\"]",
      "instances": [
        {
          "schema_version": 0,
          "attributes": {
            "id": "424380859435318876",
            "triggers": {
              "registries": " "
            }
          },
          "sensitive_attributes": [],
          "dependencies": [
            "module.kube-hetzner.data.hcloud_image.microos_arm_snapshot",
            "module.kube-hetzner.data.hcloud_image.microos_x86_snapshot",
            "module.kube-hetzner.data.hcloud_network.k3s",
            "module.kube-hetzner.data.hcloud_ssh_keys.keys_by_selector",
            "module.kube-hetzner.hcloud_firewall.k3s",
            "module.kube-hetzner.hcloud_network.k3s",
            "module.kube-hetzner.hcloud_network_subnet.agent",
            "module.kube-hetzner.hcloud_placement_group.agent",
            "module.kube-hetzner.hcloud_placement_group.agent_named",
            "module.kube-hetzner.hcloud_ssh_key.k3s",
            "module.kube-hetzner.module.agents.data.cloudinit_config.config",
            "module.kube-hetzner.module.agents.hcloud_server.server",
            "module.kube-hetzner.module.agents.random_string.identity_file",
            "module.kube-hetzner.module.agents.random_string.server"
          ]
        }
      ]
    },
    {
      "module": "module.kube-hetzner.module.agents[\"0-0-agent-small-1\"]",
      "mode": "managed",
      "type": "null_resource",
      "name": "zram",
      "provider": "provider[\"registry.terraform.io/hashicorp/null\"]",
      "instances": [
        {
          "schema_version": 0,
          "attributes": {
            "id": "1416286645968970805",
            "triggers": {
              "zram_size": ""
            }
          },
          "sensitive_attributes": [],
          "dependencies": [
            "module.kube-hetzner.data.hcloud_image.microos_arm_snapshot",
            "module.kube-hetzner.data.hcloud_image.microos_x86_snapshot",
            "module.kube-hetzner.data.hcloud_network.k3s",
            "module.kube-hetzner.data.hcloud_ssh_keys.keys_by_selector",
            "module.kube-hetzner.hcloud_firewall.k3s",
            "module.kube-hetzner.hcloud_network.k3s",
            "module.kube-hetzner.hcloud_network_subnet.agent",
            "module.kube-hetzner.hcloud_placement_group.agent",
            "module.kube-hetzner.hcloud_placement_group.agent_named",
            "module.kube-hetzner.hcloud_ssh_key.k3s",
            "module.kube-hetzner.module.agents.data.cloudinit_config.config",
            "module.kube-hetzner.module.agents.hcloud_server.server",
            "module.kube-hetzner.module.agents.random_string.identity_file",
            "module.kube-hetzner.module.agents.random_string.server"
          ]
        }
      ]
    },
    {
      "module": "module.kube-hetzner.module.agents[\"0-0-agent-small-1\"]",
      "mode": "managed",
      "type": "random_string",
      "name": "identity_file",
      "provider": "provider[\"registry.terraform.io/hashicorp/random\"]",
      "instances": [
        {
          "schema_version": 2,
          "attributes": {
            "id": "03tiamvs3ii1cbctgovg",
            "keepers": null,
            "length": 20,
            "lower": true,
            "min_lower": 0,
            "min_numeric": 0,
            "min_special": 0,
            "min_upper": 0,
            "number": true,
            "numeric": true,
            "override_special": null,
            "result": "03tiamvs3ii1cbctgovg",
            "special": false,
            "upper": false
          },
          "sensitive_attributes": [],
          "dependencies": [
            "module.kube-hetzner.data.hcloud_network.k3s",
            "module.kube-hetzner.hcloud_network.k3s",
            "module.kube-hetzner.hcloud_network_subnet.agent",
            "module.kube-hetzner.hcloud_placement_group.agent"
          ]
        }
      ]
    },
    {
      "module": "module.kube-hetzner.module.agents[\"0-0-agent-small-1\"]",
      "mode": "managed",
      "type": "random_string",
      "name": "server",
      "provider": "provider[\"registry.terraform.io/hashicorp/random\"]",
      "instances": [
        {
          "schema_version": 2,
          "attributes": {
            "id": "ior",
            "keepers": {
              "name": "k3s-agent-small-1"
            },
            "length": 3,
            "lower": true,
            "min_lower": 0,
            "min_numeric": 0,
            "min_special": 0,
            "min_upper": 0,
            "number": false,
            "numeric": false,
            "override_special": null,
            "result": "ior",
            "special": false,
            "upper": false
          },
          "sensitive_attributes": [],
          "dependencies": [
            "module.kube-hetzner.data.hcloud_network.k3s",
            "module.kube-hetzner.hcloud_network.k3s",
            "module.kube-hetzner.hcloud_network_subnet.agent",
            "module.kube-hetzner.hcloud_placement_group.agent"
          ]
        }
      ]
    },
    {
      "module": "module.kube-hetzner.module.agents[\"1-0-egress\"]",
      "mode": "data",
      "type": "cloudinit_config",
      "name": "config",
      "provider": "provider[\"registry.terraform.io/hashicorp/cloudinit\"]",
      "instances": [
        {
          "schema_version": 0,
          "attributes": {
            "base64_encode": true,
            "boundary": "MIMEBOUNDARY",
            "gzip": true,
            "id": "3550875715",
            "part": [
              {
                "content": "#cloud-config\n\ndebug: True\n\nwrite_files:\n\n# Script to rename the private interface to eth1 and unify NetworkManager connection naming\n- path: /etc/cloud/rename_interface.sh\n  content: |\n    #!/bin/bash\n    set -euo pipefail\n\n    sleep 11\n\n    INTERFACE=$(ip link show | awk '/^3:/{print $2}' | sed 's/://g')\n    MAC=$(cat /sys/class/net/$INTERFACE/address)\n\n    cat \u003c\u003cEOF \u003e /etc/udev/rules.d/70-persistent-net.rules\n    SUBSYSTEM==\"net\", ACTION==\"add\", DRIVERS==\"?*\", ATTR{address}==\"$MAC\", NAME=\"eth1\"\n    EOF\n\n    ip link set $INTERFACE down\n    ip link set $INTERFACE name eth1\n    ip link set eth1 up\n\n    eth0_connection=$(nmcli -g GENERAL.CONNECTION device show eth0)\n    nmcli connection modify \"$eth0_connection\" \\\n      con-name eth0 \\\n      connection.interface-name eth0\n\n    eth1_connection=$(nmcli -g GENERAL.CONNECTION device show eth1)\n    nmcli connection modify \"$eth1_connection\" \\\n      con-name eth1 \\\n      connection.interface-name eth1\n\n    systemctl restart NetworkManager\n  permissions: \"0744\"\n\n# Disable ssh password authentication\n- content: |\n    Port 22\n    PasswordAuthentication no\n    X11Forwarding no\n    MaxAuthTries 2\n    AllowTcpForwarding no\n    AllowAgentForwarding no\n    AuthorizedKeysFile .ssh/authorized_keys\n  path: /etc/ssh/sshd_config.d/kube-hetzner.conf\n\n# Set reboot method as \"kured\"\n- content: |\n    REBOOT_METHOD=kured\n  path: /etc/transactional-update.conf\n\n# Create Rancher repo config\n- content: |\n    [rancher-k3s-common-stable]\n    name=Rancher K3s Common (stable)\n    baseurl=https://rpm.rancher.io/k3s/stable/common/microos/noarch\n    enabled=1\n    gpgcheck=1\n    repo_gpgcheck=0\n    gpgkey=https://rpm.rancher.io/public.key\n  path: /etc/zypp/repos.d/rancher-k3s-common.repo\n\n# Create the kube_hetzner_selinux.te file, that allows in SELinux to not interfere with various needed services\n- path: /root/kube_hetzner_selinux.te\n  content: |\n    module kube_hetzner_selinux 1.0;\n\n    require {\n        type kernel_t, bin_t, kernel_generic_helper_t, iscsid_t, iscsid_exec_t, var_run_t, var_lib_t,\n            init_t, unlabeled_t, systemd_logind_t, systemd_hostnamed_t, container_t,\n            cert_t, container_var_lib_t, etc_t, usr_t, container_file_t, container_log_t,\n            container_share_t, container_runtime_exec_t, container_runtime_t, var_log_t, proc_t, io_uring_t, fuse_device_t, http_port_t,\n            container_var_run_t;\n        class key { read view };\n        class file { open read execute execute_no_trans create link lock rename write append setattr unlink getattr watch };\n        class sock_file { watch write create unlink };\n        class unix_dgram_socket create;\n        class unix_stream_socket { connectto read write };\n        class dir { add_name create getattr link lock read rename remove_name reparent rmdir setattr unlink search write watch };\n        class lnk_file { read create };\n        class system module_request;\n        class filesystem associate;\n        class bpf map_create;\n        class io_uring sqpoll;\n        class anon_inode { create map read write };\n        class tcp_socket name_connect;\n        class chr_file { open read write };\n    }\n\n    #============= kernel_generic_helper_t ==============\n    allow kernel_generic_helper_t bin_t:file execute_no_trans;\n    allow kernel_generic_helper_t kernel_t:key { read view };\n    allow kernel_generic_helper_t self:unix_dgram_socket create;\n\n    #============= iscsid_t ==============\n    allow iscsid_t iscsid_exec_t:file execute;\n    allow iscsid_t var_run_t:sock_file write;\n    allow iscsid_t var_run_t:unix_stream_socket connectto;\n\n    #============= init_t ==============\n    allow init_t unlabeled_t:dir { add_name remove_name rmdir search };\n    allow init_t unlabeled_t:lnk_file create;\n    allow init_t container_t:file { open read };\n    allow init_t container_file_t:file { execute execute_no_trans };\n    allow init_t fuse_device_t:chr_file { open read write };\n    allow init_t http_port_t:tcp_socket name_connect;\n\n    #============= systemd_logind_t ==============\n    allow systemd_logind_t unlabeled_t:dir search;\n\n    #============= systemd_hostnamed_t ==============\n    allow systemd_hostnamed_t unlabeled_t:dir search;\n\n    #============= container_t ==============\n    allow container_t { cert_t container_log_t }:dir read;\n    allow container_t { cert_t container_log_t }:lnk_file read;\n    allow container_t cert_t:file { read open };\n    allow container_t container_var_lib_t:file { create open read write rename lock setattr getattr unlink };\n    allow container_t etc_t:dir { add_name remove_name write create setattr watch };\n    allow container_t etc_t:file { create setattr unlink write };\n    allow container_t etc_t:sock_file { create unlink };\n    allow container_t usr_t:dir { add_name create getattr link lock read rename remove_name reparent rmdir setattr unlink search write };\n    allow container_t usr_t:file { append create execute getattr link lock read rename setattr unlink write };\n    allow container_t container_file_t:file { open read write append getattr setattr lock };\n    allow container_t container_file_t:sock_file watch;\n    allow container_t container_log_t:file { open read write append getattr setattr watch };\n    allow container_t container_share_t:dir { read write add_name remove_name };\n    allow container_t container_share_t:file { read write create unlink };\n    allow container_t container_runtime_exec_t:file { read execute execute_no_trans open };\n    allow container_t container_runtime_t:unix_stream_socket { connectto read write };\n    allow container_t kernel_t:system module_request;\n    allow container_t var_log_t:dir { add_name write remove_name watch read };\n    allow container_t var_log_t:file { create lock open read setattr write unlink getattr };\n    allow container_t var_lib_t:dir { add_name write read };\n    allow container_t var_lib_t:file { create lock open read setattr write getattr };\n    allow container_t proc_t:filesystem associate;\n    allow container_t self:bpf map_create;\n    allow container_t self:io_uring sqpoll;\n    allow container_t io_uring_t:anon_inode { create map read write };\n    allow container_t container_var_run_t:dir { add_name remove_name write };\n    allow container_t container_var_run_t:file { create open read rename unlink write };\n\n# Create the k3s registries file if needed\n\n# Create k3s registries file\n- content: IA==\n  encoding: base64\n  path: /etc/rancher/k3s/registries.yaml\n\n\n# Apply new DNS config\n\n# Set prepare for manual dns config\n- content: |\n    [main]\n    dns=none\n  path: /etc/NetworkManager/conf.d/dns.conf\n\n- content: |\n        nameserver 1.1.1.1\n        nameserver 8.8.8.8\n        nameserver 2606:4700:4700::1111\n    \n  path: /etc/resolv.conf\n  permissions: '0644'\n\n\n\n# Add ssh authorized keys\nssh_authorized_keys:\n  - ssh-ed25519 AAAAC3NzaC1lZDI1NTE5AAAAIF4oAYP6i7oC59RpJbmNVvlvfa5oIzOYXCvlSuRNUIyc\n\n# Resize /var, not /, as that's the last partition in MicroOS image.\ngrowpart:\n    devices: [\"/var\"]\n\n# Make sure the hostname is set correctly\nhostname: k3s-egress-nqy\npreserve_hostname: true\n\nruncmd:\n\n# ensure that /var uses full available disk size, thanks to btrfs this is easy\n- [btrfs, 'filesystem', 'resize', 'max', '/var']\n\n# SELinux permission for the SSH alternative port\n\n\n# Create and apply the necessary SELinux module for kube-hetzner\n- [checkmodule, '-M', '-m', '-o', '/root/kube_hetzner_selinux.mod', '/root/kube_hetzner_selinux.te']\n- ['semodule_package', '-o', '/root/kube_hetzner_selinux.pp', '-m', '/root/kube_hetzner_selinux.mod']\n- [semodule, '-i', '/root/kube_hetzner_selinux.pp']\n- [setsebool, '-P', 'virt_use_samba', '1']\n- [setsebool, '-P', 'domain_kernel_load_modules', '1']\n\n# Disable rebootmgr service as we use kured instead\n- [systemctl, disable, '--now', 'rebootmgr.service']\n\n\n# Set the dns manually\n- [systemctl, 'reload', 'NetworkManager']\n\n\n# Bounds the amount of logs that can survive on the system\n- [sed, '-i', 's/#SystemMaxUse=/SystemMaxUse=3G/g', /etc/systemd/journald.conf]\n- [sed, '-i', 's/#MaxRetentionSec=/MaxRetentionSec=1week/g', /etc/systemd/journald.conf]\n\n# Reduces the default number of snapshots from 2-10 number limit, to 4 and from 4-10 number limit important, to 2\n- [sed, '-i', 's/NUMBER_LIMIT=\"2-10\"/NUMBER_LIMIT=\"4\"/g', /etc/snapper/configs/root]\n- [sed, '-i', 's/NUMBER_LIMIT_IMPORTANT=\"4-10\"/NUMBER_LIMIT_IMPORTANT=\"3\"/g', /etc/snapper/configs/root]\n\n# Allow network interface\n- [chmod, '+x', '/etc/cloud/rename_interface.sh']\n\n# Restart the sshd service to apply the new config\n- [systemctl, 'restart', 'sshd']\n\n# Make sure the network is up\n- [systemctl, restart, NetworkManager]\n- [systemctl, status, NetworkManager]\n- [ip, route, add, default, via, '172.31.1.1', dev, 'eth0']\n\n# Cleanup some logs\n- [truncate, '-s', '0', '/var/log/audit/audit.log']\n\n\n",
                "content_type": "text/cloud-config",
                "filename": "init.cfg",
                "merge_type": null
              }
            ],
            "rendered": "H4sIAAAAAAAA/7Ra/2/bOLL/3UD/h3luAXffs6w4Sdu37voOburu5nadFIm72N5eT6DFscSzRGpJyo6b7f9+ICnZsuQv7QHXAolNznxmOJxvGuVKcI1ce9N1hgNI80SzjEjtp+wB6WuYiZxTItfD9uR6Mn5z++Hm7ejuY7tlvnm/olRM8AH0e2dPWk9anlcletIqsd8ylQnFtKUlWpMwTpHr1zBnCXKS4rDNONO9cB61t1xTSbiao/TGPBSU8WgAr2ZMVwisyhoftB8mIqdeKPicRU9aE5ZiQ7mnVZpWi+IsjwYwlTm2WivJNAZGGzVotZ7CfShZpkELkFY/0DFCJtmSaATGNco5CdHso477QDiFnLP5Gm5Qr4RcTAgnEUoIBecYmnMDJynjUcuDjOh4AD7q0GntOxHBBran4hYYVnPIAfzZAgB4+j/+jHF/RuwmgEINHuYCMpbhnLCk5ZYTxAz6ffft+mY6vns3uhoPnz1nGSSML0DFYgV/AlktoOP/82LgP2aScQ3Pzr904E9QSKGj/IHvR53vLMhkdDV89jwkGny1Vn6YEKV8jtp/toH3CaUSlfrOiTW0P/wwvn0Hf3HnzCkufZknqHrUf3XmZeZqlL1Djrpndyzn/Yc39x/vp+PJcNjmqNtdGF1Nr29vhsM2obTdhbd317+O7+6Hw/Zf/9fsTqd3j4XwL8Nh+9lkdNXuws1oMh62zdW0Lez49p3TbGME1LBVH6hY8WP71gUMXIPIXn+eOXTU8VmwvfLhs+c8DRMGXgQ/jm/Gd6Nfele3NzdjeySguGQhuvswnM7ajqPiN6mgxrHaz2robfiHZbCe4pUanlVXC8rexrO2ZBuF+/+xwv2vULh/UuH+1ylcOLRaK41pqBOQqDSRuhZwLYAMZcqUiXw1gPbZq8vLtonot0yRWYKgVAwZUWolJAWS6xi5ZiExYltePejeC6nh/Nx9LphGOzzAhd39rd9/J+SKSJOnysUJeTDUU8lQgUMZJYlYTcOsSWx3RhFyvWcv17GQ7DPSn3Gt3rEEoadU7JPNerDAtQmhSnIxBErFNHAZr0f9RT5DL0b9maPsmVWb6lCDxJkQGlLUsaBAFLQXuUTablrkbvzm9nYaTMbTn27fDi3VrlRtkjax10gSL88o0biRdSXRJNA7wsMYJUjMBBT5uCHpd+movMWF8kKRpoJ7Sps7/OT8zpSNEunnCwVXlgaeOyLnnDOiMJfJMNY6UwPfl1naK3B7TPiLC+U7ct9J8FMWSiGUzwWRocu0yA0BHbrgj7IojDFcFF/NEYLN2llJssD1IZlZPktY2Fvgetdwn9dZ5hs4kyObZ++ZrYoNTUEy9xkU9xkoTBjPH3oabVXtgo6JBmK8SgHjcD/+xeybmsWFLooYSoQV0zEsiWQiV8ARKVJQKE2sq225kkJo/4DAZrVKBc2T/Qqacvy6VRjvj5xJhMciAwDodYawQMkxCXQXZoybX8VChBwlC4MYkwyl2WAqVIxWPuEDhubrkshA5rz8mLBZoLsbKTaJc6bNds4TMsMELYpLLzRIRMT4zkoslDYeZxfNYQnjVocd0BCl3iXYSgfUVrVcyV0Sc1u7K4mIGsibTRUTWaOXOdcsxc3pmzulHSwwZFJYOiaCXDJu1+a5wsBlePPVOG+QCXucA4psbPx6Q2B7A1jgGh5BIqGwZLiCL3UCc2J4BJEhd2RG8Vxj+TvgIrB5BELn7LbcJiJclO2Y7deAZBly46yaaC3NVRq6qPi6IjqMm8KVCBdBoYEjcWCFqAKkwZZz9hDQSJI0MAioC4a9dEpL3BI+lqXNtpOEFgIbIiiT8AiE0sCesVCoPE7VBoSWhpCYiiUGxeeMSOQaZGqgamZRaDJaIfuAbRK+MY0VUqjQtKGNiiLKAxPGqBpuYLtpR0iUEiHbY61ZNoeUZMF+W5b+CeqPTCRJfZtwwQPGBTX6FqqmJDtqYx1m5bXYpru4mTpZGMug4aU7kF9cCns6rP47lKlgh2poOW1mPshgM9/AqlAPitdfwV6m0MGBWDzOrTCZDw47/L6Dl5n48Ek3FDupeueIr/eRb9LMYBu59iZOUO8JxE0YHjiDLQlHTuD2KxVjUAvZnWgsgtBG3Y7Z9+BsAq8aCDvUlZozaHjmPvh6gSm5DubafSA7VWFwOip2mCs1ZHAw7vZdRL0MH76SBmX9cpz9j4up1PbTkqrE3yKscn+HhVSJHotuot4XwBcry9j+9bezbhztGL/jHlQrgb3vLwcZmv1OyV3k5bq/FOXL1rOyUEW7BeugNNtIHQu9nYKu9rUDh0B3la5V0D2e3kSothd7W4omo+0I6+f5b1b/E5oU2hfdVaFImTaOK/RtFjuUourOUmhSii6FWOlfD14pH8YVTvPZmPlGnU54WaONL669CrzPo78BsBq1RzrbY1C7zxM7iAerx9cmiM0Tyb4CfbxTbsJu2pwjDWmTa/MkVI+5MjVVMom9zmaN3Q+3G/bWPbdus/EQK6T2rHIc3ObTA7qe1GxPMj6q2UmV3NPj4HB732SxDeW+Xv8A6d7Gv0m7fX4dfP2zwKnq5brHk9Xlm9AO1cIia9azZW3Kc6FAYsSUtnNEi8XmxaSmQruHrjpVux7ZVgM371JmROHLy90hVDF3soOxLVZvTdKkZUSNsixZA8cVvL25L0d3xRAxcxUI5kJCSnhOEqDmEf7QfC8ljLtRHuVqyAXHXV12J7u+welRn3JVjBMbiFBMBRXKJUro9+z/fVv/37P/922dvzx7Obh8dXbmfgz6/b6DqBkKlUiWTpPazLlz9vLystNy9qLUTpy3g1qwg1ql4qA2vB20ADxD7CE9f/Gi/z2MRqPR1cXNZ3LVT/7+9rp/Mx2/MGvX7y7F6OP7l+yVuHrx/V32t1l68+syWc7JC3H9+fbjb1fL5D6/u/lwvQ6NEneo2GcEf0lk187+/C4QZeeDHWVdLCFKQ0aktq/ogHGYsFCK23tgKYmw14qkWJn9gbsv+0CgBvB724C2PxkpE7JAULl0Tlu2ycCUfU8SCikx1Mm6Ve4MjMN6GElUyuN/rFuZdHcQbCm0fTkncx6m1L6XQ15IINqeB3JlXD1PEiBLwhI74qdMLcAc2c5A+UKBFjDTcm4Oy5RRCYlatzz43a52obNNZp0udKQ1mPmUkgfzy4jq2FOWU9TtjVt/N0e+v/8JSKJRcqLZEsE8+bQq8Uk4NV1DsrbUHENUisj1BrKYmRq46qDeqGmny26/Cx1vYnTyrKqesPodns6mgp6g0Nj5ZIR0FBb1MyPhgkT4VfhZtlXmhBpWSinEMLHT2AWPVjgTIjFM7w3TkkkdmGdTRdIZMSv9Q6RUmEQTFK1CIggNnAaqZKu8HXIvQtJIlhNwEygrNG4G9mUHMK40EmpllS+jusblDL8R6nGxck5UQPUKKCOpSJXGAUxudGkyWdfQOhKNngZlNwkWEG9EzqmLXJKKnGsQc0hE5GIaQsJNIC6NEwpuyRy4MxDdmF75T+/txoQ8fFA49He+XfzoR51u8S7JPf36/xK55CShNvF92oM3IQ93aJIyE/wew6FfX+ivEBcngW3WonmI7pQU5yRPNPA8naE0p1WcZCoWWsFcihTOvf5ZuZuwlOmuiflLG3OW4LJOACw1AUq4Iz1vnuXmw+TN+C745XpyPR22jYR2be2yXTkIN08ErkyxSFmv3mOgKkBwPXl/ezcd3RioBnx19+KkIFNrbCvCncNs/0jB5Y9UGC3+z2Wzo3960Cms716vWudR8eaNkLFVNYmttvW95sGW3x5axbSzp0RsNFWQZzX+gr1be737qUamNNG52kvFsi5IkWvsmi6uW7pQF5aMmLh/dd67sP1Bx+wtu9BBHZ85Pa8SJDzPQAk7ooiUAdSmDBFtY9ymjrOyMviJiHySU6bdz14iIhup9T+I8bwnrX8HAAD//ylvLVJvIwAA"
          },
          "sensitive_attributes": []
        }
      ]
    },
    {
      "module": "module.kube-hetzner.module.agents[\"1-0-egress\"]",
      "mode": "managed",
      "type": "hcloud_server",
      "name": "server",
      "provider": "provider[\"registry.terraform.io/hetznercloud/hcloud\"]",
      "instances": [
        {
          "schema_version": 0,
          "attributes": {
            "allow_deprecated_images": false,
            "backup_window": "",
            "backups": false,
            "datacenter": "fsn1-dc14",
            "delete_protection": false,
            "firewall_ids": [
              1779415
            ],
            "id": "57217160",
            "ignore_remote_firewall_ids": false,
            "image": "203372335",
            "ipv4_address": "188.245.173.122",
            "ipv6_address": "2a01:4f8:c012:dea3::1",
            "ipv6_network": "2a01:4f8:c012:dea3::/64",
            "iso": null,
            "keep_disk": false,
            "labels": {
              "cluster": "k3s",
              "engine": "k3s",
              "provisioner": "terraform",
              "role": "agent_node"
            },
            "location": "fsn1",
            "name": "k3s-egress-nqy",
            "network": [],
            "placement_group_id": 432232,
            "primary_disk_size": 40,
            "public_net": [],
            "rebuild_protection": false,
            "rescue": null,
            "server_type": "cx22",
            "shutdown_before_deletion": false,
            "ssh_keys": [
              "25270162"
            ],
            "status": "running",
            "timeouts": null,
            "user_data": "2ImCZ1M6gMEIlFnNmhISAq/kMqg="
          },
          "sensitive_attributes": [],
          "private": "eyJlMmJmYjczMC1lY2FhLTExZTYtOGY4OC0zNDM2M2JjN2M0YzAiOnsiY3JlYXRlIjo1NDAwMDAwMDAwMDAwfX0=",
          "dependencies": [
            "module.kube-hetzner.data.hcloud_image.microos_arm_snapshot",
            "module.kube-hetzner.data.hcloud_image.microos_x86_snapshot",
            "module.kube-hetzner.data.hcloud_network.k3s",
            "module.kube-hetzner.data.hcloud_ssh_keys.keys_by_selector",
            "module.kube-hetzner.hcloud_firewall.k3s",
            "module.kube-hetzner.hcloud_network.k3s",
            "module.kube-hetzner.hcloud_network_subnet.agent",
            "module.kube-hetzner.hcloud_placement_group.agent",
            "module.kube-hetzner.hcloud_placement_group.agent_named",
            "module.kube-hetzner.hcloud_ssh_key.k3s",
            "module.kube-hetzner.module.agents.data.cloudinit_config.config",
            "module.kube-hetzner.module.agents.random_string.identity_file",
            "module.kube-hetzner.module.agents.random_string.server"
          ]
        }
      ]
    },
    {
      "module": "module.kube-hetzner.module.agents[\"1-0-egress\"]",
      "mode": "managed",
      "type": "hcloud_server_network",
      "name": "server",
      "provider": "provider[\"registry.terraform.io/hetznercloud/hcloud\"]",
      "instances": [
        {
          "schema_version": 0,
          "attributes": {
            "alias_ips": null,
            "id": "57217160-10427186",
            "ip": "10.1.0.101",
            "mac_address": "86:00:00:e6:90:76",
            "network_id": null,
            "server_id": 57217160,
            "subnet_id": "10427186-10.1.0.0/16"
          },
          "sensitive_attributes": [],
          "private": "bnVsbA==",
          "dependencies": [
            "module.kube-hetzner.data.hcloud_image.microos_arm_snapshot",
            "module.kube-hetzner.data.hcloud_image.microos_x86_snapshot",
            "module.kube-hetzner.data.hcloud_network.k3s",
            "module.kube-hetzner.data.hcloud_ssh_keys.keys_by_selector",
            "module.kube-hetzner.hcloud_firewall.k3s",
            "module.kube-hetzner.hcloud_network.k3s",
            "module.kube-hetzner.hcloud_network_subnet.agent",
            "module.kube-hetzner.hcloud_placement_group.agent",
            "module.kube-hetzner.hcloud_placement_group.agent_named",
            "module.kube-hetzner.hcloud_ssh_key.k3s",
            "module.kube-hetzner.module.agents.data.cloudinit_config.config",
            "module.kube-hetzner.module.agents.hcloud_server.server",
            "module.kube-hetzner.module.agents.random_string.identity_file",
            "module.kube-hetzner.module.agents.random_string.server"
          ]
        }
      ]
    },
    {
      "module": "module.kube-hetzner.module.agents[\"1-0-egress\"]",
      "mode": "managed",
      "type": "null_resource",
      "name": "registries",
      "provider": "provider[\"registry.terraform.io/hashicorp/null\"]",
      "instances": [
        {
          "schema_version": 0,
          "attributes": {
            "id": "1018761583655037944",
            "triggers": {
              "registries": " "
            }
          },
          "sensitive_attributes": [],
          "dependencies": [
            "module.kube-hetzner.data.hcloud_image.microos_arm_snapshot",
            "module.kube-hetzner.data.hcloud_image.microos_x86_snapshot",
            "module.kube-hetzner.data.hcloud_network.k3s",
            "module.kube-hetzner.data.hcloud_ssh_keys.keys_by_selector",
            "module.kube-hetzner.hcloud_firewall.k3s",
            "module.kube-hetzner.hcloud_network.k3s",
            "module.kube-hetzner.hcloud_network_subnet.agent",
            "module.kube-hetzner.hcloud_placement_group.agent",
            "module.kube-hetzner.hcloud_placement_group.agent_named",
            "module.kube-hetzner.hcloud_ssh_key.k3s",
            "module.kube-hetzner.module.agents.data.cloudinit_config.config",
            "module.kube-hetzner.module.agents.hcloud_server.server",
            "module.kube-hetzner.module.agents.random_string.identity_file",
            "module.kube-hetzner.module.agents.random_string.server"
          ]
        }
      ]
    },
    {
      "module": "module.kube-hetzner.module.agents[\"1-0-egress\"]",
      "mode": "managed",
      "type": "null_resource",
      "name": "zram",
      "provider": "provider[\"registry.terraform.io/hashicorp/null\"]",
      "instances": [
        {
          "schema_version": 0,
          "attributes": {
            "id": "1262903321173485421",
            "triggers": {
              "zram_size": ""
            }
          },
          "sensitive_attributes": [],
          "dependencies": [
            "module.kube-hetzner.data.hcloud_image.microos_arm_snapshot",
            "module.kube-hetzner.data.hcloud_image.microos_x86_snapshot",
            "module.kube-hetzner.data.hcloud_network.k3s",
            "module.kube-hetzner.data.hcloud_ssh_keys.keys_by_selector",
            "module.kube-hetzner.hcloud_firewall.k3s",
            "module.kube-hetzner.hcloud_network.k3s",
            "module.kube-hetzner.hcloud_network_subnet.agent",
            "module.kube-hetzner.hcloud_placement_group.agent",
            "module.kube-hetzner.hcloud_placement_group.agent_named",
            "module.kube-hetzner.hcloud_ssh_key.k3s",
            "module.kube-hetzner.module.agents.data.cloudinit_config.config",
            "module.kube-hetzner.module.agents.hcloud_server.server",
            "module.kube-hetzner.module.agents.random_string.identity_file",
            "module.kube-hetzner.module.agents.random_string.server"
          ]
        }
      ]
    },
    {
      "module": "module.kube-hetzner.module.agents[\"1-0-egress\"]",
      "mode": "managed",
      "type": "random_string",
      "name": "identity_file",
      "provider": "provider[\"registry.terraform.io/hashicorp/random\"]",
      "instances": [
        {
          "schema_version": 2,
          "attributes": {
            "id": "ibp7cgb32mrcpfxflbka",
            "keepers": null,
            "length": 20,
            "lower": true,
            "min_lower": 0,
            "min_numeric": 0,
            "min_special": 0,
            "min_upper": 0,
            "number": true,
            "numeric": true,
            "override_special": null,
            "result": "ibp7cgb32mrcpfxflbka",
            "special": false,
            "upper": false
          },
          "sensitive_attributes": [],
          "dependencies": [
            "module.kube-hetzner.data.hcloud_network.k3s",
            "module.kube-hetzner.hcloud_network.k3s",
            "module.kube-hetzner.hcloud_network_subnet.agent",
            "module.kube-hetzner.hcloud_placement_group.agent"
          ]
        }
      ]
    },
    {
      "module": "module.kube-hetzner.module.agents[\"1-0-egress\"]",
      "mode": "managed",
      "type": "random_string",
      "name": "server",
      "provider": "provider[\"registry.terraform.io/hashicorp/random\"]",
      "instances": [
        {
          "schema_version": 2,
          "attributes": {
            "id": "nqy",
            "keepers": {
              "name": "k3s-egress"
            },
            "length": 3,
            "lower": true,
            "min_lower": 0,
            "min_numeric": 0,
            "min_special": 0,
            "min_upper": 0,
            "number": false,
            "numeric": false,
            "override_special": null,
            "result": "nqy",
            "special": false,
            "upper": false
          },
          "sensitive_attributes": [],
          "dependencies": [
            "module.kube-hetzner.data.hcloud_network.k3s",
            "module.kube-hetzner.hcloud_network.k3s",
            "module.kube-hetzner.hcloud_network_subnet.agent",
            "module.kube-hetzner.hcloud_placement_group.agent"
          ]
        }
      ]
    },
    {
      "module": "module.kube-hetzner.module.control_planes[\"0-0-control-plane-fsn1\"]",
      "mode": "data",
      "type": "cloudinit_config",
      "name": "config",
      "provider": "provider[\"registry.terraform.io/hashicorp/cloudinit\"]",
      "instances": [
        {
          "schema_version": 0,
          "attributes": {
            "base64_encode": true,
            "boundary": "MIMEBOUNDARY",
            "gzip": true,
            "id": "186348251",
            "part": [
              {
                "content": "#cloud-config\n\ndebug: True\n\nwrite_files:\n\n# Script to rename the private interface to eth1 and unify NetworkManager connection naming\n- path: /etc/cloud/rename_interface.sh\n  content: |\n    #!/bin/bash\n    set -euo pipefail\n\n    sleep 11\n\n    INTERFACE=$(ip link show | awk '/^3:/{print $2}' | sed 's/://g')\n    MAC=$(cat /sys/class/net/$INTERFACE/address)\n\n    cat \u003c\u003cEOF \u003e /etc/udev/rules.d/70-persistent-net.rules\n    SUBSYSTEM==\"net\", ACTION==\"add\", DRIVERS==\"?*\", ATTR{address}==\"$MAC\", NAME=\"eth1\"\n    EOF\n\n    ip link set $INTERFACE down\n    ip link set $INTERFACE name eth1\n    ip link set eth1 up\n\n    eth0_connection=$(nmcli -g GENERAL.CONNECTION device show eth0)\n    nmcli connection modify \"$eth0_connection\" \\\n      con-name eth0 \\\n      connection.interface-name eth0\n\n    eth1_connection=$(nmcli -g GENERAL.CONNECTION device show eth1)\n    nmcli connection modify \"$eth1_connection\" \\\n      con-name eth1 \\\n      connection.interface-name eth1\n\n    systemctl restart NetworkManager\n  permissions: \"0744\"\n\n# Disable ssh password authentication\n- content: |\n    Port 22\n    PasswordAuthentication no\n    X11Forwarding no\n    MaxAuthTries 2\n    AllowTcpForwarding no\n    AllowAgentForwarding no\n    AuthorizedKeysFile .ssh/authorized_keys\n  path: /etc/ssh/sshd_config.d/kube-hetzner.conf\n\n# Set reboot method as \"kured\"\n- content: |\n    REBOOT_METHOD=kured\n  path: /etc/transactional-update.conf\n\n# Create Rancher repo config\n- content: |\n    [rancher-k3s-common-stable]\n    name=Rancher K3s Common (stable)\n    baseurl=https://rpm.rancher.io/k3s/stable/common/microos/noarch\n    enabled=1\n    gpgcheck=1\n    repo_gpgcheck=0\n    gpgkey=https://rpm.rancher.io/public.key\n  path: /etc/zypp/repos.d/rancher-k3s-common.repo\n\n# Create the kube_hetzner_selinux.te file, that allows in SELinux to not interfere with various needed services\n- path: /root/kube_hetzner_selinux.te\n  content: |\n    module kube_hetzner_selinux 1.0;\n\n    require {\n        type kernel_t, bin_t, kernel_generic_helper_t, iscsid_t, iscsid_exec_t, var_run_t, var_lib_t,\n            init_t, unlabeled_t, systemd_logind_t, systemd_hostnamed_t, container_t,\n            cert_t, container_var_lib_t, etc_t, usr_t, container_file_t, container_log_t,\n            container_share_t, container_runtime_exec_t, container_runtime_t, var_log_t, proc_t, io_uring_t, fuse_device_t, http_port_t,\n            container_var_run_t;\n        class key { read view };\n        class file { open read execute execute_no_trans create link lock rename write append setattr unlink getattr watch };\n        class sock_file { watch write create unlink };\n        class unix_dgram_socket create;\n        class unix_stream_socket { connectto read write };\n        class dir { add_name create getattr link lock read rename remove_name reparent rmdir setattr unlink search write watch };\n        class lnk_file { read create };\n        class system module_request;\n        class filesystem associate;\n        class bpf map_create;\n        class io_uring sqpoll;\n        class anon_inode { create map read write };\n        class tcp_socket name_connect;\n        class chr_file { open read write };\n    }\n\n    #============= kernel_generic_helper_t ==============\n    allow kernel_generic_helper_t bin_t:file execute_no_trans;\n    allow kernel_generic_helper_t kernel_t:key { read view };\n    allow kernel_generic_helper_t self:unix_dgram_socket create;\n\n    #============= iscsid_t ==============\n    allow iscsid_t iscsid_exec_t:file execute;\n    allow iscsid_t var_run_t:sock_file write;\n    allow iscsid_t var_run_t:unix_stream_socket connectto;\n\n    #============= init_t ==============\n    allow init_t unlabeled_t:dir { add_name remove_name rmdir search };\n    allow init_t unlabeled_t:lnk_file create;\n    allow init_t container_t:file { open read };\n    allow init_t container_file_t:file { execute execute_no_trans };\n    allow init_t fuse_device_t:chr_file { open read write };\n    allow init_t http_port_t:tcp_socket name_connect;\n\n    #============= systemd_logind_t ==============\n    allow systemd_logind_t unlabeled_t:dir search;\n\n    #============= systemd_hostnamed_t ==============\n    allow systemd_hostnamed_t unlabeled_t:dir search;\n\n    #============= container_t ==============\n    allow container_t { cert_t container_log_t }:dir read;\n    allow container_t { cert_t container_log_t }:lnk_file read;\n    allow container_t cert_t:file { read open };\n    allow container_t container_var_lib_t:file { create open read write rename lock setattr getattr unlink };\n    allow container_t etc_t:dir { add_name remove_name write create setattr watch };\n    allow container_t etc_t:file { create setattr unlink write };\n    allow container_t etc_t:sock_file { create unlink };\n    allow container_t usr_t:dir { add_name create getattr link lock read rename remove_name reparent rmdir setattr unlink search write };\n    allow container_t usr_t:file { append create execute getattr link lock read rename setattr unlink write };\n    allow container_t container_file_t:file { open read write append getattr setattr lock };\n    allow container_t container_file_t:sock_file watch;\n    allow container_t container_log_t:file { open read write append getattr setattr watch };\n    allow container_t container_share_t:dir { read write add_name remove_name };\n    allow container_t container_share_t:file { read write create unlink };\n    allow container_t container_runtime_exec_t:file { read execute execute_no_trans open };\n    allow container_t container_runtime_t:unix_stream_socket { connectto read write };\n    allow container_t kernel_t:system module_request;\n    allow container_t var_log_t:dir { add_name write remove_name watch read };\n    allow container_t var_log_t:file { create lock open read setattr write unlink getattr };\n    allow container_t var_lib_t:dir { add_name write read };\n    allow container_t var_lib_t:file { create lock open read setattr write getattr };\n    allow container_t proc_t:filesystem associate;\n    allow container_t self:bpf map_create;\n    allow container_t self:io_uring sqpoll;\n    allow container_t io_uring_t:anon_inode { create map read write };\n    allow container_t container_var_run_t:dir { add_name remove_name write };\n    allow container_t container_var_run_t:file { create open read rename unlink write };\n\n# Create the k3s registries file if needed\n\n# Create k3s registries file\n- content: IA==\n  encoding: base64\n  path: /etc/rancher/k3s/registries.yaml\n\n\n# Apply new DNS config\n\n# Set prepare for manual dns config\n- content: |\n    [main]\n    dns=none\n  path: /etc/NetworkManager/conf.d/dns.conf\n\n- content: |\n        nameserver 1.1.1.1\n        nameserver 8.8.8.8\n        nameserver 2606:4700:4700::1111\n    \n  path: /etc/resolv.conf\n  permissions: '0644'\n\n\n\n# Add ssh authorized keys\nssh_authorized_keys:\n  - ssh-ed25519 AAAAC3NzaC1lZDI1NTE5AAAAIF4oAYP6i7oC59RpJbmNVvlvfa5oIzOYXCvlSuRNUIyc\n\n# Resize /var, not /, as that's the last partition in MicroOS image.\ngrowpart:\n    devices: [\"/var\"]\n\n# Make sure the hostname is set correctly\nhostname: k3s-control-plane-fsn1-osc\npreserve_hostname: true\n\nruncmd:\n\n# ensure that /var uses full available disk size, thanks to btrfs this is easy\n- [btrfs, 'filesystem', 'resize', 'max', '/var']\n\n# SELinux permission for the SSH alternative port\n\n\n# Create and apply the necessary SELinux module for kube-hetzner\n- [checkmodule, '-M', '-m', '-o', '/root/kube_hetzner_selinux.mod', '/root/kube_hetzner_selinux.te']\n- ['semodule_package', '-o', '/root/kube_hetzner_selinux.pp', '-m', '/root/kube_hetzner_selinux.mod']\n- [semodule, '-i', '/root/kube_hetzner_selinux.pp']\n- [setsebool, '-P', 'virt_use_samba', '1']\n- [setsebool, '-P', 'domain_kernel_load_modules', '1']\n\n# Disable rebootmgr service as we use kured instead\n- [systemctl, disable, '--now', 'rebootmgr.service']\n\n\n# Set the dns manually\n- [systemctl, 'reload', 'NetworkManager']\n\n\n# Bounds the amount of logs that can survive on the system\n- [sed, '-i', 's/#SystemMaxUse=/SystemMaxUse=3G/g', /etc/systemd/journald.conf]\n- [sed, '-i', 's/#MaxRetentionSec=/MaxRetentionSec=1week/g', /etc/systemd/journald.conf]\n\n# Reduces the default number of snapshots from 2-10 number limit, to 4 and from 4-10 number limit important, to 2\n- [sed, '-i', 's/NUMBER_LIMIT=\"2-10\"/NUMBER_LIMIT=\"4\"/g', /etc/snapper/configs/root]\n- [sed, '-i', 's/NUMBER_LIMIT_IMPORTANT=\"4-10\"/NUMBER_LIMIT_IMPORTANT=\"3\"/g', /etc/snapper/configs/root]\n\n# Allow network interface\n- [chmod, '+x', '/etc/cloud/rename_interface.sh']\n\n# Restart the sshd service to apply the new config\n- [systemctl, 'restart', 'sshd']\n\n# Make sure the network is up\n- [systemctl, restart, NetworkManager]\n- [systemctl, status, NetworkManager]\n- [ip, route, add, default, via, '172.31.1.1', dev, 'eth0']\n\n# Cleanup some logs\n- [truncate, '-s', '0', '/var/log/audit/audit.log']\n\n\n",
                "content_type": "text/cloud-config",
                "filename": "init.cfg",
                "merge_type": null
              }
            ],
            "rendered": "H4sIAAAAAAAA/7Ra/5PaOLL/nar8D/1Iqsi+h/EwM0nekuWuyITszu3CpBiytbm9nEtYDdZhS15JhiGz+d+vJNlgbL4kV3VJ1QxI3Z9utfqb23MjuEauvekmxR4kWaxZSqT2E/aA9DXMRMYpkZt+c3Q7Gr65+zB+O5h8bDbMN+9XlIoJ3oNu5+JJ40nD88pETxoF9lumUqGYtrREaxJGCXL9GuYsRk4S7DcZZ7oTzhfNHddUEq7mKL0hDwVlfNGDVzOmSwRWZY0P2g9jkVEvFHzOFk8aI5ZgTbmnZZpGg+IsW/RgKjNsNNaSaQyMNqrXaDyF+1CyVIMWIK1+oCOEVLIV0QiMa5RzEqLZRx11gXAKGWfzDYxRr4VcjggnC5QQCs4xNOcGThLGFw0PUqKjHvioQ6e170QEW9iOihpgWM0he/BnAwDg6f/4M8b9GbGbAAo1eJgJSFmKc8LihluOEVPodt232/F0OHk3uBn2nz1nKcSML0FFYg1/AlkvoeX/86rnP6aScQ3PLr+04E9QSKGl/J7vL1rfWZDR4Kb/7HlINPhqo/wwJkr5HLX/bAvvE0olKvWdE2tof/hhePcO/uLOmVFc+TKLUXWo/+rCS83VKHuHHHXH7ljO+w9v7j/eT4ejfr/JUTfbMLiZ3t6N+/0mobTZhreT21+Hk/t+v/nX/zW70+nkMRf+pd9vPhsNbpptGA9Gw37TXE3Twg7v3jnNtkZADTv1gYo1P7VvXcDA1Yjs9WepQ0cdXQS7K+8/e86TMGbgLeDH4Xg4GfzSubkbj4f2SEBxxUJ092E4nbUdR8lvEkGNYzWfVdCb8A/LYD3FKzS8KK/mlJ2tZ+3Itgp3/2OFu1+hcPeswt2vUzh3aLVRGpNQxyBRaSJ1JeAaACnKhCkT+aoHzYtX19dNE9FvmSKzGEGpCFKi1FpICiTTEXLNQmLENrxq0L0XUsPlpfucMw32eIALu/tbt/tOyDWRJk8ViyPyYKinkqEChzKIY7Gehmmd2O4MFsj1gb1MR0Kyz0h/xo16x2KEjlKRT7brwRI3JoRKycUQKBXRwGW8DvWX2Qy9CPVnjrJjVm2qQw0SZ0JoSFBHggJR0FxmEmmzbpHJ8M3d3TQYDac/3b3tW6p9qdokbWKvkcRellKicSvrRqJJoBPCwwglSEwF5Pm4Jul36ai85ZXyQpEkgntKmzv85PzOlI0C6ecrBTeWBp47IuecM6Iwk3E/0jpVPd+XadLJcTtM+Msr5Tty30nwExZKIZTPBZGhy7TIDQHtu+BfpIswwnCZfzVHCLZrFwXJEjfHZKbZLGZhZ4mbfcN93qSpb+BMjqyfvWO2SjY0BcncZ5DfZ6AwZjx76Gi0VbUNOiIaiPEqBYzD/fAXs29qFhc6L2IoEdZMR7AikolMAUekSEGhNLGuduVKCqH9IwLr1SoRNIsPK2jK8etGbrw/MiYRHvMMAKA3KcISJcc40G2YMW5+5QsL5ChZGEQYpyjNBlOhYrT0CR8wNF9XRAYy48XHmM0C3d5KsUmcM222Mx6TGcZoUVx6oUEsFozvrURCaeNxdtEcljBuddgDDVHqfYKddEBtVcuU3Ccxt7W/EotFDXm7qSIiK/Qy45oluD19faewgwWGVApLx0SQScbt2jxTGLgMb74a5w1SYY9zRJGtjV9vCWxvAEvcwCNIJBRWDNfwpUpgTgyPIFLkjswonmksfgdcBDaPQOic3ZbbWITLoh2z/RqQNEVunFUTraW5SkO3yL+uiQ6junAlwmWQa+BIHFguKgepsWWcPQR0IUkSGATUOcNBOqUl7ggfi9Jm20lCc4E1EZRJeARCaWDPmCtUHKdsA0ILQ0hMxAqD/HNKJHINMjFQFbMoNBktl33ENjHfmsYKyVWo29BGRR7lgQljVDU3sN20IyRKiZAdsNYsnUNC0uCwLQv/BPVHKuK4uk244AHjghp9c1UTkp60sQ7T4lps053fTJUsjGRQ89I9yC8uhT3tl/8dy1SwR9W3nDYzH2Wwma9nVagGxeuvYC9SaO9ILJ7mVhjPe8cd/tDBi0x8/KRbir1UvXfE14fIt2mmt4tcexNnqA8E4jYMj5zBloQTJ3D7pYrRq4TsXjTmQWijbs/sB3C2gVcOhD3qUs3p1TzzEHy1wBRcR3PtIZC9qtA7HxV7zKUa0jsad4cuolqGj19JjbJ6Oc7+p8WUavt5SWXibxFWur/jQspEj3k3Ue0L4IuVZWz/+ttZt452it9x98qVwN73l6MM9X6n4M7zctVf8vJl61lRqBb7BeuoNNtInQq9vYKuDrUDx0D3la5U0AOeXkcotxcHW4o6o+0Iq+f5b1b/M5rk2ufdVa5IkTZOK/RtFjuWoqrOkmtSiC6EWOlfD14qH8YVzvPZmPlGnc54Wa2Nz6+9DHzIo78BsBy1JzrbU1D7zxN7iEerx9cmiO0TyaECfbpTrsNu25wTDWmda/skVI25IjWVMom9znqNPQy3H/bWPXdus/UQK6TyrHIa3ObTI7qe1exAMj6p2VmV3NNj73h7X2exDeWhXv8I6cHGv067e37tff2zwLnq5brHs9Xlm9CO1cI8a1azZWXKc6VA4oIpbeeIFovN80lNifYAXXmqdjuwrQZu36XMiMKX1/tDqHzuZAdjO6zOhiRxw4gapGm8AY5reDu+L0Z3+RAxdRUI5kJCQnhGYqDmEf7YfC8hjLtRHuWqzwXHfV32J7u+welQn3KVjxNriJBPBRXKFUroduz/Q1v/37H/D21dvrx42bt+dXHhfvS63a6DqBgKlYhXTpPKzLl18fL6utVw9qLUTpx3g1qwg1qloqAyvO01ADxD7CG9fPGi+z0MBoPBzdX4M7npxn9/e9sdT4cvzNrtu2sx+Pj+JXslbl58P0n/NkvGv67i1Zy8ELef7z7+drOK77PJ+MPtJjRKTFCxzwj+isi2nf35bSDKzgdbyrpYTJSGlEhtX9EB4zBioRR398ASssBOYyHF2uz33H3ZBwLVg9+bBrT5yUgZkSWCyqRz2qJNBqbse5JQSImhjjeNYqcHbrjJtRSxl8aEozdXvOsJFTZS6e4j2FFr+6JOZjxMqH1HhzyXRrQ9G2TKuH0Wx0BWhMV23E+ZWoI5vp2H8qUCLWCm5dwcnCmjHhK1aXjwu11tQ2uX2FptaElrPPMpIQ/mlxHVsicuJqq727e+b45/f/8TkFij5ESzFYJ5CmqUYpVwajqIeGOpOYaoFJGbLWQ+PzVw5aG9UdNOmt1+G1reyOjkWVU9YfU7PqlNBD1DobH1yQhpKcxraUrCJVngV+Gn6U6ZM2pYKYUQw8TOY+c8WuFMiNgwvTdMKyZ1YJ5TFUlmxKx0j5FSYZJOkLcNsSA0cBqogq30psi9FEkWspiGm6BZo3EzsC8+gHGlkVArq3gx1TYuZ/iNUI+LtXOiHKqTQxlJedo0DmDypEuZ8aaC1pJo9DQo+wkxh3gjMk5dFJNEZFyDmEMsFi6+ISTcBOXKOKHglsyBOwPRremV//TebozIwweFfX/v29WP/qLVzt8ruSdh/18ik5zE1CbBTwfwRuRhgiZBM8HvMez71YXuGnF5FthmMJqF6E5JcU6yWAPPkhlKc1rFSaoioRXMpUjg0uteFLsxS5hum5i/tjFnCa6rBMASE6CEO9LL+lnGH0ZvhpPgl9vR7bTfNBKalbXrZukg3DwduJLFFsp69QEDlQGC29H7u8l0MDZQNfjy7tVZQabu2LaEO4fZ/cGCyx+JMFr8n8tmJ/8MoZVb371qtc6jou3bIWOrchJb72p9xYMtvz20imjrQLnYaqogSyv8OXu78qr3U4VMaaIzdZCKpW2QItPYNh1du3ChNqwYMXH/6rJzZXuFltlbtaGFOrpwet7ESHiWghJ2XLFQBlCbMkS0jXGbOi6KyuDHYuGTjDLtfnZisbCRWv3jGM970vh3AAAA///48/WYeyMAAA=="
          },
          "sensitive_attributes": []
        }
      ]
    },
    {
      "module": "module.kube-hetzner.module.control_planes[\"0-0-control-plane-fsn1\"]",
      "mode": "managed",
      "type": "hcloud_server",
      "name": "server",
      "provider": "provider[\"registry.terraform.io/hetznercloud/hcloud\"]",
      "instances": [
        {
          "schema_version": 0,
          "attributes": {
            "allow_deprecated_images": false,
            "backup_window": "",
            "backups": false,
            "datacenter": "fsn1-dc14",
            "delete_protection": false,
            "firewall_ids": [
              1779415
            ],
            "id": "57216884",
            "ignore_remote_firewall_ids": false,
            "image": "203372335",
            "ipv4_address": "49.13.128.189",
            "ipv6_address": "2a01:4f8:c012:9e40::1",
            "ipv6_network": "2a01:4f8:c012:9e40::/64",
            "iso": null,
            "keep_disk": false,
            "labels": {
              "cluster": "k3s",
              "engine": "k3s",
              "provisioner": "terraform",
              "role": "control_plane_node"
            },
            "location": "fsn1",
            "name": "k3s-control-plane-fsn1-osc",
            "network": [],
            "placement_group_id": 432233,
            "primary_disk_size": 40,
            "public_net": [],
            "rebuild_protection": false,
            "rescue": null,
            "server_type": "cx22",
            "shutdown_before_deletion": false,
            "ssh_keys": [
              "25270162"
            ],
            "status": "running",
            "timeouts": null,
            "user_data": "6KBSYSDFrtsL/wt9SO3JLo7tCic="
          },
          "sensitive_attributes": [],
          "private": "eyJlMmJmYjczMC1lY2FhLTExZTYtOGY4OC0zNDM2M2JjN2M0YzAiOnsiY3JlYXRlIjo1NDAwMDAwMDAwMDAwfX0=",
          "dependencies": [
            "module.kube-hetzner.data.hcloud_image.microos_arm_snapshot",
            "module.kube-hetzner.data.hcloud_image.microos_x86_snapshot",
            "module.kube-hetzner.data.hcloud_network.k3s",
            "module.kube-hetzner.data.hcloud_ssh_keys.keys_by_selector",
            "module.kube-hetzner.hcloud_firewall.k3s",
            "module.kube-hetzner.hcloud_network.k3s",
            "module.kube-hetzner.hcloud_network_subnet.control_plane",
            "module.kube-hetzner.hcloud_placement_group.control_plane",
            "module.kube-hetzner.hcloud_placement_group.control_plane_named",
            "module.kube-hetzner.hcloud_ssh_key.k3s",
            "module.kube-hetzner.module.control_planes.data.cloudinit_config.config",
            "module.kube-hetzner.module.control_planes.random_string.identity_file",
            "module.kube-hetzner.module.control_planes.random_string.server"
          ]
        }
      ]
    },
    {
      "module": "module.kube-hetzner.module.control_planes[\"0-0-control-plane-fsn1\"]",
      "mode": "managed",
      "type": "hcloud_server_network",
      "name": "server",
      "provider": "provider[\"registry.terraform.io/hetznercloud/hcloud\"]",
      "instances": [
        {
          "schema_version": 0,
          "attributes": {
            "alias_ips": [],
            "id": "57216884-10427186",
            "ip": "10.255.0.101",
            "mac_address": "86:00:00:e6:90:e8",
            "network_id": null,
            "server_id": 57216884,
            "subnet_id": "10427186-10.255.0.0/16"
          },
          "sensitive_attributes": [],
          "private": "bnVsbA==",
          "dependencies": [
            "module.kube-hetzner.data.hcloud_image.microos_arm_snapshot",
            "module.kube-hetzner.data.hcloud_image.microos_x86_snapshot",
            "module.kube-hetzner.data.hcloud_network.k3s",
            "module.kube-hetzner.data.hcloud_ssh_keys.keys_by_selector",
            "module.kube-hetzner.hcloud_firewall.k3s",
            "module.kube-hetzner.hcloud_network.k3s",
            "module.kube-hetzner.hcloud_network_subnet.control_plane",
            "module.kube-hetzner.hcloud_placement_group.control_plane",
            "module.kube-hetzner.hcloud_placement_group.control_plane_named",
            "module.kube-hetzner.hcloud_ssh_key.k3s",
            "module.kube-hetzner.module.control_planes.data.cloudinit_config.config",
            "module.kube-hetzner.module.control_planes.hcloud_server.server",
            "module.kube-hetzner.module.control_planes.random_string.identity_file",
            "module.kube-hetzner.module.control_planes.random_string.server"
          ]
        }
      ]
    },
    {
      "module": "module.kube-hetzner.module.control_planes[\"0-0-control-plane-fsn1\"]",
      "mode": "managed",
      "type": "null_resource",
      "name": "registries",
      "provider": "provider[\"registry.terraform.io/hashicorp/null\"]",
      "instances": [
        {
          "schema_version": 0,
          "attributes": {
            "id": "957904701787003172",
            "triggers": {
              "registries": " "
            }
          },
          "sensitive_attributes": [],
          "dependencies": [
            "module.kube-hetzner.data.hcloud_image.microos_arm_snapshot",
            "module.kube-hetzner.data.hcloud_image.microos_x86_snapshot",
            "module.kube-hetzner.data.hcloud_network.k3s",
            "module.kube-hetzner.data.hcloud_ssh_keys.keys_by_selector",
            "module.kube-hetzner.hcloud_firewall.k3s",
            "module.kube-hetzner.hcloud_network.k3s",
            "module.kube-hetzner.hcloud_network_subnet.control_plane",
            "module.kube-hetzner.hcloud_placement_group.control_plane",
            "module.kube-hetzner.hcloud_placement_group.control_plane_named",
            "module.kube-hetzner.hcloud_ssh_key.k3s",
            "module.kube-hetzner.module.control_planes.data.cloudinit_config.config",
            "module.kube-hetzner.module.control_planes.hcloud_server.server",
            "module.kube-hetzner.module.control_planes.random_string.identity_file",
            "module.kube-hetzner.module.control_planes.random_string.server"
          ]
        }
      ]
    },
    {
      "module": "module.kube-hetzner.module.control_planes[\"0-0-control-plane-fsn1\"]",
      "mode": "managed",
      "type": "null_resource",
      "name": "zram",
      "provider": "provider[\"registry.terraform.io/hashicorp/null\"]",
      "instances": [
        {
          "schema_version": 0,
          "attributes": {
            "id": "6553659700897625986",
            "triggers": {
              "zram_size": ""
            }
          },
          "sensitive_attributes": [],
          "dependencies": [
            "module.kube-hetzner.data.hcloud_image.microos_arm_snapshot",
            "module.kube-hetzner.data.hcloud_image.microos_x86_snapshot",
            "module.kube-hetzner.data.hcloud_network.k3s",
            "module.kube-hetzner.data.hcloud_ssh_keys.keys_by_selector",
            "module.kube-hetzner.hcloud_firewall.k3s",
            "module.kube-hetzner.hcloud_network.k3s",
            "module.kube-hetzner.hcloud_network_subnet.control_plane",
            "module.kube-hetzner.hcloud_placement_group.control_plane",
            "module.kube-hetzner.hcloud_placement_group.control_plane_named",
            "module.kube-hetzner.hcloud_ssh_key.k3s",
            "module.kube-hetzner.module.control_planes.data.cloudinit_config.config",
            "module.kube-hetzner.module.control_planes.hcloud_server.server",
            "module.kube-hetzner.module.control_planes.random_string.identity_file",
            "module.kube-hetzner.module.control_planes.random_string.server"
          ]
        }
      ]
    },
    {
      "module": "module.kube-hetzner.module.control_planes[\"0-0-control-plane-fsn1\"]",
      "mode": "managed",
      "type": "random_string",
      "name": "identity_file",
      "provider": "provider[\"registry.terraform.io/hashicorp/random\"]",
      "instances": [
        {
          "schema_version": 2,
          "attributes": {
            "id": "yzuebqfqs7hz4nqu6wm0",
            "keepers": null,
            "length": 20,
            "lower": true,
            "min_lower": 0,
            "min_numeric": 0,
            "min_special": 0,
            "min_upper": 0,
            "number": true,
            "numeric": true,
            "override_special": null,
            "result": "yzuebqfqs7hz4nqu6wm0",
            "special": false,
            "upper": false
          },
          "sensitive_attributes": [],
          "dependencies": [
            "module.kube-hetzner.data.hcloud_network.k3s",
            "module.kube-hetzner.hcloud_network.k3s",
            "module.kube-hetzner.hcloud_network_subnet.control_plane",
            "module.kube-hetzner.hcloud_placement_group.control_plane"
          ]
        }
      ]
    },
    {
      "module": "module.kube-hetzner.module.control_planes[\"0-0-control-plane-fsn1\"]",
      "mode": "managed",
      "type": "random_string",
      "name": "server",
      "provider": "provider[\"registry.terraform.io/hashicorp/random\"]",
      "instances": [
        {
          "schema_version": 2,
          "attributes": {
            "id": "osc",
            "keepers": {
              "name": "k3s-control-plane-fsn1"
            },
            "length": 3,
            "lower": true,
            "min_lower": 0,
            "min_numeric": 0,
            "min_special": 0,
            "min_upper": 0,
            "number": false,
            "numeric": false,
            "override_special": null,
            "result": "osc",
            "special": false,
            "upper": false
          },
          "sensitive_attributes": [],
          "dependencies": [
            "module.kube-hetzner.data.hcloud_network.k3s",
            "module.kube-hetzner.hcloud_network.k3s",
            "module.kube-hetzner.hcloud_network_subnet.control_plane",
            "module.kube-hetzner.hcloud_placement_group.control_plane"
          ]
        }
      ]
    },
    {
      "module": "module.kube-hetzner.module.control_planes[\"1-0-control-plane-nbg1\"]",
      "mode": "data",
      "type": "cloudinit_config",
      "name": "config",
      "provider": "provider[\"registry.terraform.io/hashicorp/cloudinit\"]",
      "instances": [
        {
          "schema_version": 0,
          "attributes": {
            "base64_encode": true,
            "boundary": "MIMEBOUNDARY",
            "gzip": true,
            "id": "1826245744",
            "part": [
              {
                "content": "#cloud-config\n\ndebug: True\n\nwrite_files:\n\n# Script to rename the private interface to eth1 and unify NetworkManager connection naming\n- path: /etc/cloud/rename_interface.sh\n  content: |\n    #!/bin/bash\n    set -euo pipefail\n\n    sleep 11\n\n    INTERFACE=$(ip link show | awk '/^3:/{print $2}' | sed 's/://g')\n    MAC=$(cat /sys/class/net/$INTERFACE/address)\n\n    cat \u003c\u003cEOF \u003e /etc/udev/rules.d/70-persistent-net.rules\n    SUBSYSTEM==\"net\", ACTION==\"add\", DRIVERS==\"?*\", ATTR{address}==\"$MAC\", NAME=\"eth1\"\n    EOF\n\n    ip link set $INTERFACE down\n    ip link set $INTERFACE name eth1\n    ip link set eth1 up\n\n    eth0_connection=$(nmcli -g GENERAL.CONNECTION device show eth0)\n    nmcli connection modify \"$eth0_connection\" \\\n      con-name eth0 \\\n      connection.interface-name eth0\n\n    eth1_connection=$(nmcli -g GENERAL.CONNECTION device show eth1)\n    nmcli connection modify \"$eth1_connection\" \\\n      con-name eth1 \\\n      connection.interface-name eth1\n\n    systemctl restart NetworkManager\n  permissions: \"0744\"\n\n# Disable ssh password authentication\n- content: |\n    Port 22\n    PasswordAuthentication no\n    X11Forwarding no\n    MaxAuthTries 2\n    AllowTcpForwarding no\n    AllowAgentForwarding no\n    AuthorizedKeysFile .ssh/authorized_keys\n  path: /etc/ssh/sshd_config.d/kube-hetzner.conf\n\n# Set reboot method as \"kured\"\n- content: |\n    REBOOT_METHOD=kured\n  path: /etc/transactional-update.conf\n\n# Create Rancher repo config\n- content: |\n    [rancher-k3s-common-stable]\n    name=Rancher K3s Common (stable)\n    baseurl=https://rpm.rancher.io/k3s/stable/common/microos/noarch\n    enabled=1\n    gpgcheck=1\n    repo_gpgcheck=0\n    gpgkey=https://rpm.rancher.io/public.key\n  path: /etc/zypp/repos.d/rancher-k3s-common.repo\n\n# Create the kube_hetzner_selinux.te file, that allows in SELinux to not interfere with various needed services\n- path: /root/kube_hetzner_selinux.te\n  content: |\n    module kube_hetzner_selinux 1.0;\n\n    require {\n        type kernel_t, bin_t, kernel_generic_helper_t, iscsid_t, iscsid_exec_t, var_run_t, var_lib_t,\n            init_t, unlabeled_t, systemd_logind_t, systemd_hostnamed_t, container_t,\n            cert_t, container_var_lib_t, etc_t, usr_t, container_file_t, container_log_t,\n            container_share_t, container_runtime_exec_t, container_runtime_t, var_log_t, proc_t, io_uring_t, fuse_device_t, http_port_t,\n            container_var_run_t;\n        class key { read view };\n        class file { open read execute execute_no_trans create link lock rename write append setattr unlink getattr watch };\n        class sock_file { watch write create unlink };\n        class unix_dgram_socket create;\n        class unix_stream_socket { connectto read write };\n        class dir { add_name create getattr link lock read rename remove_name reparent rmdir setattr unlink search write watch };\n        class lnk_file { read create };\n        class system module_request;\n        class filesystem associate;\n        class bpf map_create;\n        class io_uring sqpoll;\n        class anon_inode { create map read write };\n        class tcp_socket name_connect;\n        class chr_file { open read write };\n    }\n\n    #============= kernel_generic_helper_t ==============\n    allow kernel_generic_helper_t bin_t:file execute_no_trans;\n    allow kernel_generic_helper_t kernel_t:key { read view };\n    allow kernel_generic_helper_t self:unix_dgram_socket create;\n\n    #============= iscsid_t ==============\n    allow iscsid_t iscsid_exec_t:file execute;\n    allow iscsid_t var_run_t:sock_file write;\n    allow iscsid_t var_run_t:unix_stream_socket connectto;\n\n    #============= init_t ==============\n    allow init_t unlabeled_t:dir { add_name remove_name rmdir search };\n    allow init_t unlabeled_t:lnk_file create;\n    allow init_t container_t:file { open read };\n    allow init_t container_file_t:file { execute execute_no_trans };\n    allow init_t fuse_device_t:chr_file { open read write };\n    allow init_t http_port_t:tcp_socket name_connect;\n\n    #============= systemd_logind_t ==============\n    allow systemd_logind_t unlabeled_t:dir search;\n\n    #============= systemd_hostnamed_t ==============\n    allow systemd_hostnamed_t unlabeled_t:dir search;\n\n    #============= container_t ==============\n    allow container_t { cert_t container_log_t }:dir read;\n    allow container_t { cert_t container_log_t }:lnk_file read;\n    allow container_t cert_t:file { read open };\n    allow container_t container_var_lib_t:file { create open read write rename lock setattr getattr unlink };\n    allow container_t etc_t:dir { add_name remove_name write create setattr watch };\n    allow container_t etc_t:file { create setattr unlink write };\n    allow container_t etc_t:sock_file { create unlink };\n    allow container_t usr_t:dir { add_name create getattr link lock read rename remove_name reparent rmdir setattr unlink search write };\n    allow container_t usr_t:file { append create execute getattr link lock read rename setattr unlink write };\n    allow container_t container_file_t:file { open read write append getattr setattr lock };\n    allow container_t container_file_t:sock_file watch;\n    allow container_t container_log_t:file { open read write append getattr setattr watch };\n    allow container_t container_share_t:dir { read write add_name remove_name };\n    allow container_t container_share_t:file { read write create unlink };\n    allow container_t container_runtime_exec_t:file { read execute execute_no_trans open };\n    allow container_t container_runtime_t:unix_stream_socket { connectto read write };\n    allow container_t kernel_t:system module_request;\n    allow container_t var_log_t:dir { add_name write remove_name watch read };\n    allow container_t var_log_t:file { create lock open read setattr write unlink getattr };\n    allow container_t var_lib_t:dir { add_name write read };\n    allow container_t var_lib_t:file { create lock open read setattr write getattr };\n    allow container_t proc_t:filesystem associate;\n    allow container_t self:bpf map_create;\n    allow container_t self:io_uring sqpoll;\n    allow container_t io_uring_t:anon_inode { create map read write };\n    allow container_t container_var_run_t:dir { add_name remove_name write };\n    allow container_t container_var_run_t:file { create open read rename unlink write };\n\n# Create the k3s registries file if needed\n\n# Create k3s registries file\n- content: IA==\n  encoding: base64\n  path: /etc/rancher/k3s/registries.yaml\n\n\n# Apply new DNS config\n\n# Set prepare for manual dns config\n- content: |\n    [main]\n    dns=none\n  path: /etc/NetworkManager/conf.d/dns.conf\n\n- content: |\n        nameserver 1.1.1.1\n        nameserver 8.8.8.8\n        nameserver 2606:4700:4700::1111\n    \n  path: /etc/resolv.conf\n  permissions: '0644'\n\n\n\n# Add ssh authorized keys\nssh_authorized_keys:\n  - ssh-ed25519 AAAAC3NzaC1lZDI1NTE5AAAAIF4oAYP6i7oC59RpJbmNVvlvfa5oIzOYXCvlSuRNUIyc\n\n# Resize /var, not /, as that's the last partition in MicroOS image.\ngrowpart:\n    devices: [\"/var\"]\n\n# Make sure the hostname is set correctly\nhostname: k3s-control-plane-nbg1-lzl\npreserve_hostname: true\n\nruncmd:\n\n# ensure that /var uses full available disk size, thanks to btrfs this is easy\n- [btrfs, 'filesystem', 'resize', 'max', '/var']\n\n# SELinux permission for the SSH alternative port\n\n\n# Create and apply the necessary SELinux module for kube-hetzner\n- [checkmodule, '-M', '-m', '-o', '/root/kube_hetzner_selinux.mod', '/root/kube_hetzner_selinux.te']\n- ['semodule_package', '-o', '/root/kube_hetzner_selinux.pp', '-m', '/root/kube_hetzner_selinux.mod']\n- [semodule, '-i', '/root/kube_hetzner_selinux.pp']\n- [setsebool, '-P', 'virt_use_samba', '1']\n- [setsebool, '-P', 'domain_kernel_load_modules', '1']\n\n# Disable rebootmgr service as we use kured instead\n- [systemctl, disable, '--now', 'rebootmgr.service']\n\n\n# Set the dns manually\n- [systemctl, 'reload', 'NetworkManager']\n\n\n# Bounds the amount of logs that can survive on the system\n- [sed, '-i', 's/#SystemMaxUse=/SystemMaxUse=3G/g', /etc/systemd/journald.conf]\n- [sed, '-i', 's/#MaxRetentionSec=/MaxRetentionSec=1week/g', /etc/systemd/journald.conf]\n\n# Reduces the default number of snapshots from 2-10 number limit, to 4 and from 4-10 number limit important, to 2\n- [sed, '-i', 's/NUMBER_LIMIT=\"2-10\"/NUMBER_LIMIT=\"4\"/g', /etc/snapper/configs/root]\n- [sed, '-i', 's/NUMBER_LIMIT_IMPORTANT=\"4-10\"/NUMBER_LIMIT_IMPORTANT=\"3\"/g', /etc/snapper/configs/root]\n\n# Allow network interface\n- [chmod, '+x', '/etc/cloud/rename_interface.sh']\n\n# Restart the sshd service to apply the new config\n- [systemctl, 'restart', 'sshd']\n\n# Make sure the network is up\n- [systemctl, restart, NetworkManager]\n- [systemctl, status, NetworkManager]\n- [ip, route, add, default, via, '172.31.1.1', dev, 'eth0']\n\n# Cleanup some logs\n- [truncate, '-s', '0', '/var/log/audit/audit.log']\n\n\n",
                "content_type": "text/cloud-config",
                "filename": "init.cfg",
                "merge_type": null
              }
            ],
            "rendered": "H4sIAAAAAAAA/7Ra/2/bOLL/3UD/h3luAXffs6w4Sdu37voOburu5nadFIm72N5eT6DFsc0zRWpJyo6b7f9+ICnZsuQv7QHXAolNznxmOJxvGuVKCoPCBON1ij1IMm5YSpQJE/aA9DVMZCYoUet+c3Q9Gr65/XDzdnD3sdmw34JfUWkmRQ+6nbMnjSeNICgTPWkU2G+ZTqVmxtESY0g8T1CY1zBlHAVJsN9kgplOPJ01t1xjRYSeogqGIpaUiVkPXk2YKRE4lQ0+mDDmMqNBLMWUzZ40RizBmnJPyzSNBsVJNuvBWGXYaKwUMxhZbXSv0XgK97FiqQEjQTn9wMwRUsWWxCAwYVBNSYx2H828C0RQyASbruEGzUqqxYgIMkMFsRQCY3tuECRhYtYIICVm3oMQTey1Dr2IaAPb0fMGWFZ7yB782QAAePo/4YSJcELcJoBGAwFmElKW4pQw3vDLHDGFbtd/u74ZD+/eDa6G/WfPWQqciQXouVzBn0BWC2iF/7zohY+pYsLAs/MvLfgTNFJo6bAXhrPWdw5kNLjqP3seEwOhXusw5kTrUKAJn23gQ0KpQq2/82It7Q8/DG/fwV/8OTOKy1BlHHWHhq/OgtRejXZ3KNB03I7jvP/w5v7j/Xg46vebAk2zDYOr8fXtTb/fJJQ22/D27vrX4d19v9/86//a3fH47jEX/qXfbz4bDa6abbgZjIb9pr2apoMd3r7zmm2MgAa26gOVK3Fs37mAhasRuevPUo+OZn4Wba+8/+y5SGLOIJjBj8Ob4d3gl87V7c3N0B0JKC5ZjP4+LKe3tuco+U0iqXWs5rMKehP+4RicpwSFhmfl1Zyys/GsLdlG4e5/rHD3KxTunlS4+3UK5w6t19pgEhsOCrUhylQCrgGQokqYtpGve9A8e3V52bQR/ZZpMuEIWs8hJVqvpKJAMjNHYVhMrNhGUA2691IZOD/3n3OmwQ4PCOl2f+t230m1IsrmqWJxRB4s9Vgx1OBRBpzL1ThO68RuZzBDYfbsZWYuFfuM9Gdc63eMI3S0nodksx4tcG1DqJRcLIHWcxr5jNeh4SKbYDBH81mg6thVl+rQgMKJlAYSNHNJgWhoLjKFtFm3yN3wze3tOBoNxz/dvu07ql2pxiZt4q6R8CBLKTG4kXWl0CbQOyLiOSpQmErI83FN0u/KUwWLCx3EMkmkCLSxd/jJ+50tGwXSzxcarhwNPPdE3jknRGOmeH9uTKp7YajSpJPjdpgMFxc69OShlxAmLFZS6lBIomKfaVFYAtr3wT9LZ/Ec40X+1R4h2qydFSQLXB+SmWYTzuLOAte7hvu8TtPQwtkcWT97x26VbGgLkr3PKL/PSCNnInvoGHRVtQ1mTgwQ61UamID74S9239YsIU1exFAhrJiZw5IoJjMNApEiBY3KxrrelislpQkPCKxXq0TSjO9X0Jbj143ceH9kTCE85hkAwKxThAUqgTwybZgwYX/lCzMUqFgczZGnqOwG07FmtPQJHzC2X5dERSoTxUfOJpFpb6S4JC6YsduZ4GSCHB2KTy804nLGxM7KXGpjPc4t2sMSJpwOO6AxKrNLsJUOaJxqmVa7JPa2dle4nNWQN5t6TlSFXmXCsAQ3p6/vFHZwwJAq6eiYjDLFhFubZhojn+HtV+u8USrdcQ4osrHx6w2B6w1ggWt4BIWEwpLhCr5UCeyJ4RFkisKTWcUzg8XvSMjI5RGIvbO7cstlvCjaMdevAUlTFNZZDTFG2au0dLP864qYeF4XrmW8iHINPIkHy0XlIDW2TLCHiM4USSKLgCZn2EunjcIt4WNR2lw7SWgusCaCMgWPQCiN3BlzhYrjlG1AaGEIhYlcYpR/TolCYUAlFqpiFo02o+WyD9iGi41pnJBchboNXVTkUR7ZMEZdcwPXTXtCorWM2R5rTdIpJCSN9tuy8E/Qf6SS8+o2EVJETEhq9c1VTUh61MYmTotrcU13fjNVsniuopqX7kB+8Snsab/871Cmgh2qvuN0mfkgg8t8PadCNShefwV7kUJ7B2LxOLdGPu0ddvh9By8y8eGTbih2UvXOEV/vI9+kmd42ct1NnKDeE4ibMDxwBlcSjpzA75cqRq8SsjvRmAehi7ods+/B2QReORB2qEs1p1fzzH3w1QJTcB3MtftAdqpC73RU7DCXakjvYNztu4hqGT58JTXK6uV4+x8XU6rtpyWVib9FWOn+DgspEz3m3US1L4AvTpa1/etvZ9042jF+z90rVwJ3318OMtT7nYI7z8tVf8nLl6tnRaGa7Rasg9JcI3Us9HYKut7XDhwC3VW6UkH3eHododxe7G0p6oyuI6ye579Z/U9okmufd1e5IkXaOK7Qt1nsUIqqOkuuSSG6EOKkfz14qXxYVzjN52LmG3U64WW1Nj6/9jLwPo/+BsBy1B7pbI9B7T5P7CAerB5fmyA2TyT7CvTxTrkOu2lzjjSkda7Nk1A15orUVMok7jrrNXY/3G7YO/fcus3GQ5yQyrPKcXCXTw/oelKzPcn4qGYnVfJPj73D7X2dxTWU+3r9A6R7G/867fb5tff1zwKnqpfvHk9Wl29CO1QL86xZzZaVKc+FBoUzpo2bIzosNs0nNSXaPXTlqdr1wLUauHmXMiEaX17uDqHyuZMbjG2xOmuS8IYVNUhTvgaBK3h7c1+M7vIhYuorEEylgoSIjHCg9hH+0HwvIUz4UR4Vui+kwF1ddie7ocXp0JAKnY8Ta4iQTwU1qiUq6Hbc/31b/99x//dtnb88e9m7fHV25n/0ut2uh6gYCrXkS69JZebcOnt5edlqeHtR6ibO20EtuEGt1vOoMrztNQACSxwgPX/xovs9DAaDwdXFzWdy1eV/f3vdvRkPX9i163eXcvDx/Uv2Sl69+P4u/dskufl1yZdT8kJef779+NvVkt9ndzcfrtexVeIONfuMEC6JarvZX9gGot18sKWdi3GiDaREGfeKDpiAEYuVvL0HlpAZdhozJVd2v+fvyz0Q6B783rSgzU9WyogsEHSmvNMWbTIw7d6TxFIpjA1fN4qdHvjhpjBK8iDlRGAgJrNuwD/zRqr8fURbauNe1KlMxAl17+hQ5NKIcWeDTFu3zzgHsiSMu3E/ZXoB9vhuHioWGoyEiVFTe3CmrXpI9LoRwO9utQ2tbWJrtaGlnPHsp4Q82F9WVMuduJiobm/f+b49/v39T0C4QSWIYUsE+xTUKMUqEdR2EHztqAXGqDVR6w1kPj+1cOWhvVXTTZr9fhtawcjqFDhVA+n0OzypTSQ9QWGw9ckKaWnMa2lK4gWZ4Vfhp+lWmRNqOCmFEMvETmPnPEbjREpumd5bpiVTJrLPqZokE2JXuodIqbRJJ8rbBi4JjbwGumArvSnyL0WSmSqm4TZoVmjdDNyLD2BCGyTUySpeTLWty1l+KzQQcuWdKIfq5FBWUp42rQPYPOlTJl9X0FoKrZ4WZTch5hBvZCaoj2KSyEwYkFPgcubjG2IibFAurRNK4cg8uDcQ3Zheh0/v3caIPHzQ2A93vl38GM5a7fy9kn8SDv8lMyUIpy4JftqDNyIPd2gTNJPiHuN+WF3orhAXJ4FdBqNZjP6UFKck4wZElkxQ2dNqQVI9l0bDVMkEzoPuWbHLWcJM28b8pYs5R3BZJQCW2AAlwpOe189y82H0ZngX/XI9uh73m1ZCs7J22SwdRNinA1+y2Ew7r95joDJAdD16f3s3HtxYqBp8effipCBbd1xbIrzDbP9gweePRFot/s9ns6N/htDKre9ftTrn0fPN2yFrq3ISW21rfcWDHb87tJ7T1p5ysdFUQ5ZW+HP2duVV76cKmTbEZHovFUvboGRmsG07unbhQm1YMmLj/tV558L1Ci27t2xDC838zOt5xZGILAUt3bhipi2gsWWIGBfjLnWcFZUh5HIWkowy4392uJy5SK3+cUwQPGn8OwAA//9c1rSdeyMAAA=="
          },
          "sensitive_attributes": []
        }
      ]
    },
    {
      "module": "module.kube-hetzner.module.control_planes[\"1-0-control-plane-nbg1\"]",
      "mode": "managed",
      "type": "hcloud_server",
      "name": "server",
      "provider": "provider[\"registry.terraform.io/hetznercloud/hcloud\"]",
      "instances": [
        {
          "schema_version": 0,
          "attributes": {
            "allow_deprecated_images": false,
            "backup_window": "",
            "backups": false,
            "datacenter": "nbg1-dc3",
            "delete_protection": false,
            "firewall_ids": [
              1779415
            ],
            "id": "57216879",
            "ignore_remote_firewall_ids": false,
            "image": "203372335",
            "ipv4_address": "159.69.151.1",
            "ipv6_address": "2a01:4f8:c2c:2d15::1",
            "ipv6_network": "2a01:4f8:c2c:2d15::/64",
            "iso": null,
            "keep_disk": false,
            "labels": {
              "cluster": "k3s",
              "engine": "k3s",
              "provisioner": "terraform",
              "role": "control_plane_node"
            },
            "location": "nbg1",
            "name": "k3s-control-plane-nbg1-lzl",
            "network": [],
            "placement_group_id": 432233,
            "primary_disk_size": 40,
            "public_net": [],
            "rebuild_protection": false,
            "rescue": null,
            "server_type": "cx22",
            "shutdown_before_deletion": false,
            "ssh_keys": [
              "25270162"
            ],
            "status": "running",
            "timeouts": null,
            "user_data": "SjephrOmEIYAum50QT6mearYEjE="
          },
          "sensitive_attributes": [],
          "private": "eyJlMmJmYjczMC1lY2FhLTExZTYtOGY4OC0zNDM2M2JjN2M0YzAiOnsiY3JlYXRlIjo1NDAwMDAwMDAwMDAwfX0=",
          "dependencies": [
            "module.kube-hetzner.data.hcloud_image.microos_arm_snapshot",
            "module.kube-hetzner.data.hcloud_image.microos_x86_snapshot",
            "module.kube-hetzner.data.hcloud_network.k3s",
            "module.kube-hetzner.data.hcloud_ssh_keys.keys_by_selector",
            "module.kube-hetzner.hcloud_firewall.k3s",
            "module.kube-hetzner.hcloud_network.k3s",
            "module.kube-hetzner.hcloud_network_subnet.control_plane",
            "module.kube-hetzner.hcloud_placement_group.control_plane",
            "module.kube-hetzner.hcloud_placement_group.control_plane_named",
            "module.kube-hetzner.hcloud_ssh_key.k3s",
            "module.kube-hetzner.module.control_planes.data.cloudinit_config.config",
            "module.kube-hetzner.module.control_planes.random_string.identity_file",
            "module.kube-hetzner.module.control_planes.random_string.server"
          ]
        }
      ]
    },
    {
      "module": "module.kube-hetzner.module.control_planes[\"1-0-control-plane-nbg1\"]",
      "mode": "managed",
      "type": "hcloud_server_network",
      "name": "server",
      "provider": "provider[\"registry.terraform.io/hetznercloud/hcloud\"]",
      "instances": [
        {
          "schema_version": 0,
          "attributes": {
            "alias_ips": [],
            "id": "57216879-10427186",
            "ip": "10.254.0.101",
            "mac_address": "86:00:00:e6:90:e6",
            "network_id": null,
            "server_id": 57216879,
            "subnet_id": "10427186-10.254.0.0/16"
          },
          "sensitive_attributes": [],
          "private": "bnVsbA==",
          "dependencies": [
            "module.kube-hetzner.data.hcloud_image.microos_arm_snapshot",
            "module.kube-hetzner.data.hcloud_image.microos_x86_snapshot",
            "module.kube-hetzner.data.hcloud_network.k3s",
            "module.kube-hetzner.data.hcloud_ssh_keys.keys_by_selector",
            "module.kube-hetzner.hcloud_firewall.k3s",
            "module.kube-hetzner.hcloud_network.k3s",
            "module.kube-hetzner.hcloud_network_subnet.control_plane",
            "module.kube-hetzner.hcloud_placement_group.control_plane",
            "module.kube-hetzner.hcloud_placement_group.control_plane_named",
            "module.kube-hetzner.hcloud_ssh_key.k3s",
            "module.kube-hetzner.module.control_planes.data.cloudinit_config.config",
            "module.kube-hetzner.module.control_planes.hcloud_server.server",
            "module.kube-hetzner.module.control_planes.random_string.identity_file",
            "module.kube-hetzner.module.control_planes.random_string.server"
          ]
        }
      ]
    },
    {
      "module": "module.kube-hetzner.module.control_planes[\"1-0-control-plane-nbg1\"]",
      "mode": "managed",
      "type": "null_resource",
      "name": "registries",
      "provider": "provider[\"registry.terraform.io/hashicorp/null\"]",
      "instances": [
        {
          "schema_version": 0,
          "attributes": {
            "id": "8987471726212738468",
            "triggers": {
              "registries": " "
            }
          },
          "sensitive_attributes": [],
          "dependencies": [
            "module.kube-hetzner.data.hcloud_image.microos_arm_snapshot",
            "module.kube-hetzner.data.hcloud_image.microos_x86_snapshot",
            "module.kube-hetzner.data.hcloud_network.k3s",
            "module.kube-hetzner.data.hcloud_ssh_keys.keys_by_selector",
            "module.kube-hetzner.hcloud_firewall.k3s",
            "module.kube-hetzner.hcloud_network.k3s",
            "module.kube-hetzner.hcloud_network_subnet.control_plane",
            "module.kube-hetzner.hcloud_placement_group.control_plane",
            "module.kube-hetzner.hcloud_placement_group.control_plane_named",
            "module.kube-hetzner.hcloud_ssh_key.k3s",
            "module.kube-hetzner.module.control_planes.data.cloudinit_config.config",
            "module.kube-hetzner.module.control_planes.hcloud_server.server",
            "module.kube-hetzner.module.control_planes.random_string.identity_file",
            "module.kube-hetzner.module.control_planes.random_string.server"
          ]
        }
      ]
    },
    {
      "module": "module.kube-hetzner.module.control_planes[\"1-0-control-plane-nbg1\"]",
      "mode": "managed",
      "type": "null_resource",
      "name": "zram",
      "provider": "provider[\"registry.terraform.io/hashicorp/null\"]",
      "instances": [
        {
          "schema_version": 0,
          "attributes": {
            "id": "6338597487144584112",
            "triggers": {
              "zram_size": ""
            }
          },
          "sensitive_attributes": [],
          "dependencies": [
            "module.kube-hetzner.data.hcloud_image.microos_arm_snapshot",
            "module.kube-hetzner.data.hcloud_image.microos_x86_snapshot",
            "module.kube-hetzner.data.hcloud_network.k3s",
            "module.kube-hetzner.data.hcloud_ssh_keys.keys_by_selector",
            "module.kube-hetzner.hcloud_firewall.k3s",
            "module.kube-hetzner.hcloud_network.k3s",
            "module.kube-hetzner.hcloud_network_subnet.control_plane",
            "module.kube-hetzner.hcloud_placement_group.control_plane",
            "module.kube-hetzner.hcloud_placement_group.control_plane_named",
            "module.kube-hetzner.hcloud_ssh_key.k3s",
            "module.kube-hetzner.module.control_planes.data.cloudinit_config.config",
            "module.kube-hetzner.module.control_planes.hcloud_server.server",
            "module.kube-hetzner.module.control_planes.random_string.identity_file",
            "module.kube-hetzner.module.control_planes.random_string.server"
          ]
        }
      ]
    },
    {
      "module": "module.kube-hetzner.module.control_planes[\"1-0-control-plane-nbg1\"]",
      "mode": "managed",
      "type": "random_string",
      "name": "identity_file",
      "provider": "provider[\"registry.terraform.io/hashicorp/random\"]",
      "instances": [
        {
          "schema_version": 2,
          "attributes": {
            "id": "asb16yyx35rb99bnidg7",
            "keepers": null,
            "length": 20,
            "lower": true,
            "min_lower": 0,
            "min_numeric": 0,
            "min_special": 0,
            "min_upper": 0,
            "number": true,
            "numeric": true,
            "override_special": null,
            "result": "asb16yyx35rb99bnidg7",
            "special": false,
            "upper": false
          },
          "sensitive_attributes": [],
          "dependencies": [
            "module.kube-hetzner.data.hcloud_network.k3s",
            "module.kube-hetzner.hcloud_network.k3s",
            "module.kube-hetzner.hcloud_network_subnet.control_plane",
            "module.kube-hetzner.hcloud_placement_group.control_plane"
          ]
        }
      ]
    },
    {
      "module": "module.kube-hetzner.module.control_planes[\"1-0-control-plane-nbg1\"]",
      "mode": "managed",
      "type": "random_string",
      "name": "server",
      "provider": "provider[\"registry.terraform.io/hashicorp/random\"]",
      "instances": [
        {
          "schema_version": 2,
          "attributes": {
            "id": "lzl",
            "keepers": {
              "name": "k3s-control-plane-nbg1"
            },
            "length": 3,
            "lower": true,
            "min_lower": 0,
            "min_numeric": 0,
            "min_special": 0,
            "min_upper": 0,
            "number": false,
            "numeric": false,
            "override_special": null,
            "result": "lzl",
            "special": false,
            "upper": false
          },
          "sensitive_attributes": [],
          "dependencies": [
            "module.kube-hetzner.data.hcloud_network.k3s",
            "module.kube-hetzner.hcloud_network.k3s",
            "module.kube-hetzner.hcloud_network_subnet.control_plane",
            "module.kube-hetzner.hcloud_placement_group.control_plane"
          ]
        }
      ]
    },
    {
      "module": "module.kube-hetzner.module.control_planes[\"2-0-control-plane-hel1\"]",
      "mode": "data",
      "type": "cloudinit_config",
      "name": "config",
      "provider": "provider[\"registry.terraform.io/hashicorp/cloudinit\"]",
      "instances": [
        {
          "schema_version": 0,
          "attributes": {
            "base64_encode": true,
            "boundary": "MIMEBOUNDARY",
            "gzip": true,
            "id": "1474853458",
            "part": [
              {
                "content": "#cloud-config\n\ndebug: True\n\nwrite_files:\n\n# Script to rename the private interface to eth1 and unify NetworkManager connection naming\n- path: /etc/cloud/rename_interface.sh\n  content: |\n    #!/bin/bash\n    set -euo pipefail\n\n    sleep 11\n\n    INTERFACE=$(ip link show | awk '/^3:/{print $2}' | sed 's/://g')\n    MAC=$(cat /sys/class/net/$INTERFACE/address)\n\n    cat \u003c\u003cEOF \u003e /etc/udev/rules.d/70-persistent-net.rules\n    SUBSYSTEM==\"net\", ACTION==\"add\", DRIVERS==\"?*\", ATTR{address}==\"$MAC\", NAME=\"eth1\"\n    EOF\n\n    ip link set $INTERFACE down\n    ip link set $INTERFACE name eth1\n    ip link set eth1 up\n\n    eth0_connection=$(nmcli -g GENERAL.CONNECTION device show eth0)\n    nmcli connection modify \"$eth0_connection\" \\\n      con-name eth0 \\\n      connection.interface-name eth0\n\n    eth1_connection=$(nmcli -g GENERAL.CONNECTION device show eth1)\n    nmcli connection modify \"$eth1_connection\" \\\n      con-name eth1 \\\n      connection.interface-name eth1\n\n    systemctl restart NetworkManager\n  permissions: \"0744\"\n\n# Disable ssh password authentication\n- content: |\n    Port 22\n    PasswordAuthentication no\n    X11Forwarding no\n    MaxAuthTries 2\n    AllowTcpForwarding no\n    AllowAgentForwarding no\n    AuthorizedKeysFile .ssh/authorized_keys\n  path: /etc/ssh/sshd_config.d/kube-hetzner.conf\n\n# Set reboot method as \"kured\"\n- content: |\n    REBOOT_METHOD=kured\n  path: /etc/transactional-update.conf\n\n# Create Rancher repo config\n- content: |\n    [rancher-k3s-common-stable]\n    name=Rancher K3s Common (stable)\n    baseurl=https://rpm.rancher.io/k3s/stable/common/microos/noarch\n    enabled=1\n    gpgcheck=1\n    repo_gpgcheck=0\n    gpgkey=https://rpm.rancher.io/public.key\n  path: /etc/zypp/repos.d/rancher-k3s-common.repo\n\n# Create the kube_hetzner_selinux.te file, that allows in SELinux to not interfere with various needed services\n- path: /root/kube_hetzner_selinux.te\n  content: |\n    module kube_hetzner_selinux 1.0;\n\n    require {\n        type kernel_t, bin_t, kernel_generic_helper_t, iscsid_t, iscsid_exec_t, var_run_t, var_lib_t,\n            init_t, unlabeled_t, systemd_logind_t, systemd_hostnamed_t, container_t,\n            cert_t, container_var_lib_t, etc_t, usr_t, container_file_t, container_log_t,\n            container_share_t, container_runtime_exec_t, container_runtime_t, var_log_t, proc_t, io_uring_t, fuse_device_t, http_port_t,\n            container_var_run_t;\n        class key { read view };\n        class file { open read execute execute_no_trans create link lock rename write append setattr unlink getattr watch };\n        class sock_file { watch write create unlink };\n        class unix_dgram_socket create;\n        class unix_stream_socket { connectto read write };\n        class dir { add_name create getattr link lock read rename remove_name reparent rmdir setattr unlink search write watch };\n        class lnk_file { read create };\n        class system module_request;\n        class filesystem associate;\n        class bpf map_create;\n        class io_uring sqpoll;\n        class anon_inode { create map read write };\n        class tcp_socket name_connect;\n        class chr_file { open read write };\n    }\n\n    #============= kernel_generic_helper_t ==============\n    allow kernel_generic_helper_t bin_t:file execute_no_trans;\n    allow kernel_generic_helper_t kernel_t:key { read view };\n    allow kernel_generic_helper_t self:unix_dgram_socket create;\n\n    #============= iscsid_t ==============\n    allow iscsid_t iscsid_exec_t:file execute;\n    allow iscsid_t var_run_t:sock_file write;\n    allow iscsid_t var_run_t:unix_stream_socket connectto;\n\n    #============= init_t ==============\n    allow init_t unlabeled_t:dir { add_name remove_name rmdir search };\n    allow init_t unlabeled_t:lnk_file create;\n    allow init_t container_t:file { open read };\n    allow init_t container_file_t:file { execute execute_no_trans };\n    allow init_t fuse_device_t:chr_file { open read write };\n    allow init_t http_port_t:tcp_socket name_connect;\n\n    #============= systemd_logind_t ==============\n    allow systemd_logind_t unlabeled_t:dir search;\n\n    #============= systemd_hostnamed_t ==============\n    allow systemd_hostnamed_t unlabeled_t:dir search;\n\n    #============= container_t ==============\n    allow container_t { cert_t container_log_t }:dir read;\n    allow container_t { cert_t container_log_t }:lnk_file read;\n    allow container_t cert_t:file { read open };\n    allow container_t container_var_lib_t:file { create open read write rename lock setattr getattr unlink };\n    allow container_t etc_t:dir { add_name remove_name write create setattr watch };\n    allow container_t etc_t:file { create setattr unlink write };\n    allow container_t etc_t:sock_file { create unlink };\n    allow container_t usr_t:dir { add_name create getattr link lock read rename remove_name reparent rmdir setattr unlink search write };\n    allow container_t usr_t:file { append create execute getattr link lock read rename setattr unlink write };\n    allow container_t container_file_t:file { open read write append getattr setattr lock };\n    allow container_t container_file_t:sock_file watch;\n    allow container_t container_log_t:file { open read write append getattr setattr watch };\n    allow container_t container_share_t:dir { read write add_name remove_name };\n    allow container_t container_share_t:file { read write create unlink };\n    allow container_t container_runtime_exec_t:file { read execute execute_no_trans open };\n    allow container_t container_runtime_t:unix_stream_socket { connectto read write };\n    allow container_t kernel_t:system module_request;\n    allow container_t var_log_t:dir { add_name write remove_name watch read };\n    allow container_t var_log_t:file { create lock open read setattr write unlink getattr };\n    allow container_t var_lib_t:dir { add_name write read };\n    allow container_t var_lib_t:file { create lock open read setattr write getattr };\n    allow container_t proc_t:filesystem associate;\n    allow container_t self:bpf map_create;\n    allow container_t self:io_uring sqpoll;\n    allow container_t io_uring_t:anon_inode { create map read write };\n    allow container_t container_var_run_t:dir { add_name remove_name write };\n    allow container_t container_var_run_t:file { create open read rename unlink write };\n\n# Create the k3s registries file if needed\n\n# Create k3s registries file\n- content: IA==\n  encoding: base64\n  path: /etc/rancher/k3s/registries.yaml\n\n\n# Apply new DNS config\n\n# Set prepare for manual dns config\n- content: |\n    [main]\n    dns=none\n  path: /etc/NetworkManager/conf.d/dns.conf\n\n- content: |\n        nameserver 1.1.1.1\n        nameserver 8.8.8.8\n        nameserver 2606:4700:4700::1111\n    \n  path: /etc/resolv.conf\n  permissions: '0644'\n\n\n\n# Add ssh authorized keys\nssh_authorized_keys:\n  - ssh-ed25519 AAAAC3NzaC1lZDI1NTE5AAAAIF4oAYP6i7oC59RpJbmNVvlvfa5oIzOYXCvlSuRNUIyc\n\n# Resize /var, not /, as that's the last partition in MicroOS image.\ngrowpart:\n    devices: [\"/var\"]\n\n# Make sure the hostname is set correctly\nhostname: k3s-control-plane-hel1-pyv\npreserve_hostname: true\n\nruncmd:\n\n# ensure that /var uses full available disk size, thanks to btrfs this is easy\n- [btrfs, 'filesystem', 'resize', 'max', '/var']\n\n# SELinux permission for the SSH alternative port\n\n\n# Create and apply the necessary SELinux module for kube-hetzner\n- [checkmodule, '-M', '-m', '-o', '/root/kube_hetzner_selinux.mod', '/root/kube_hetzner_selinux.te']\n- ['semodule_package', '-o', '/root/kube_hetzner_selinux.pp', '-m', '/root/kube_hetzner_selinux.mod']\n- [semodule, '-i', '/root/kube_hetzner_selinux.pp']\n- [setsebool, '-P', 'virt_use_samba', '1']\n- [setsebool, '-P', 'domain_kernel_load_modules', '1']\n\n# Disable rebootmgr service as we use kured instead\n- [systemctl, disable, '--now', 'rebootmgr.service']\n\n\n# Set the dns manually\n- [systemctl, 'reload', 'NetworkManager']\n\n\n# Bounds the amount of logs that can survive on the system\n- [sed, '-i', 's/#SystemMaxUse=/SystemMaxUse=3G/g', /etc/systemd/journald.conf]\n- [sed, '-i', 's/#MaxRetentionSec=/MaxRetentionSec=1week/g', /etc/systemd/journald.conf]\n\n# Reduces the default number of snapshots from 2-10 number limit, to 4 and from 4-10 number limit important, to 2\n- [sed, '-i', 's/NUMBER_LIMIT=\"2-10\"/NUMBER_LIMIT=\"4\"/g', /etc/snapper/configs/root]\n- [sed, '-i', 's/NUMBER_LIMIT_IMPORTANT=\"4-10\"/NUMBER_LIMIT_IMPORTANT=\"3\"/g', /etc/snapper/configs/root]\n\n# Allow network interface\n- [chmod, '+x', '/etc/cloud/rename_interface.sh']\n\n# Restart the sshd service to apply the new config\n- [systemctl, 'restart', 'sshd']\n\n# Make sure the network is up\n- [systemctl, restart, NetworkManager]\n- [systemctl, status, NetworkManager]\n- [ip, route, add, default, via, '172.31.1.1', dev, 'eth0']\n\n# Cleanup some logs\n- [truncate, '-s', '0', '/var/log/audit/audit.log']\n\n\n",
                "content_type": "text/cloud-config",
                "filename": "init.cfg",
                "merge_type": null
              }
            ],
            "rendered": "H4sIAAAAAAAA/7Ra/2/bOLL/3UD/h3luAXffs6w4Sdu37voOburu5nadFIm72N5eT6DFscUzRWpJyo6b7f9+ICnZsvytPeBaILHJmc8Mh/NNo1xJYVCYYLzKsAdpzg3LiDJhyh6QvoaJzAUlatVvjq5Hwze3H27eDu4+Nhv2W/ArKs2k6EG3c/ak8aQRBFWiJ40S+y3TmdTMOFpiDImTFIV5DVPGUZAU+00mmOnE01lzwzVWROgpqmAoYkmZmPXg1YSZCoFT2eCDCWMucxrEUkzZ7EljxFLcUe5plabRoDjJZz0YqxwbjaViBiOrje41Gk/hPlYsM2AkKKcfmAQhU2xBDAITBtWUxGj30SRdIIJCLth0BTdollLNR0SQGSqIpRAY23ODICkTs0YAGTFJD0I0sdc69CKiNWxHJw2wrPaQPfizAQDw9H/CCRPhhLhNAI0GAswlZCzDKWG84Zc5Ygbdrv92fTMe3r0bXA37z56zDDgTc9CJXMKfQJZzaIX/vOiFj5liwsCz8y8t+BM0UmjpsBeGs9Z3DmQ0uOo/ex4TA6Fe6TDmROtQoAmfreFDQqlCrb/zYi3tDz8Mb9/BX/w5c4qLUOUcdYeGr86CzF6Ndnco0HTcjuO8//Dm/uP9eDjq95sCTbMNg6vx9e1Nv98klDbb8Pbu+tfh3X2/3/zr/9rd8fjusRD+pd9vPhsNrpptuBmMhv2mvZqmgx3evvOarY2ABjbqA5VLcWzfuYCF2yFy159nHh1NchZtrrz/7LlIY84gmMGPw5vh3eCXztXtzc3QHQkoLliM/j4sp7e256j4TSqpdazmsxp6E/7hGJynBKWGZ9XVgrKz9qwN2Vrh7n+scPcrFO6eVLj7dQoXDq1X2mAaGw4KtSHK1AKuAZChSpm2ka970Dx7dXnZtBH9lmky4QhaJ5ARrZdSUSC5SVAYFhMrthHUg+69VAbOz/3ngmmwxQNCut3fut13Ui2JsnmqXByRB0s9Vgw1eJQB53I5jrNdYrczmKEwe/Zyk0jFPiP9GVf6HeMIHa2TkKzXozmubAhVkosl0Dqhkc94HRrO8wkGCZrPAlXHrrpUhwYUTqQ0kKJJJAWioTnPFdLmrkXuhm9ub8fRaDj+6fZt31FtSzU2aRN3jYQHeUaJwbWsK4U2gd4RESeoQGEmocjHO5J+V54qmF/oIJZpKkWgjb3DT97vbNkokX6+0HDlaOC5J/LOOSEac8X7iTGZ7oWhytJOgdthMpxf6NCTh15CmLJYSalDIYmKfaZFYQlo3wf/LJvFCcbz4qs9QrReOytJ5rg6JDPLJ5zFnTmutg33eZVloYWzOXL37B27VbGhLUj2PqPiPiONnIn8oWPQVdU2mIQYINarNDAB98Nf7L6tWUKaooihQlgyk8CCKCZzDQKRIgWNysa63pQrJaUJDwjcrVappDnfr6Atx68bhfH+yJlCeCwyAIBZZQhzVAJ5ZNowYcL+KhZmKFCxOEqQZ6jsBtOxZrTyCR8wtl8XREUqF+VHziaRaa+luCQumLHbueBkghwdik8vNOJyxsTWSiK1sR7nFu1hCRNOhy3QGJXZJthIBzROtVyrbRJ7W9srXM52kNebOiGqRq9yYViK69Pv7pR2cMCQKenomIxyxYRbm+YaI5/h7VfrvFEm3XEOKLK28es1gesNYI4reASFhMKC4RK+1AnsieERZIbCk1nFc4Pl70jIyOURiL2zu3LLZTwv2zHXrwHJMhTWWQ0xRtmrtHSz4uuSmDjZFa5lPI8KDTyJBytEFSA7bLlgDxGdKZJGFgFNwbCXThuFG8LHsrS5dpLQQuCOCMoUPAKhNHJnLBQqj1O1AaGlIRSmcoFR8TkjCoUBlVqomlk02oxWyD5gGy7WpnFCChV2beiioojyyIYx6h03cN20JyRay5jtsdYkm0JKsmi/LUv/BP1HJjmvbxMhRcSEpFbfQtWUZEdtbOKsvBbXdBc3UyeLExXteOkW5Befwp72q/8OZSrYouo7TpeZDzK4zNdzKtSD4vVXsJcptHcgFo9za+TT3mGH33fwMhMfPumaYitVbx3x9T7ydZrpbSLX3cQJ6j2BuA7DA2dwJeHICfx+pWL0aiG7FY1FELqo2zL7Hpx14FUDYYu6UnN6O565D75eYEqug7l2H8hWVeidjoot5koN6R2Mu30XUS/Dh69kh7J+Od7+x8VUavtpSVXibxFWub/DQqpEj0U3Ue8L4IuTZW3/+ttZ1452jN9z96qVwN33l4MMu/1OyV3k5bq/FOXL1bOyUM22C9ZBaa6ROhZ6WwVd72sHDoFuK12roHs8fReh2l7sbSl2GV1HWD/Pf7P6n9Ck0L7orgpFyrRxXKFvs9ihFFV3lkKTUnQpxEn/evBK+bCucJrPxcw36nTCy3ba+OLaq8D7PPobAKtRe6SzPQa1/TyxhXiwenxtglg/kewr0Mc75V3YdZtzpCHd5Vo/CdVjrkxNlUzirnO3xu6H2w57554bt1l7iBNSe1Y5Du7y6QFdT2q2Jxkf1eykSv7psXe4vd9lcQ3lvl7/AOnexn+XdvP82vv6Z4FT1ct3jyeryzehHaqFRdasZ8valOdCg8IZ08bNER0WmxaTmgrtHrrqVO164FoNXL9LmRCNLy+3h1DF3MkNxjZYnRVJecOKGmQZX4HAJby9uS9Hd8UQMfMVCKZSQUpETjhQ+wh/aL6XEib8KI8K3RdS4LYu25Pd0OJ0aEiFLsaJO4hQTAU1qgUq6Hbc/31b/99x//dtnb88e9m7fHV25n/0ut2uh6gZCrXkC69JbebcOnt5edlqeHtR6ibOm0EtuEGt1klUG972GgCBJQ6Qnr940f0eBoPB4Ori5jO56vK/v73u3oyHL+za9btLOfj4/iV7Ja9efH+X/W2S3vy64IspeSGvP99+/O1qwe/zu5sP16vYKnGHmn1GCBdEtd3sL2wD0W4+2NLOxTjRBjKijHtFB0zAiMVK3t4DS8kMO42Zkku73/P35R4IdA9+b1rQ5icrZUTmCDpX3mnLNhmYdu9JYqkUxoavGuVOD/xwUxgleZBxIjBIkHeDbLVoZMrfR7ShNu5FncpFnFL3jg5FIY0YdzbItXX7nHMgC8K4G/dTpudgj+/moWKuwUiYGDW1B2faqodErxoB/O5W29DaJLZWG1rKGc9+SsmD/WVFtdyJy4nq5vad79vj39//BIQbVIIYtkCwT0GNSqwSQW0HwVeOWmCMWhO1WkMW81MLVx3aWzXdpNnvt6EVjKxOgVM1kE6/w5PaVNITFAZbn6yQlsailmYknpMZfhV+lm2UOaGGk1IKsUzsNHbBYzROpOSW6b1lWjBlIvucqkk6IXale4iUSpt0oqJt4JLQyGugS7bKmyL/UiSdqXIaboNmidbNwL34ACa0QUKdrPLFVNu6nOW3QgMhl96JCqhOAWUlFWnTOoDNkz5l8lUNraXQ6mlRthNiAfFG5oL6KCapzIUBOQUuZz6+ISbCBuXCOqEUjsyDewPRtel1+PTebYzIwweN/XDr28WP4azVLt4r+Sfh8F8yV4Jw6pLgpz14I/JwhzZBMynuMe6H9YXuEnF+EthlMJrH6E9JcUpybkDk6QSVPa0WJNOJNBqmSqZwHnTPyl3OUmbaNuYvXcw5gss6AbDUBigRnvR89yw3H0ZvhnfRL9ej63G/aSU0a2uXzcpBhH068CWLzbTz6j0GqgJE16P3t3fjwY2F2oGv7l6cFGTrjmtLhHeYzR8s+PyRSqvF//lsdvTPEFqF9f2rVuc8Olm/HbK2qiax5abW1zzY8btD64S29pSLtaYa8qzGX7C3a696P9XItCEm13upWNYGJXODbdvRtUsXasOCERv3r847F65XaNm9RRtaaJIzr+cVRyLyDLR044qZtoDGliFiXIy71HFWVoaQy1lIcsqM/9nhcuYitf7HMUHwpPHvAAAA///BIdb8eyMAAA=="
          },
          "sensitive_attributes": []
        }
      ]
    },
    {
      "module": "module.kube-hetzner.module.control_planes[\"2-0-control-plane-hel1\"]",
      "mode": "managed",
      "type": "hcloud_server",
      "name": "server",
      "provider": "provider[\"registry.terraform.io/hetznercloud/hcloud\"]",
      "instances": [
        {
          "schema_version": 0,
          "attributes": {
            "allow_deprecated_images": false,
            "backup_window": "",
            "backups": false,
            "datacenter": "hel1-dc2",
            "delete_protection": false,
            "firewall_ids": [
              1779415
            ],
            "id": "57216882",
            "ignore_remote_firewall_ids": false,
            "image": "203372335",
            "ipv4_address": "37.27.46.115",
            "ipv6_address": "2a01:4f9:c012:2091::1",
            "ipv6_network": "2a01:4f9:c012:2091::/64",
            "iso": null,
            "keep_disk": false,
            "labels": {
              "cluster": "k3s",
              "engine": "k3s",
              "provisioner": "terraform",
              "role": "control_plane_node"
            },
            "location": "hel1",
            "name": "k3s-control-plane-hel1-pyv",
            "network": [],
            "placement_group_id": 432233,
            "primary_disk_size": 40,
            "public_net": [],
            "rebuild_protection": false,
            "rescue": null,
            "server_type": "cx22",
            "shutdown_before_deletion": false,
            "ssh_keys": [
              "25270162"
            ],
            "status": "running",
            "timeouts": null,
            "user_data": "O9KcBKRvxVTVt0czajNi5Ci79jk="
          },
          "sensitive_attributes": [],
          "private": "eyJlMmJmYjczMC1lY2FhLTExZTYtOGY4OC0zNDM2M2JjN2M0YzAiOnsiY3JlYXRlIjo1NDAwMDAwMDAwMDAwfX0=",
          "dependencies": [
            "module.kube-hetzner.data.hcloud_image.microos_arm_snapshot",
            "module.kube-hetzner.data.hcloud_image.microos_x86_snapshot",
            "module.kube-hetzner.data.hcloud_network.k3s",
            "module.kube-hetzner.data.hcloud_ssh_keys.keys_by_selector",
            "module.kube-hetzner.hcloud_firewall.k3s",
            "module.kube-hetzner.hcloud_network.k3s",
            "module.kube-hetzner.hcloud_network_subnet.control_plane",
            "module.kube-hetzner.hcloud_placement_group.control_plane",
            "module.kube-hetzner.hcloud_placement_group.control_plane_named",
            "module.kube-hetzner.hcloud_ssh_key.k3s",
            "module.kube-hetzner.module.control_planes.data.cloudinit_config.config",
            "module.kube-hetzner.module.control_planes.random_string.identity_file",
            "module.kube-hetzner.module.control_planes.random_string.server"
          ]
        }
      ]
    },
    {
      "module": "module.kube-hetzner.module.control_planes[\"2-0-control-plane-hel1\"]",
      "mode": "managed",
      "type": "hcloud_server_network",
      "name": "server",
      "provider": "provider[\"registry.terraform.io/hetznercloud/hcloud\"]",
      "instances": [
        {
          "schema_version": 0,
          "attributes": {
            "alias_ips": [],
            "id": "57216882-10427186",
            "ip": "10.253.0.101",
            "mac_address": "86:00:00:e6:90:e7",
            "network_id": null,
            "server_id": 57216882,
            "subnet_id": "10427186-10.253.0.0/16"
          },
          "sensitive_attributes": [],
          "private": "bnVsbA==",
          "dependencies": [
            "module.kube-hetzner.data.hcloud_image.microos_arm_snapshot",
            "module.kube-hetzner.data.hcloud_image.microos_x86_snapshot",
            "module.kube-hetzner.data.hcloud_network.k3s",
            "module.kube-hetzner.data.hcloud_ssh_keys.keys_by_selector",
            "module.kube-hetzner.hcloud_firewall.k3s",
            "module.kube-hetzner.hcloud_network.k3s",
            "module.kube-hetzner.hcloud_network_subnet.control_plane",
            "module.kube-hetzner.hcloud_placement_group.control_plane",
            "module.kube-hetzner.hcloud_placement_group.control_plane_named",
            "module.kube-hetzner.hcloud_ssh_key.k3s",
            "module.kube-hetzner.module.control_planes.data.cloudinit_config.config",
            "module.kube-hetzner.module.control_planes.hcloud_server.server",
            "module.kube-hetzner.module.control_planes.random_string.identity_file",
            "module.kube-hetzner.module.control_planes.random_string.server"
          ]
        }
      ]
    },
    {
      "module": "module.kube-hetzner.module.control_planes[\"2-0-control-plane-hel1\"]",
      "mode": "managed",
      "type": "null_resource",
      "name": "registries",
      "provider": "provider[\"registry.terraform.io/hashicorp/null\"]",
      "instances": [
        {
          "schema_version": 0,
          "attributes": {
            "id": "2693197145472530148",
            "triggers": {
              "registries": " "
            }
          },
          "sensitive_attributes": [],
          "dependencies": [
            "module.kube-hetzner.data.hcloud_image.microos_arm_snapshot",
            "module.kube-hetzner.data.hcloud_image.microos_x86_snapshot",
            "module.kube-hetzner.data.hcloud_network.k3s",
            "module.kube-hetzner.data.hcloud_ssh_keys.keys_by_selector",
            "module.kube-hetzner.hcloud_firewall.k3s",
            "module.kube-hetzner.hcloud_network.k3s",
            "module.kube-hetzner.hcloud_network_subnet.control_plane",
            "module.kube-hetzner.hcloud_placement_group.control_plane",
            "module.kube-hetzner.hcloud_placement_group.control_plane_named",
            "module.kube-hetzner.hcloud_ssh_key.k3s",
            "module.kube-hetzner.module.control_planes.data.cloudinit_config.config",
            "module.kube-hetzner.module.control_planes.hcloud_server.server",
            "module.kube-hetzner.module.control_planes.random_string.identity_file",
            "module.kube-hetzner.module.control_planes.random_string.server"
          ]
        }
      ]
    },
    {
      "module": "module.kube-hetzner.module.control_planes[\"2-0-control-plane-hel1\"]",
      "mode": "managed",
      "type": "null_resource",
      "name": "zram",
      "provider": "provider[\"registry.terraform.io/hashicorp/null\"]",
      "instances": [
        {
          "schema_version": 0,
          "attributes": {
            "id": "6647249289590327166",
            "triggers": {
              "zram_size": ""
            }
          },
          "sensitive_attributes": [],
          "dependencies": [
            "module.kube-hetzner.data.hcloud_image.microos_arm_snapshot",
            "module.kube-hetzner.data.hcloud_image.microos_x86_snapshot",
            "module.kube-hetzner.data.hcloud_network.k3s",
            "module.kube-hetzner.data.hcloud_ssh_keys.keys_by_selector",
            "module.kube-hetzner.hcloud_firewall.k3s",
            "module.kube-hetzner.hcloud_network.k3s",
            "module.kube-hetzner.hcloud_network_subnet.control_plane",
            "module.kube-hetzner.hcloud_placement_group.control_plane",
            "module.kube-hetzner.hcloud_placement_group.control_plane_named",
            "module.kube-hetzner.hcloud_ssh_key.k3s",
            "module.kube-hetzner.module.control_planes.data.cloudinit_config.config",
            "module.kube-hetzner.module.control_planes.hcloud_server.server",
            "module.kube-hetzner.module.control_planes.random_string.identity_file",
            "module.kube-hetzner.module.control_planes.random_string.server"
          ]
        }
      ]
    },
    {
      "module": "module.kube-hetzner.module.control_planes[\"2-0-control-plane-hel1\"]",
      "mode": "managed",
      "type": "random_string",
      "name": "identity_file",
      "provider": "provider[\"registry.terraform.io/hashicorp/random\"]",
      "instances": [
        {
          "schema_version": 2,
          "attributes": {
            "id": "8wizf2rmxyhhb3xnfyr6",
            "keepers": null,
            "length": 20,
            "lower": true,
            "min_lower": 0,
            "min_numeric": 0,
            "min_special": 0,
            "min_upper": 0,
            "number": true,
            "numeric": true,
            "override_special": null,
            "result": "8wizf2rmxyhhb3xnfyr6",
            "special": false,
            "upper": false
          },
          "sensitive_attributes": [],
          "dependencies": [
            "module.kube-hetzner.data.hcloud_network.k3s",
            "module.kube-hetzner.hcloud_network.k3s",
            "module.kube-hetzner.hcloud_network_subnet.control_plane",
            "module.kube-hetzner.hcloud_placement_group.control_plane"
          ]
        }
      ]
    },
    {
      "module": "module.kube-hetzner.module.control_planes[\"2-0-control-plane-hel1\"]",
      "mode": "managed",
      "type": "random_string",
      "name": "server",
      "provider": "provider[\"registry.terraform.io/hashicorp/random\"]",
      "instances": [
        {
          "schema_version": 2,
          "attributes": {
            "id": "pyv",
            "keepers": {
              "name": "k3s-control-plane-hel1"
            },
            "length": 3,
            "lower": true,
            "min_lower": 0,
            "min_numeric": 0,
            "min_special": 0,
            "min_upper": 0,
            "number": false,
            "numeric": false,
            "override_special": null,
            "result": "pyv",
            "special": false,
            "upper": false
          },
          "sensitive_attributes": [],
          "dependencies": [
            "module.kube-hetzner.data.hcloud_network.k3s",
            "module.kube-hetzner.hcloud_network.k3s",
            "module.kube-hetzner.hcloud_network_subnet.control_plane",
            "module.kube-hetzner.hcloud_placement_group.control_plane"
          ]
        }
      ]
    }
  ],
  "check_results": [
    {
      "object_kind": "var",
      "config_addr": "module.kube-hetzner.var.initial_k3s_channel",
      "status": "pass",
      "objects": [
        {
          "object_addr": "module.kube-hetzner.var.initial_k3s_channel",
          "status": "pass"
        }
      ]
    },
    {
      "object_kind": "var",
      "config_addr": "module.kube-hetzner.var.cluster_autoscaler_stderr_threshold",
      "status": "pass",
      "objects": [
        {
          "object_addr": "module.kube-hetzner.var.cluster_autoscaler_stderr_threshold",
          "status": "pass"
        }
      ]
    },
    {
      "object_kind": "var",
      "config_addr": "module.kube-hetzner.var.cni_plugin",
      "status": "pass",
      "objects": [
        {
          "object_addr": "module.kube-hetzner.var.cni_plugin",
          "status": "pass"
        }
      ]
    },
    {
      "object_kind": "var",
      "config_addr": "module.kube-hetzner.module.agents.var.swap_size",
      "status": "pass",
      "objects": [
        {
          "object_addr": "module.kube-hetzner.module.agents[\"0-0-agent-small-1\"].var.swap_size",
          "status": "pass"
        },
        {
          "object_addr": "module.kube-hetzner.module.agents[\"1-0-egress\"].var.swap_size",
          "status": "pass"
        }
      ]
    },
    {
      "object_kind": "var",
      "config_addr": "module.kube-hetzner.var.cilium_routing_mode",
      "status": "pass",
      "objects": [
        {
          "object_addr": "module.kube-hetzner.var.cilium_routing_mode",
          "status": "pass"
        }
      ]
    },
    {
      "object_kind": "var",
      "config_addr": "module.kube-hetzner.var.ingress_controller",
      "status": "pass",
      "objects": [
        {
          "object_addr": "module.kube-hetzner.var.ingress_controller",
          "status": "pass"
        }
      ]
    },
    {
      "object_kind": "var",
      "config_addr": "module.kube-hetzner.var.control_plane_nodepools",
      "status": "pass",
      "objects": [
        {
          "object_addr": "module.kube-hetzner.var.control_plane_nodepools",
          "status": "pass"
        }
      ]
    },
    {
      "object_kind": "var",
      "config_addr": "module.kube-hetzner.var.rancher_hostname",
      "status": "pass",
      "objects": [
        {
          "object_addr": "module.kube-hetzner.var.rancher_hostname",
          "status": "pass"
        }
      ]
    },
    {
      "object_kind": "var",
      "config_addr": "module.kube-hetzner.var.dns_servers",
      "status": "pass",
      "objects": [
        {
          "object_addr": "module.kube-hetzner.var.dns_servers",
          "status": "pass"
        }
      ]
    },
    {
      "object_kind": "var",
      "config_addr": "module.kube-hetzner.module.control_planes.var.swap_size",
      "status": "pass",
      "objects": [
        {
          "object_addr": "module.kube-hetzner.module.control_planes[\"1-0-control-plane-nbg1\"].var.swap_size",
          "status": "pass"
        },
        {
          "object_addr": "module.kube-hetzner.module.control_planes[\"2-0-control-plane-hel1\"].var.swap_size",
          "status": "pass"
        },
        {
          "object_addr": "module.kube-hetzner.module.control_planes[\"0-0-control-plane-fsn1\"].var.swap_size",
          "status": "pass"
        }
      ]
    },
    {
      "object_kind": "var",
      "config_addr": "module.kube-hetzner.var.longhorn_fstype",
      "status": "pass",
      "objects": [
        {
          "object_addr": "module.kube-hetzner.var.longhorn_fstype",
          "status": "pass"
        }
      ]
    },
    {
      "object_kind": "var",
      "config_addr": "module.kube-hetzner.var.rancher_bootstrap_password",
      "status": "pass",
      "objects": [
        {
          "object_addr": "module.kube-hetzner.var.rancher_bootstrap_password",
          "status": "pass"
        }
      ]
    },
    {
      "object_kind": "var",
      "config_addr": "module.kube-hetzner.var.base_domain",
      "status": "pass",
      "objects": [
        {
          "object_addr": "module.kube-hetzner.var.base_domain",
          "status": "pass"
        }
      ]
    },
    {
      "object_kind": "var",
      "config_addr": "module.kube-hetzner.var.cluster_autoscaler_log_level",
      "status": "pass",
      "objects": [
        {
          "object_addr": "module.kube-hetzner.var.cluster_autoscaler_log_level",
          "status": "pass"
        }
      ]
    },
    {
      "object_kind": "var",
      "config_addr": "module.kube-hetzner.var.ssh_port",
      "status": "pass",
      "objects": [
        {
          "object_addr": "module.kube-hetzner.var.ssh_port",
          "status": "pass"
        }
      ]
    },
    {
      "object_kind": "var",
      "config_addr": "module.kube-hetzner.var.ingress_replica_count",
      "status": "pass",
      "objects": [
        {
          "object_addr": "module.kube-hetzner.var.ingress_replica_count",
          "status": "pass"
        }
      ]
    },
    {
      "object_kind": "var",
      "config_addr": "module.kube-hetzner.module.control_planes.var.zram_size",
      "status": "pass",
      "objects": [
        {
          "object_addr": "module.kube-hetzner.module.control_planes[\"2-0-control-plane-hel1\"].var.zram_size",
          "status": "pass"
        },
        {
          "object_addr": "module.kube-hetzner.module.control_planes[\"0-0-control-plane-fsn1\"].var.zram_size",
          "status": "pass"
        },
        {
          "object_addr": "module.kube-hetzner.module.control_planes[\"1-0-control-plane-nbg1\"].var.zram_size",
          "status": "pass"
        }
      ]
    },
    {
      "object_kind": "var",
      "config_addr": "module.kube-hetzner.var.lb_hostname",
      "status": "pass",
      "objects": [
        {
          "object_addr": "module.kube-hetzner.var.lb_hostname",
          "status": "pass"
        }
      ]
    },
    {
      "object_kind": "var",
      "config_addr": "module.kube-hetzner.var.longhorn_replica_count",
      "status": "pass",
      "objects": [
        {
          "object_addr": "module.kube-hetzner.var.longhorn_replica_count",
          "status": "pass"
        }
      ]
    },
    {
      "object_kind": "var",
      "config_addr": "module.kube-hetzner.module.agents.var.zram_size",
      "status": "pass",
      "objects": [
        {
          "object_addr": "module.kube-hetzner.module.agents[\"1-0-egress\"].var.zram_size",
          "status": "pass"
        },
        {
          "object_addr": "module.kube-hetzner.module.agents[\"0-0-agent-small-1\"].var.zram_size",
          "status": "pass"
        }
      ]
    },
    {
      "object_kind": "var",
      "config_addr": "module.kube-hetzner.var.rancher_install_channel",
      "status": "pass",
      "objects": [
        {
          "object_addr": "module.kube-hetzner.var.rancher_install_channel",
          "status": "pass"
        }
      ]
    },
    {
      "object_kind": "var",
      "config_addr": "module.kube-hetzner.var.agent_nodepools",
      "status": "pass",
      "objects": [
        {
          "object_addr": "module.kube-hetzner.var.agent_nodepools",
          "status": "pass"
        }
      ]
    },
    {
      "object_kind": "var",
      "config_addr": "module.kube-hetzner.var.ingress_max_replica_count",
      "status": "pass",
      "objects": [
        {
          "object_addr": "module.kube-hetzner.var.ingress_max_replica_count",
          "status": "pass"
        }
      ]
    },
    {
      "object_kind": "var",
      "config_addr": "module.kube-hetzner.var.existing_network_id",
      "status": "pass",
      "objects": [
        {
          "object_addr": "module.kube-hetzner.var.existing_network_id",
          "status": "pass"
        }
      ]
    },
    {
      "object_kind": "var",
      "config_addr": "module.kube-hetzner.var.cluster_name",
      "status": "pass",
      "objects": [
        {
          "object_addr": "module.kube-hetzner.var.cluster_name",
          "status": "pass"
        }
      ]
    }
  ]
}
